{
  "version": 4,
  "terraform_version": "1.14.5",
  "serial": 2342,
  "lineage": "e26bcd0d-e74e-192e-2ba7-d9801608cf11",
  "outputs": {},
  "resources": [
    {
      "mode": "data",
      "type": "azurerm_client_config",
      "name": "current",
      "provider": "provider[\"registry.terraform.io/hashicorp/azurerm\"]",
      "instances": [
        {
          "schema_version": 0,
          "attributes": {
            "client_id": "04b07795-8ddb-461a-bbee-02f9e1bf7b46",
            "id": "Y2xpZW50Q29uZmlncy9jbGllbnRJZD0wNGIwNzc5NS04ZGRiLTQ2MWEtYmJlZS0wMmY5ZTFiZjdiNDY7b2JqZWN0SWQ9M2FjZWYxMGUtZWYxNC00ZmRmLWJmZWItOTgwZTFkZTA1NTZjO3N1YnNjcmlwdGlvbklkPThlYWU5NGNjLTJlZWEtNGVjMy1hOThlLTZmZGFlNDM5YzE2Mjt0ZW5hbnRJZD1lMjI0MzI5MC05MTU0LTRmNzQtYjFkNi01ZWQzMTEwMDdjZjY=",
            "object_id": "3acef10e-ef14-4fdf-bfeb-980e1de0556c",
            "subscription_id": "8eae94cc-2eea-4ec3-a98e-6fdae439c162",
            "tenant_id": "e2243290-9154-4f74-b1d6-5ed311007cf6",
            "timeouts": null
          },
          "sensitive_attributes": [],
          "identity_schema_version": 0
        }
      ]
    },
    {
      "mode": "managed",
      "type": "azurerm_resource_group",
      "name": "name",
      "provider": "provider[\"registry.terraform.io/hashicorp/azurerm\"]",
      "instances": [
        {
          "schema_version": 0,
          "attributes": {
            "id": "/subscriptions/8eae94cc-2eea-4ec3-a98e-6fdae439c162/resourceGroups/prod-rg",
            "location": "centralus",
            "managed_by": "",
            "name": "prod-rg",
            "tags": {},
            "timeouts": null
          },
          "sensitive_attributes": [],
          "identity_schema_version": 0,
          "identity": {
            "name": "prod-rg",
            "subscription_id": "8eae94cc-2eea-4ec3-a98e-6fdae439c162"
          },
          "private": "eyJlMmJmYjczMC1lY2FhLTExZTYtOGY4OC0zNDM2M2JjN2M0YzAiOnsiY3JlYXRlIjo1NDAwMDAwMDAwMDAwLCJkZWxldGUiOjU0MDAwMDAwMDAwMDAsInJlYWQiOjMwMDAwMDAwMDAwMCwidXBkYXRlIjo1NDAwMDAwMDAwMDAwfX0="
        }
      ]
    },
    {
      "module": "module.backend[0]",
      "mode": "managed",
      "type": "azurerm_monitor_autoscale_setting",
      "name": "vmss_autoscale",
      "provider": "provider[\"registry.terraform.io/hashicorp/azurerm\"]",
      "instances": [
        {
          "schema_version": 2,
          "attributes": {
            "enabled": false,
            "id": "/subscriptions/8eae94cc-2eea-4ec3-a98e-6fdae439c162/resourceGroups/prod-rg/providers/Microsoft.Insights/autoScaleSettings/prod-backend-autoscale",
            "location": "centralus",
            "name": "prod-backend-autoscale",
            "notification": [],
            "predictive": [],
            "profile": [
              {
                "capacity": [
                  {
                    "default": 1,
                    "maximum": 10,
                    "minimum": 1
                  }
                ],
                "fixed_date": [],
                "name": "AutoScale",
                "recurrence": [],
                "rule": [
                  {
                    "metric_trigger": [
                      {
                        "dimensions": [],
                        "divide_by_instance_count": false,
                        "metric_name": "Percentage CPU",
                        "metric_namespace": "",
                        "metric_resource_id": "/subscriptions/8eae94cc-2eea-4ec3-a98e-6fdae439c162/resourceGroups/prod-rg/providers/Microsoft.Compute/virtualMachineScaleSets/prod-backend-vmss",
                        "operator": "GreaterThan",
                        "statistic": "Average",
                        "threshold": 75,
                        "time_aggregation": "Average",
                        "time_grain": "PT1M",
                        "time_window": "PT1M"
                      }
                    ],
                    "scale_action": [
                      {
                        "cooldown": "PT1M",
                        "direction": "Increase",
                        "type": "ChangeCount",
                        "value": 1
                      }
                    ]
                  },
                  {
                    "metric_trigger": [
                      {
                        "dimensions": [],
                        "divide_by_instance_count": false,
                        "metric_name": "Percentage CPU",
                        "metric_namespace": "",
                        "metric_resource_id": "/subscriptions/8eae94cc-2eea-4ec3-a98e-6fdae439c162/resourceGroups/prod-rg/providers/Microsoft.Compute/virtualMachineScaleSets/prod-backend-vmss",
                        "operator": "LessThan",
                        "statistic": "Average",
                        "threshold": 25,
                        "time_aggregation": "Average",
                        "time_grain": "PT1M",
                        "time_window": "PT1M"
                      }
                    ],
                    "scale_action": [
                      {
                        "cooldown": "PT1M",
                        "direction": "Decrease",
                        "type": "ChangeCount",
                        "value": 1
                      }
                    ]
                  }
                ]
              }
            ],
            "resource_group_name": "prod-rg",
            "tags": {},
            "target_resource_id": "/subscriptions/8eae94cc-2eea-4ec3-a98e-6fdae439c162/resourceGroups/prod-rg/providers/Microsoft.Compute/virtualMachineScaleSets/prod-backend-vmss",
            "timeouts": null
          },
          "sensitive_attributes": [],
          "identity_schema_version": 0,
          "private": "eyJlMmJmYjczMC1lY2FhLTExZTYtOGY4OC0zNDM2M2JjN2M0YzAiOnsiY3JlYXRlIjoxODAwMDAwMDAwMDAwLCJkZWxldGUiOjE4MDAwMDAwMDAwMDAsInJlYWQiOjMwMDAwMDAwMDAwMCwidXBkYXRlIjoxODAwMDAwMDAwMDAwfSwic2NoZW1hX3ZlcnNpb24iOiIyIn0=",
          "dependencies": [
            "azurerm_resource_group.name",
            "data.azurerm_client_config.current",
            "module.backend.azurerm_application_gateway.frontend",
            "module.backend.azurerm_lb.backend",
            "module.backend.azurerm_lb_backend_address_pool.backend",
            "module.backend.azurerm_lb_probe.backend",
            "module.backend.azurerm_linux_virtual_machine_scale_set.vmss",
            "module.backend.azurerm_public_ip.lb",
            "module.backend.azurerm_user_assigned_identity.vmss_identity",
            "module.backend.tls_private_key.ssh",
            "module.database.azurerm_postgresql_flexible_server.primary",
            "module.database.azurerm_postgresql_flexible_server.replica",
            "module.database.azurerm_postgresql_flexible_server_configuration.primary_log_checkpoints",
            "module.database.azurerm_postgresql_flexible_server_configuration.primary_log_connections",
            "module.database.azurerm_postgresql_flexible_server_configuration.primary_ssl",
            "module.database.azurerm_postgresql_flexible_server_database.db",
            "module.database.random_password.postgres_password",
            "module.dns.azurerm_private_dns_zone.postgres",
            "module.dns.azurerm_private_dns_zone_virtual_network_link.postgres",
            "module.keyvault.azurerm_key_vault.kv",
            "module.keyvault.azurerm_role_assignment.backend_secret_user",
            "module.keyvault.azurerm_role_assignment.frontend_secret_user",
            "module.keyvault.azurerm_role_assignment.kv_admin",
            "module.network.azurerm_subnet.database",
            "module.network.azurerm_subnet.private",
            "module.network.azurerm_virtual_network.name"
          ]
        }
      ]
    },
    {
      "module": "module.backend[0]",
      "mode": "managed",
      "type": "tls_private_key",
      "name": "ssh",
      "provider": "provider[\"registry.terraform.io/hashicorp/tls\"]",
      "instances": [
        {
          "schema_version": 1,
          "attributes": {
            "algorithm": "RSA",
            "ecdsa_curve": "P224",
            "id": "7571f3acf9fd2fffffe5e6637cbae9c7af7ddafd",
            "private_key_openssh": "-----BEGIN OPENSSH PRIVATE KEY-----\nb3BlbnNzaC1rZXktdjEAAAAABG5vbmUAAAAEbm9uZQAAAAAAAAABAAACFwAAAAdz\nc2gtcnNhAAAAAwEAAQAAAgEA2w+5HQJA3kETYCnEvUSV3WFcVpKT5TfnBLmpcAm0\nphDCZnIfhAk4N9srfqHT//7U5WAHM31Ugbj9U61BJD/PP9vlT34jLNmSwRbtbTp1\nldJ0G0ep3yiV0e5ieyaFCVtD+uXucgMkDTeytCtzmJJH1Kq0vesonvVmrBVYnunr\nQ7dPQ/10zTontYK38QP7GyzAmPBhSIxiT9fnMu+ifx+uFQl3WsNbj6dlM+xSKJHE\nGSccgvMMtiFT83mW9OqsTYG4NJf0QgOiesRBvhjw+NfwwsAn1277zUvvNq4/zOVC\nYcfeQtJnQpjhguynw3gKimIxJ8Jm51pXlDXER0LuumjbvBeZKLI+huRSajRy+7ms\n9OTcRyrXXSqnM+CJAoJ+UKy0f6DS77TGZ7O7ZIS579f0ZmopfYto7/eITmeHZ+CC\nX5fCAotqe0OJHmbvigQcmUw2newEtbtoaXFrmXKgyy3hi67jXjcZ20TvMpCauBuD\n/ail/8x3CitvTEg+QE2Sc2bzLkTdisW9CHYkZXBO8VhOZFNw2SYnC9cK87K41T+e\nTgTwOkVQyIO6o2KRJPLskxC9ozuH5VQHDFow4liNWRRfOTy6KfXF0gaeOgNgAiWX\n2EJhukFu7AXL2Rllo0hvscXe0NN08xB6NDr/XS1e/Fbg8zQB5HyDepKtEtF/J4zw\nb+MAAAc4313EK99dxCsAAAAHc3NoLXJzYQAAAgEA2w+5HQJA3kETYCnEvUSV3WFc\nVpKT5TfnBLmpcAm0phDCZnIfhAk4N9srfqHT//7U5WAHM31Ugbj9U61BJD/PP9vl\nT34jLNmSwRbtbTp1ldJ0G0ep3yiV0e5ieyaFCVtD+uXucgMkDTeytCtzmJJH1Kq0\nvesonvVmrBVYnunrQ7dPQ/10zTontYK38QP7GyzAmPBhSIxiT9fnMu+ifx+uFQl3\nWsNbj6dlM+xSKJHEGSccgvMMtiFT83mW9OqsTYG4NJf0QgOiesRBvhjw+NfwwsAn\n1277zUvvNq4/zOVCYcfeQtJnQpjhguynw3gKimIxJ8Jm51pXlDXER0LuumjbvBeZ\nKLI+huRSajRy+7ms9OTcRyrXXSqnM+CJAoJ+UKy0f6DS77TGZ7O7ZIS579f0Zmop\nfYto7/eITmeHZ+CCX5fCAotqe0OJHmbvigQcmUw2newEtbtoaXFrmXKgyy3hi67j\nXjcZ20TvMpCauBuD/ail/8x3CitvTEg+QE2Sc2bzLkTdisW9CHYkZXBO8VhOZFNw\n2SYnC9cK87K41T+eTgTwOkVQyIO6o2KRJPLskxC9ozuH5VQHDFow4liNWRRfOTy6\nKfXF0gaeOgNgAiWX2EJhukFu7AXL2Rllo0hvscXe0NN08xB6NDr/XS1e/Fbg8zQB\n5HyDepKtEtF/J4zwb+MAAAADAQABAAACACF2XmWTAYuxzx7iYn4y6t2dULicvWDH\nUE/FeJ93rBOt/bQefLfznJXTseovGC5DpAvBxnfUDkOemXvdvFSoNqVflsC02PSx\n65v5P51uz6VqN3gvU0CWd4RQ8NQ1Bx9txI2f7/OUjT5DotWoyYil17khtmhIcrUN\ncXiZ7iagPuLiLoaJQf1Tg9tTM3vqisIU7PqvxXyKjT37EgMS3fSjRzlJb+T6cJMa\nE/iBge9WjOj2s4FBVVDA+Iz5ptiUvGs+hH/sMlCfM4OjVROPxceNXOay6aMb/fTX\nQ5xLs809vA0ptcbpUwK2TcRtGBdgz+NhqnaTWJrAjx5BtFDaZZMuD1p8s/93ZX4M\nUucDDyfnFvbc/odQdMP+OwLlO4L/tlgeLX+QXhWma0W+U5n0ejVTcqOSyP1rAnm8\n/tNGe/OBkbkLE0OZ2Yck+DclEvmVp2NiSni/6oSZpE9uxDUhmAmzNqm+MGC2Onci\n3hrRwGVpwYnCS7WWwRPX4WPtSgbbwmwsfL6XCJtRHnwgucM7H0vB8v2uSU2w8U+v\n5BPNwHU/GYAUcgfvR2yqFumohVOXdq1jFqQ957KJmNBy9prBgH1okfBeEfgnDOYw\njeZDjhXEl7vs5c7BIN4KGysEYBu5D7RG4h7/rwQPdTSD4JN8mZC2knBfWRK1sfQy\nRfgNyUPr0j/xAAABABRSC/tOmA4QMNWJvSv+wf7Zfak+oTZzyxg6h54K+W6oMqgC\nLvN9POR8efJ7QKOnJO9xC+G3DnQdMUA+afYzd5cTRFCSKQ46s7wvpZHFa9cWkg9Q\n4DyYEwAFoS5U9yatM8/ijneo/cF2oQYkxYmlVZ+8Knm93CZXuX39CkT+2jMB6Zh3\nwHWr6moUDA2qeKwGRXf31Y0LL9RHu32R65NZds0ns+Hp6Ucr3oo7QUK6ztz2fbWH\nUro+3m3xA1m7XmBtL6UA1cAvtzAMkb4VvQOgnl5h6LWsjKYOkcOw+u/mYUkeqK3Z\ngpCsq1n2wlRzzXiWzXIM+a4H4eHCho9mOzNDRSUAAAEBAOZaY39cLGNpnut5Chs1\nEAIpgyzTke5CueJhd2a4En/5SDdJ+UmpDp2d6vxwpQPVtfRXReS4aFICsEhVXqSe\nU7bIk6tPN2qBOnEEXLfok/OAZ1aV8r2hjmW08ikO+3DO+puaqwD/lVsOvFQw+42k\ns/rBE9ldXZ0FHVmDhSCyiVxBh3ZMonh5vaDFK8GGrAuIhFBktRtaOBBttYZxmW4Q\n2euIErl/x442rdKdJKxRmVMj4BOmRa8hRHlWABFUeo40LHJCigIXe4EKWcFZmNHn\niXmKHzDU2EP7fBdRfjpIZgN/qIha4GEURESzMtTRDI0NzTM3CAtqX5rr4DjW2mz0\nK0kAAAEBAPNzfsOFDlRj1lvRio7fdhv4IlpTxW5iqF+577pjT0Ta+7seRroOlsAb\nrXD16E8YjS+PkmfcuXle2AI3e64qZ48i8czsn0EmeLRtELE2eY2mNEW34lARwPXi\nYkyvXXOR1sm8d2inWAKMKM7bjX+Ah+Ze2e9moU5GSQyzafBdS3kQcc1VZIl20DYC\nyLwXftSQ5kuleGXCWi0p2EX/Mp++udXKv/jfC01xPz/WO4f8W2fU8+hJIJHqDNNn\nIJGNpGxbdYh1KgobMPh+zzcl6GBO8UCGgCo1f6vKjis/BrkDia3nbtNZMN+YKUQ8\n/fLakUv7UsJiuyCoVg7+yrrJp4t8NcsAAAAAAQID\n-----END OPENSSH PRIVATE KEY-----\n",
            "private_key_pem": "-----BEGIN RSA PRIVATE KEY-----\nMIIJKAIBAAKCAgEA2w+5HQJA3kETYCnEvUSV3WFcVpKT5TfnBLmpcAm0phDCZnIf\nhAk4N9srfqHT//7U5WAHM31Ugbj9U61BJD/PP9vlT34jLNmSwRbtbTp1ldJ0G0ep\n3yiV0e5ieyaFCVtD+uXucgMkDTeytCtzmJJH1Kq0vesonvVmrBVYnunrQ7dPQ/10\nzTontYK38QP7GyzAmPBhSIxiT9fnMu+ifx+uFQl3WsNbj6dlM+xSKJHEGSccgvMM\ntiFT83mW9OqsTYG4NJf0QgOiesRBvhjw+NfwwsAn1277zUvvNq4/zOVCYcfeQtJn\nQpjhguynw3gKimIxJ8Jm51pXlDXER0LuumjbvBeZKLI+huRSajRy+7ms9OTcRyrX\nXSqnM+CJAoJ+UKy0f6DS77TGZ7O7ZIS579f0ZmopfYto7/eITmeHZ+CCX5fCAotq\ne0OJHmbvigQcmUw2newEtbtoaXFrmXKgyy3hi67jXjcZ20TvMpCauBuD/ail/8x3\nCitvTEg+QE2Sc2bzLkTdisW9CHYkZXBO8VhOZFNw2SYnC9cK87K41T+eTgTwOkVQ\nyIO6o2KRJPLskxC9ozuH5VQHDFow4liNWRRfOTy6KfXF0gaeOgNgAiWX2EJhukFu\n7AXL2Rllo0hvscXe0NN08xB6NDr/XS1e/Fbg8zQB5HyDepKtEtF/J4zwb+MCAwEA\nAQKCAgAhdl5lkwGLsc8e4mJ+MurdnVC4nL1gx1BPxXifd6wTrf20Hny385yV07Hq\nLxguQ6QLwcZ31A5Dnpl73bxUqDalX5bAtNj0seub+T+dbs+lajd4L1NAlneEUPDU\nNQcfbcSNn+/zlI0+Q6LVqMmIpde5IbZoSHK1DXF4me4moD7i4i6GiUH9U4PbUzN7\n6orCFOz6r8V8io09+xIDEt30o0c5SW/k+nCTGhP4gYHvVozo9rOBQVVQwPiM+abY\nlLxrPoR/7DJQnzODo1UTj8XHjVzmsumjG/3010OcS7PNPbwNKbXG6VMCtk3EbRgX\nYM/jYap2k1iawI8eQbRQ2mWTLg9afLP/d2V+DFLnAw8n5xb23P6HUHTD/jsC5TuC\n/7ZYHi1/kF4VpmtFvlOZ9Ho1U3Kjksj9awJ5vP7TRnvzgZG5CxNDmdmHJPg3JRL5\nladjYkp4v+qEmaRPbsQ1IZgJszapvjBgtjp3It4a0cBlacGJwku1lsET1+Fj7UoG\n28JsLHy+lwibUR58ILnDOx9LwfL9rklNsPFPr+QTzcB1PxmAFHIH70dsqhbpqIVT\nl3atYxakPeeyiZjQcvaawYB9aJHwXhH4JwzmMI3mQ44VxJe77OXOwSDeChsrBGAb\nuQ+0RuIe/68ED3U0g+CTfJmQtpJwX1kStbH0MkX4DclD69I/8QKCAQEA5lpjf1ws\nY2me63kKGzUQAimDLNOR7kK54mF3ZrgSf/lIN0n5SakOnZ3q/HClA9W19FdF5Lho\nUgKwSFVepJ5TtsiTq083aoE6cQRct+iT84BnVpXyvaGOZbTyKQ77cM76m5qrAP+V\nWw68VDD7jaSz+sET2V1dnQUdWYOFILKJXEGHdkyieHm9oMUrwYasC4iEUGS1G1o4\nEG21hnGZbhDZ64gSuX/Hjjat0p0krFGZUyPgE6ZFryFEeVYAEVR6jjQsckKKAhd7\ngQpZwVmY0eeJeYofMNTYQ/t8F1F+OkhmA3+oiFrgYRRERLMy1NEMjQ3NMzcIC2pf\nmuvgONbabPQrSQKCAQEA83N+w4UOVGPWW9GKjt92G/giWlPFbmKoX7nvumNPRNr7\nux5Gug6WwButcPXoTxiNL4+SZ9y5eV7YAjd7ripnjyLxzOyfQSZ4tG0QsTZ5jaY0\nRbfiUBHA9eJiTK9dc5HWybx3aKdYAowoztuNf4CH5l7Z72ahTkZJDLNp8F1LeRBx\nzVVkiXbQNgLIvBd+1JDmS6V4ZcJaLSnYRf8yn7651cq/+N8LTXE/P9Y7h/xbZ9Tz\n6EkgkeoM02cgkY2kbFt1iHUqChsw+H7PNyXoYE7xQIaAKjV/q8qOKz8GuQOJredu\n01kw35gpRDz98tqRS/tSwmK7IKhWDv7Kusmni3w1ywKCAQBSOuQX2+yQlGzBvFSq\nP7f2PaFxCBmpBzLaKFb6WS1pd7Ca5BJUhEAObggrk36krs6kad8uddHvrLwHJkqB\n028o6dMlLUMoBve4zojWsfTW0PiSxTaBEUIG9qAXnhyOOaTmlUEEOziy58C9ATtb\nZfdFxVTznEvFuMSwZq3IbVNxlobn6RV6kmLqGFi1XgDeoR4yoLCyEfO/kZpiYv0V\neHiChvHAPGgdUVGdxLEJvptQPZdJDGsFyIdsFRIzHYgeaWuQYkZn1sAk4XAHAJf4\nHoJJ28+km+aT5ht3K4U3Aw8/onukKWS94wE30QyNQg8L72hYJwX9JTz5zcgeIjyY\n9lTZAoIBAQDEjJdoZVEXYu9afAdAqDskA6ZAhOed4jsL5gMc2TbTYXThMmVpq4Oc\nH/xcebyPt0OthV1vSy3XRnJg/8hz6bpoPo83okZFBDlpebCDUna6nNgQ/Y/SkzLV\nkWtJfD+XocPmZamGLa0JiX0c3PcVXIDbxfJvrM1Ic8hgX62FKN1ZJaSrYWjk7q7V\nHFRSPynflgjIRBS7GzlQwzrf8FQ/0m0YpTNuSy1F3ctxz5WKiXyGjNBK1ldcVrj6\nKIWL3e5EqWZvwCArvp4/0amcXZeJwdJXBQAOk9i6qrMzSRQ1ZRzP8Uxxh83Eh4Wx\nmQhx/HJYBNVhKPLpP98TBjRIr6v8GlEXAoIBABRSC/tOmA4QMNWJvSv+wf7Zfak+\noTZzyxg6h54K+W6oMqgCLvN9POR8efJ7QKOnJO9xC+G3DnQdMUA+afYzd5cTRFCS\nKQ46s7wvpZHFa9cWkg9Q4DyYEwAFoS5U9yatM8/ijneo/cF2oQYkxYmlVZ+8Knm9\n3CZXuX39CkT+2jMB6Zh3wHWr6moUDA2qeKwGRXf31Y0LL9RHu32R65NZds0ns+Hp\n6Ucr3oo7QUK6ztz2fbWHUro+3m3xA1m7XmBtL6UA1cAvtzAMkb4VvQOgnl5h6LWs\njKYOkcOw+u/mYUkeqK3ZgpCsq1n2wlRzzXiWzXIM+a4H4eHCho9mOzNDRSU=\n-----END RSA PRIVATE KEY-----\n",
            "private_key_pem_pkcs8": "-----BEGIN PRIVATE KEY-----\nMIIJQgIBADANBgkqhkiG9w0BAQEFAASCCSwwggkoAgEAAoICAQDbD7kdAkDeQRNg\nKcS9RJXdYVxWkpPlN+cEualwCbSmEMJmch+ECTg32yt+odP//tTlYAczfVSBuP1T\nrUEkP88/2+VPfiMs2ZLBFu1tOnWV0nQbR6nfKJXR7mJ7JoUJW0P65e5yAyQNN7K0\nK3OYkkfUqrS96yie9WasFVie6etDt09D/XTNOie1grfxA/sbLMCY8GFIjGJP1+cy\n76J/H64VCXdaw1uPp2Uz7FIokcQZJxyC8wy2IVPzeZb06qxNgbg0l/RCA6J6xEG+\nGPD41/DCwCfXbvvNS+82rj/M5UJhx95C0mdCmOGC7KfDeAqKYjEnwmbnWleUNcRH\nQu66aNu8F5kosj6G5FJqNHL7uaz05NxHKtddKqcz4IkCgn5QrLR/oNLvtMZns7tk\nhLnv1/Rmail9i2jv94hOZ4dn4IJfl8ICi2p7Q4keZu+KBByZTDad7AS1u2hpcWuZ\ncqDLLeGLruNeNxnbRO8ykJq4G4P9qKX/zHcKK29MSD5ATZJzZvMuRN2Kxb0IdiRl\ncE7xWE5kU3DZJicL1wrzsrjVP55OBPA6RVDIg7qjYpEk8uyTEL2jO4flVAcMWjDi\nWI1ZFF85PLop9cXSBp46A2ACJZfYQmG6QW7sBcvZGWWjSG+xxd7Q03TzEHo0Ov9d\nLV78VuDzNAHkfIN6kq0S0X8njPBv4wIDAQABAoICACF2XmWTAYuxzx7iYn4y6t2d\nULicvWDHUE/FeJ93rBOt/bQefLfznJXTseovGC5DpAvBxnfUDkOemXvdvFSoNqVf\nlsC02PSx65v5P51uz6VqN3gvU0CWd4RQ8NQ1Bx9txI2f7/OUjT5DotWoyYil17kh\ntmhIcrUNcXiZ7iagPuLiLoaJQf1Tg9tTM3vqisIU7PqvxXyKjT37EgMS3fSjRzlJ\nb+T6cJMaE/iBge9WjOj2s4FBVVDA+Iz5ptiUvGs+hH/sMlCfM4OjVROPxceNXOay\n6aMb/fTXQ5xLs809vA0ptcbpUwK2TcRtGBdgz+NhqnaTWJrAjx5BtFDaZZMuD1p8\ns/93ZX4MUucDDyfnFvbc/odQdMP+OwLlO4L/tlgeLX+QXhWma0W+U5n0ejVTcqOS\nyP1rAnm8/tNGe/OBkbkLE0OZ2Yck+DclEvmVp2NiSni/6oSZpE9uxDUhmAmzNqm+\nMGC2Onci3hrRwGVpwYnCS7WWwRPX4WPtSgbbwmwsfL6XCJtRHnwgucM7H0vB8v2u\nSU2w8U+v5BPNwHU/GYAUcgfvR2yqFumohVOXdq1jFqQ957KJmNBy9prBgH1okfBe\nEfgnDOYwjeZDjhXEl7vs5c7BIN4KGysEYBu5D7RG4h7/rwQPdTSD4JN8mZC2knBf\nWRK1sfQyRfgNyUPr0j/xAoIBAQDmWmN/XCxjaZ7reQobNRACKYMs05HuQrniYXdm\nuBJ/+Ug3SflJqQ6dner8cKUD1bX0V0XkuGhSArBIVV6knlO2yJOrTzdqgTpxBFy3\n6JPzgGdWlfK9oY5ltPIpDvtwzvqbmqsA/5VbDrxUMPuNpLP6wRPZXV2dBR1Zg4Ug\nsolcQYd2TKJ4eb2gxSvBhqwLiIRQZLUbWjgQbbWGcZluENnriBK5f8eONq3SnSSs\nUZlTI+ATpkWvIUR5VgARVHqONCxyQooCF3uBClnBWZjR54l5ih8w1NhD+3wXUX46\nSGYDf6iIWuBhFEREszLU0QyNDc0zNwgLal+a6+A41tps9CtJAoIBAQDzc37DhQ5U\nY9Zb0YqO33Yb+CJaU8VuYqhfue+6Y09E2vu7Hka6DpbAG61w9ehPGI0vj5Jn3Ll5\nXtgCN3uuKmePIvHM7J9BJni0bRCxNnmNpjRFt+JQEcD14mJMr11zkdbJvHdop1gC\njCjO241/gIfmXtnvZqFORkkMs2nwXUt5EHHNVWSJdtA2Asi8F37UkOZLpXhlwlot\nKdhF/zKfvrnVyr/43wtNcT8/1juH/Ftn1PPoSSCR6gzTZyCRjaRsW3WIdSoKGzD4\nfs83JehgTvFAhoAqNX+ryo4rPwa5A4mt527TWTDfmClEPP3y2pFL+1LCYrsgqFYO\n/sq6yaeLfDXLAoIBAFI65Bfb7JCUbMG8VKo/t/Y9oXEIGakHMtooVvpZLWl3sJrk\nElSEQA5uCCuTfqSuzqRp3y510e+svAcmSoHTbyjp0yUtQygG97jOiNax9NbQ+JLF\nNoERQgb2oBeeHI45pOaVQQQ7OLLnwL0BO1tl90XFVPOcS8W4xLBmrchtU3GWhufp\nFXqSYuoYWLVeAN6hHjKgsLIR87+RmmJi/RV4eIKG8cA8aB1RUZ3EsQm+m1A9l0kM\nawXIh2wVEjMdiB5pa5BiRmfWwCThcAcAl/gegknbz6Sb5pPmG3crhTcDDz+ie6Qp\nZL3jATfRDI1CDwvvaFgnBf0lPPnNyB4iPJj2VNkCggEBAMSMl2hlURdi71p8B0Co\nOyQDpkCE553iOwvmAxzZNtNhdOEyZWmrg5wf/Fx5vI+3Q62FXW9LLddGcmD/yHPp\numg+jzeiRkUEOWl5sINSdrqc2BD9j9KTMtWRa0l8P5ehw+ZlqYYtrQmJfRzc9xVc\ngNvF8m+szUhzyGBfrYUo3VklpKthaOTurtUcVFI/Kd+WCMhEFLsbOVDDOt/wVD/S\nbRilM25LLUXdy3HPlYqJfIaM0ErWV1xWuPoohYvd7kSpZm/AICu+nj/RqZxdl4nB\n0lcFAA6T2LqqszNJFDVlHM/xTHGHzcSHhbGZCHH8clgE1WEo8uk/3xMGNEivq/wa\nURcCggEAFFIL+06YDhAw1Ym9K/7B/tl9qT6hNnPLGDqHngr5bqgyqAIu83085Hx5\n8ntAo6ck73EL4bcOdB0xQD5p9jN3lxNEUJIpDjqzvC+lkcVr1xaSD1DgPJgTAAWh\nLlT3Jq0zz+KOd6j9wXahBiTFiaVVn7wqeb3cJle5ff0KRP7aMwHpmHfAdavqahQM\nDap4rAZFd/fVjQsv1Ee7fZHrk1l2zSez4enpRyveijtBQrrO3PZ9tYdSuj7ebfED\nWbteYG0vpQDVwC+3MAyRvhW9A6CeXmHotayMpg6Rw7D67+ZhSR6ordmCkKyrWfbC\nVHPNeJbNcgz5rgfh4cKGj2Y7M0NFJQ==\n-----END PRIVATE KEY-----\n",
            "public_key_fingerprint_md5": "a6:8b:6c:f9:7e:ae:0e:84:3b:1b:e3:95:c5:07:03:cc",
            "public_key_fingerprint_sha256": "SHA256:T8XKY/67linYldEqYp5la077/TtwFmMU+/EtVnxAjLk",
            "public_key_openssh": "ssh-rsa AAAAB3NzaC1yc2EAAAADAQABAAACAQDbD7kdAkDeQRNgKcS9RJXdYVxWkpPlN+cEualwCbSmEMJmch+ECTg32yt+odP//tTlYAczfVSBuP1TrUEkP88/2+VPfiMs2ZLBFu1tOnWV0nQbR6nfKJXR7mJ7JoUJW0P65e5yAyQNN7K0K3OYkkfUqrS96yie9WasFVie6etDt09D/XTNOie1grfxA/sbLMCY8GFIjGJP1+cy76J/H64VCXdaw1uPp2Uz7FIokcQZJxyC8wy2IVPzeZb06qxNgbg0l/RCA6J6xEG+GPD41/DCwCfXbvvNS+82rj/M5UJhx95C0mdCmOGC7KfDeAqKYjEnwmbnWleUNcRHQu66aNu8F5kosj6G5FJqNHL7uaz05NxHKtddKqcz4IkCgn5QrLR/oNLvtMZns7tkhLnv1/Rmail9i2jv94hOZ4dn4IJfl8ICi2p7Q4keZu+KBByZTDad7AS1u2hpcWuZcqDLLeGLruNeNxnbRO8ykJq4G4P9qKX/zHcKK29MSD5ATZJzZvMuRN2Kxb0IdiRlcE7xWE5kU3DZJicL1wrzsrjVP55OBPA6RVDIg7qjYpEk8uyTEL2jO4flVAcMWjDiWI1ZFF85PLop9cXSBp46A2ACJZfYQmG6QW7sBcvZGWWjSG+xxd7Q03TzEHo0Ov9dLV78VuDzNAHkfIN6kq0S0X8njPBv4w==\n",
            "public_key_pem": "-----BEGIN PUBLIC KEY-----\nMIICIjANBgkqhkiG9w0BAQEFAAOCAg8AMIICCgKCAgEA2w+5HQJA3kETYCnEvUSV\n3WFcVpKT5TfnBLmpcAm0phDCZnIfhAk4N9srfqHT//7U5WAHM31Ugbj9U61BJD/P\nP9vlT34jLNmSwRbtbTp1ldJ0G0ep3yiV0e5ieyaFCVtD+uXucgMkDTeytCtzmJJH\n1Kq0vesonvVmrBVYnunrQ7dPQ/10zTontYK38QP7GyzAmPBhSIxiT9fnMu+ifx+u\nFQl3WsNbj6dlM+xSKJHEGSccgvMMtiFT83mW9OqsTYG4NJf0QgOiesRBvhjw+Nfw\nwsAn1277zUvvNq4/zOVCYcfeQtJnQpjhguynw3gKimIxJ8Jm51pXlDXER0Luumjb\nvBeZKLI+huRSajRy+7ms9OTcRyrXXSqnM+CJAoJ+UKy0f6DS77TGZ7O7ZIS579f0\nZmopfYto7/eITmeHZ+CCX5fCAotqe0OJHmbvigQcmUw2newEtbtoaXFrmXKgyy3h\ni67jXjcZ20TvMpCauBuD/ail/8x3CitvTEg+QE2Sc2bzLkTdisW9CHYkZXBO8VhO\nZFNw2SYnC9cK87K41T+eTgTwOkVQyIO6o2KRJPLskxC9ozuH5VQHDFow4liNWRRf\nOTy6KfXF0gaeOgNgAiWX2EJhukFu7AXL2Rllo0hvscXe0NN08xB6NDr/XS1e/Fbg\n8zQB5HyDepKtEtF/J4zwb+MCAwEAAQ==\n-----END PUBLIC KEY-----\n",
            "rsa_bits": 4096
          },
          "sensitive_attributes": [
            [
              {
                "type": "get_attr",
                "value": "private_key_openssh"
              }
            ],
            [
              {
                "type": "get_attr",
                "value": "private_key_pem"
              }
            ],
            [
              {
                "type": "get_attr",
                "value": "private_key_pem_pkcs8"
              }
            ]
          ],
          "identity_schema_version": 0,
          "dependencies": [
            "azurerm_resource_group.name",
            "data.azurerm_client_config.current",
            "module.database.azurerm_postgresql_flexible_server.primary",
            "module.database.azurerm_postgresql_flexible_server.replica",
            "module.database.azurerm_postgresql_flexible_server_configuration.primary_log_checkpoints",
            "module.database.azurerm_postgresql_flexible_server_configuration.primary_log_connections",
            "module.database.azurerm_postgresql_flexible_server_configuration.primary_ssl",
            "module.database.azurerm_postgresql_flexible_server_database.db",
            "module.database.random_password.postgres_password",
            "module.dns.azurerm_private_dns_zone.postgres",
            "module.dns.azurerm_private_dns_zone_virtual_network_link.postgres",
            "module.keyvault.azurerm_key_vault.kv",
            "module.keyvault.azurerm_role_assignment.backend_secret_user",
            "module.keyvault.azurerm_role_assignment.frontend_secret_user",
            "module.keyvault.azurerm_role_assignment.kv_admin",
            "module.network.azurerm_subnet.database",
            "module.network.azurerm_virtual_network.name"
          ]
        }
      ]
    },
    {
      "module": "module.database",
      "mode": "managed",
      "type": "azurerm_postgresql_flexible_server",
      "name": "primary",
      "provider": "provider[\"registry.terraform.io/hashicorp/azurerm\"]",
      "instances": [
        {
          "schema_version": 0,
          "attributes": {
            "administrator_login": "",
            "administrator_password": "g2_JAITgBB6NL%Q8",
            "administrator_password_wo": null,
            "administrator_password_wo_version": 0,
            "authentication": [
              {
                "active_directory_auth_enabled": false,
                "password_auth_enabled": true,
                "tenant_id": ""
              }
            ],
            "auto_grow_enabled": false,
            "backup_retention_days": 0,
            "cluster": [],
            "create_mode": null,
            "customer_managed_key": [],
            "delegated_subnet_id": "",
            "fqdn": "prod-psql-srujan.postgres.database.azure.com",
            "geo_redundant_backup_enabled": false,
            "high_availability": [],
            "id": "/subscriptions/8eae94cc-2eea-4ec3-a98e-6fdae439c162/resourceGroups/prod-rg/providers/Microsoft.DBforPostgreSQL/flexibleServers/prod-psql-srujan",
            "identity": [],
            "location": "centralus",
            "maintenance_window": [],
            "name": "prod-psql-srujan",
            "point_in_time_restore_time_in_utc": "",
            "private_dns_zone_id": "",
            "public_network_access_enabled": false,
            "replication_role": "",
            "resource_group_name": "prod-rg",
            "sku_name": "GP_Standard_D2s_v3",
            "source_server_id": "",
            "storage_mb": 32768,
            "storage_tier": "P4",
            "tags": {},
            "timeouts": null,
            "version": "14",
            "zone": ""
          },
          "sensitive_attributes": [
            [
              {
                "type": "get_attr",
                "value": "administrator_password"
              }
            ]
          ],
          "identity_schema_version": 0,
          "private": "eyJlMmJmYjczMC1lY2FhLTExZTYtOGY4OC0zNDM2M2JjN2M0YzAiOnsiY3JlYXRlIjozNjAwMDAwMDAwMDAwLCJkZWxldGUiOjM2MDAwMDAwMDAwMDAsInJlYWQiOjMwMDAwMDAwMDAwMCwidXBkYXRlIjozNjAwMDAwMDAwMDAwfX0=",
          "dependencies": [
            "azurerm_resource_group.name",
            "module.database.random_password.postgres_password",
            "module.dns.azurerm_private_dns_zone.postgres",
            "module.dns.azurerm_private_dns_zone_virtual_network_link.postgres",
            "module.network.azurerm_subnet.database",
            "module.network.azurerm_virtual_network.name"
          ]
        }
      ]
    },
    {
      "module": "module.database",
      "mode": "managed",
      "type": "random_password",
      "name": "postgres_password",
      "provider": "provider[\"registry.terraform.io/hashicorp/random\"]",
      "instances": [
        {
          "schema_version": 3,
          "attributes": {
            "bcrypt_hash": "$2a$10$wvYv0i4Sli4jAuEYIYDrN.muPjelhtHo/soV7w.o9KTtFdgO.XLEK",
            "id": "none",
            "keepers": null,
            "length": 16,
            "lower": true,
            "min_lower": 1,
            "min_numeric": 1,
            "min_special": 1,
            "min_upper": 1,
            "number": true,
            "numeric": true,
            "override_special": "_%@",
            "result": "g2_JAITgBB6NL%Q8",
            "special": true,
            "upper": true
          },
          "sensitive_attributes": [
            [
              {
                "type": "get_attr",
                "value": "bcrypt_hash"
              }
            ],
            [
              {
                "type": "get_attr",
                "value": "result"
              }
            ]
          ],
          "identity_schema_version": 0,
          "dependencies": [
            "azurerm_resource_group.name",
            "module.dns.azurerm_private_dns_zone.postgres",
            "module.dns.azurerm_private_dns_zone_virtual_network_link.postgres",
            "module.network.azurerm_virtual_network.name"
          ]
        }
      ]
    },
    {
      "module": "module.dns",
      "mode": "managed",
      "type": "azurerm_private_dns_zone",
      "name": "postgres",
      "provider": "provider[\"registry.terraform.io/hashicorp/azurerm\"]",
      "instances": [
        {
          "schema_version": 0,
          "attributes": {
            "id": "/subscriptions/8eae94cc-2eea-4ec3-a98e-6fdae439c162/resourceGroups/prod-rg/providers/Microsoft.Network/privateDnsZones/privatelink.postgres.database.azure.com",
            "max_number_of_record_sets": 25000,
            "max_number_of_virtual_network_links": 1000,
            "max_number_of_virtual_network_links_with_registration": 100,
            "name": "privatelink.postgres.database.azure.com",
            "number_of_record_sets": 4,
            "resource_group_name": "prod-rg",
            "soa_record": [
              {
                "email": "azureprivatedns-host.microsoft.com",
                "expire_time": 2419200,
                "fqdn": "privatelink.postgres.database.azure.com.",
                "host_name": "azureprivatedns.net",
                "minimum_ttl": 10,
                "refresh_time": 3600,
                "retry_time": 300,
                "serial_number": 1,
                "tags": {},
                "ttl": 3600
              }
            ],
            "tags": {},
            "timeouts": null
          },
          "sensitive_attributes": [],
          "identity_schema_version": 0,
          "identity": {
            "name": "privatelink.postgres.database.azure.com",
            "resource_group_name": "prod-rg",
            "subscription_id": "8eae94cc-2eea-4ec3-a98e-6fdae439c162"
          },
          "private": "eyJlMmJmYjczMC1lY2FhLTExZTYtOGY4OC0zNDM2M2JjN2M0YzAiOnsiY3JlYXRlIjoxODAwMDAwMDAwMDAwLCJkZWxldGUiOjE4MDAwMDAwMDAwMDAsInJlYWQiOjMwMDAwMDAwMDAwMCwidXBkYXRlIjoxODAwMDAwMDAwMDAwfX0=",
          "dependencies": [
            "azurerm_resource_group.name"
          ]
        }
      ]
    },
    {
      "module": "module.dns",
      "mode": "managed",
      "type": "azurerm_private_dns_zone_virtual_network_link",
      "name": "postgres",
      "provider": "provider[\"registry.terraform.io/hashicorp/azurerm\"]",
      "instances": [
        {
          "schema_version": 0,
          "attributes": {
            "id": "/subscriptions/8eae94cc-2eea-4ec3-a98e-6fdae439c162/resourceGroups/prod-rg/providers/Microsoft.Network/privateDnsZones/privatelink.postgres.database.azure.com/virtualNetworkLinks/postgres-dns-link",
            "name": "postgres-dns-link",
            "private_dns_zone_name": "privatelink.postgres.database.azure.com",
            "registration_enabled": true,
            "resolution_policy": "Default",
            "resource_group_name": "prod-rg",
            "tags": {},
            "timeouts": null,
            "virtual_network_id": "/subscriptions/8eae94cc-2eea-4ec3-a98e-6fdae439c162/resourceGroups/prod-rg/providers/Microsoft.Network/virtualNetworks/prod-vnet"
          },
          "sensitive_attributes": [],
          "identity_schema_version": 0,
          "identity": {
            "name": "postgres-dns-link",
            "private_dns_zone_name": "privatelink.postgres.database.azure.com",
            "resource_group_name": "prod-rg",
            "subscription_id": "8eae94cc-2eea-4ec3-a98e-6fdae439c162"
          },
          "private": "eyJlMmJmYjczMC1lY2FhLTExZTYtOGY4OC0zNDM2M2JjN2M0YzAiOnsiY3JlYXRlIjoxODAwMDAwMDAwMDAwLCJkZWxldGUiOjE4MDAwMDAwMDAwMDAsInJlYWQiOjMwMDAwMDAwMDAwMCwidXBkYXRlIjoxODAwMDAwMDAwMDAwfX0=",
          "dependencies": [
            "azurerm_resource_group.name",
            "module.dns.azurerm_private_dns_zone.postgres",
            "module.network.azurerm_virtual_network.name"
          ]
        }
      ]
    },
    {
      "module": "module.frontend[0]",
      "mode": "managed",
      "type": "azurerm_application_gateway",
      "name": "frontend",
      "provider": "provider[\"registry.terraform.io/hashicorp/azurerm\"]",
      "instances": [
        {
          "index_key": 0,
          "schema_version": 0,
          "attributes": {
            "authentication_certificate": [],
            "autoscale_configuration": [],
            "backend": [],
            "backend_address_pool": [
              {
                "fqdns": [],
                "id": "/subscriptions/8eae94cc-2eea-4ec3-a98e-6fdae439c162/resourceGroups/prod-rg/providers/Microsoft.Network/applicationGateways/prod-appgw/backendAddressPools/backend-pool",
                "ip_addresses": [],
                "name": "backend-pool"
              }
            ],
            "backend_http_settings": [
              {
                "affinity_cookie_name": "",
                "authentication_certificate": [],
                "connection_draining": [],
                "cookie_based_affinity": "Disabled",
                "dedicated_backend_connection_enabled": false,
                "host_name": "",
                "id": "/subscriptions/8eae94cc-2eea-4ec3-a98e-6fdae439c162/resourceGroups/prod-rg/providers/Microsoft.Network/applicationGateways/prod-appgw/backendHttpSettingsCollection/http-settings",
                "name": "http-settings",
                "path": "",
                "pick_host_name_from_backend_address": false,
                "port": 3000,
                "probe_id": "/subscriptions/8eae94cc-2eea-4ec3-a98e-6fdae439c162/resourceGroups/prod-rg/providers/Microsoft.Network/applicationGateways/prod-appgw/probes/health-probe",
                "probe_name": "health-probe",
                "protocol": "Http",
                "request_timeout": 60,
                "trusted_root_certificate_names": []
              }
            ],
            "custom_error_configuration": [],
            "enable_http2": false,
            "fips_enabled": false,
            "firewall_policy_id": "",
            "force_firewall_policy_association": false,
            "frontend_ip_configuration": [
              {
                "id": "/subscriptions/8eae94cc-2eea-4ec3-a98e-6fdae439c162/resourceGroups/prod-rg/providers/Microsoft.Network/applicationGateways/prod-appgw/frontendIPConfigurations/frontend-ip-config",
                "name": "frontend-ip-config",
                "private_ip_address": "",
                "private_ip_address_allocation": "Dynamic",
                "private_link_configuration_id": "",
                "private_link_configuration_name": "",
                "public_ip_address_id": "/subscriptions/8eae94cc-2eea-4ec3-a98e-6fdae439c162/resourceGroups/prod-rg/providers/Microsoft.Network/publicIPAddresses/prod-frontend-pip",
                "subnet_id": ""
              }
            ],
            "frontend_port": [
              {
                "id": "/subscriptions/8eae94cc-2eea-4ec3-a98e-6fdae439c162/resourceGroups/prod-rg/providers/Microsoft.Network/applicationGateways/prod-appgw/frontendPorts/http-port",
                "name": "http-port",
                "port": 80
              }
            ],
            "gateway_ip_configuration": [
              {
                "id": "/subscriptions/8eae94cc-2eea-4ec3-a98e-6fdae439c162/resourceGroups/prod-rg/providers/Microsoft.Network/applicationGateways/prod-appgw/gatewayIPConfigurations/gateway-ip-config",
                "name": "gateway-ip-config",
                "subnet_id": "/subscriptions/8eae94cc-2eea-4ec3-a98e-6fdae439c162/resourceGroups/prod-rg/providers/Microsoft.Network/virtualNetworks/prod-vnet/subnets/prod-appgw-subnet"
              }
            ],
            "global": [],
            "http2_enabled": false,
            "http_listener": [
              {
                "custom_error_configuration": [],
                "firewall_policy_id": "",
                "frontend_ip_configuration_id": "/subscriptions/8eae94cc-2eea-4ec3-a98e-6fdae439c162/resourceGroups/prod-rg/providers/Microsoft.Network/applicationGateways/prod-appgw/frontendIPConfigurations/frontend-ip-config",
                "frontend_ip_configuration_name": "frontend-ip-config",
                "frontend_port_id": "/subscriptions/8eae94cc-2eea-4ec3-a98e-6fdae439c162/resourceGroups/prod-rg/providers/Microsoft.Network/applicationGateways/prod-appgw/frontendPorts/http-port",
                "frontend_port_name": "http-port",
                "host_name": "",
                "host_names": [],
                "id": "/subscriptions/8eae94cc-2eea-4ec3-a98e-6fdae439c162/resourceGroups/prod-rg/providers/Microsoft.Network/applicationGateways/prod-appgw/httpListeners/http-listener",
                "name": "http-listener",
                "protocol": "Http",
                "require_sni": false,
                "ssl_certificate_id": "",
                "ssl_certificate_name": "",
                "ssl_profile_id": "",
                "ssl_profile_name": ""
              }
            ],
            "id": "/subscriptions/8eae94cc-2eea-4ec3-a98e-6fdae439c162/resourceGroups/prod-rg/providers/Microsoft.Network/applicationGateways/prod-appgw",
            "identity": [],
            "listener": [],
            "location": "centralus",
            "name": "prod-appgw",
            "private_endpoint_connection": [],
            "private_link_configuration": [],
            "probe": [
              {
                "host": "127.0.0.1",
                "id": "/subscriptions/8eae94cc-2eea-4ec3-a98e-6fdae439c162/resourceGroups/prod-rg/providers/Microsoft.Network/applicationGateways/prod-appgw/probes/health-probe",
                "interval": 30,
                "match": [
                  {
                    "body": "",
                    "status_code": [
                      "200-399"
                    ]
                  }
                ],
                "minimum_servers": 0,
                "name": "health-probe",
                "path": "/",
                "pick_host_name_from_backend_http_settings": false,
                "port": 3000,
                "protocol": "Http",
                "proxy_protocol_header_enabled": false,
                "timeout": 30,
                "unhealthy_threshold": 3
              }
            ],
            "redirect_configuration": [],
            "request_routing_rule": [
              {
                "backend_address_pool_id": "/subscriptions/8eae94cc-2eea-4ec3-a98e-6fdae439c162/resourceGroups/prod-rg/providers/Microsoft.Network/applicationGateways/prod-appgw/backendAddressPools/backend-pool",
                "backend_address_pool_name": "backend-pool",
                "backend_http_settings_id": "/subscriptions/8eae94cc-2eea-4ec3-a98e-6fdae439c162/resourceGroups/prod-rg/providers/Microsoft.Network/applicationGateways/prod-appgw/backendHttpSettingsCollection/http-settings",
                "backend_http_settings_name": "http-settings",
                "http_listener_id": "/subscriptions/8eae94cc-2eea-4ec3-a98e-6fdae439c162/resourceGroups/prod-rg/providers/Microsoft.Network/applicationGateways/prod-appgw/httpListeners/http-listener",
                "http_listener_name": "http-listener",
                "id": "/subscriptions/8eae94cc-2eea-4ec3-a98e-6fdae439c162/resourceGroups/prod-rg/providers/Microsoft.Network/applicationGateways/prod-appgw/requestRoutingRules/routing-rule",
                "name": "routing-rule",
                "priority": 1,
                "redirect_configuration_id": "",
                "redirect_configuration_name": "",
                "rewrite_rule_set_id": "",
                "rewrite_rule_set_name": "",
                "rule_type": "Basic",
                "url_path_map_id": "",
                "url_path_map_name": ""
              }
            ],
            "resource_group_name": "prod-rg",
            "rewrite_rule_set": [],
            "routing_rule": [],
            "sku": [
              {
                "capacity": 2,
                "name": "WAF_v2",
                "tier": "WAF_v2"
              }
            ],
            "ssl_certificate": [],
            "ssl_policy": [
              {
                "cipher_suites": [],
                "disabled_protocols": [],
                "min_protocol_version": "",
                "policy_name": "AppGwSslPolicy20220101",
                "policy_type": "Predefined"
              }
            ],
            "ssl_profile": [],
            "tags": {},
            "timeouts": null,
            "trusted_client_certificate": [],
            "trusted_root_certificate": [],
            "url_path_map": [],
            "waf_configuration": [
              {
                "disabled_rule_group": [],
                "enabled": true,
                "exclusion": [],
                "file_upload_limit_mb": 100,
                "firewall_mode": "Prevention",
                "max_request_body_size_kb": 128,
                "request_body_check": true,
                "rule_set_type": "OWASP",
                "rule_set_version": "3.2"
              }
            ],
            "zones": []
          },
          "sensitive_attributes": [],
          "identity_schema_version": 0,
          "identity": {
            "name": "prod-appgw",
            "resource_group_name": "prod-rg",
            "subscription_id": "8eae94cc-2eea-4ec3-a98e-6fdae439c162"
          },
          "private": "eyJlMmJmYjczMC1lY2FhLTExZTYtOGY4OC0zNDM2M2JjN2M0YzAiOnsiY3JlYXRlIjo1NDAwMDAwMDAwMDAwLCJkZWxldGUiOjU0MDAwMDAwMDAwMDAsInJlYWQiOjMwMDAwMDAwMDAwMCwidXBkYXRlIjo1NDAwMDAwMDAwMDAwfX0=",
          "dependencies": [
            "azurerm_resource_group.name",
            "data.azurerm_client_config.current",
            "module.backend.azurerm_application_gateway.frontend",
            "module.backend.azurerm_lb.backend",
            "module.backend.azurerm_lb_backend_address_pool.backend",
            "module.backend.azurerm_lb_probe.backend",
            "module.backend.azurerm_lb_rule.backend",
            "module.backend.azurerm_linux_virtual_machine_scale_set.vmss",
            "module.backend.azurerm_monitor_autoscale_setting.vmss_autoscale",
            "module.backend.azurerm_public_ip.lb",
            "module.backend.azurerm_user_assigned_identity.vmss_identity",
            "module.backend.tls_private_key.ssh",
            "module.database.azurerm_postgresql_flexible_server.primary",
            "module.database.azurerm_postgresql_flexible_server.replica",
            "module.database.azurerm_postgresql_flexible_server_configuration.primary_log_checkpoints",
            "module.database.azurerm_postgresql_flexible_server_configuration.primary_log_connections",
            "module.database.azurerm_postgresql_flexible_server_configuration.primary_ssl",
            "module.database.azurerm_postgresql_flexible_server_database.db",
            "module.database.random_password.postgres_password",
            "module.dns.azurerm_private_dns_zone.postgres",
            "module.dns.azurerm_private_dns_zone_virtual_network_link.postgres",
            "module.frontend.azurerm_public_ip.lb",
            "module.keyvault.azurerm_key_vault.kv",
            "module.keyvault.azurerm_role_assignment.backend_secret_user",
            "module.keyvault.azurerm_role_assignment.frontend_secret_user",
            "module.keyvault.azurerm_role_assignment.kv_admin",
            "module.network.azurerm_subnet.appgw",
            "module.network.azurerm_subnet.database",
            "module.network.azurerm_subnet.private",
            "module.network.azurerm_virtual_network.name"
          ]
        }
      ]
    },
    {
      "module": "module.frontend[0]",
      "mode": "managed",
      "type": "azurerm_public_ip",
      "name": "lb",
      "provider": "provider[\"registry.terraform.io/hashicorp/azurerm\"]",
      "instances": [
        {
          "index_key": 0,
          "schema_version": 0,
          "attributes": {
            "allocation_method": "Static",
            "ddos_protection_mode": "VirtualNetworkInherited",
            "ddos_protection_plan_id": null,
            "domain_name_label": null,
            "domain_name_label_scope": null,
            "edge_zone": "",
            "fqdn": null,
            "id": "/subscriptions/8eae94cc-2eea-4ec3-a98e-6fdae439c162/resourceGroups/prod-rg/providers/Microsoft.Network/publicIPAddresses/prod-frontend-pip",
            "idle_timeout_in_minutes": 4,
            "ip_address": "74.249.254.63",
            "ip_tags": {},
            "ip_version": "IPv4",
            "location": "centralus",
            "name": "prod-frontend-pip",
            "public_ip_prefix_id": null,
            "resource_group_name": "prod-rg",
            "reverse_fqdn": null,
            "sku": "Standard",
            "sku_tier": "Regional",
            "tags": {},
            "timeouts": null,
            "zones": []
          },
          "sensitive_attributes": [],
          "identity_schema_version": 0,
          "identity": {
            "name": "prod-frontend-pip",
            "resource_group_name": "prod-rg",
            "subscription_id": "8eae94cc-2eea-4ec3-a98e-6fdae439c162"
          },
          "private": "eyJlMmJmYjczMC1lY2FhLTExZTYtOGY4OC0zNDM2M2JjN2M0YzAiOnsiY3JlYXRlIjoxODAwMDAwMDAwMDAwLCJkZWxldGUiOjE4MDAwMDAwMDAwMDAsInJlYWQiOjMwMDAwMDAwMDAwMCwidXBkYXRlIjoxODAwMDAwMDAwMDAwfX0=",
          "dependencies": [
            "azurerm_resource_group.name",
            "data.azurerm_client_config.current",
            "module.backend.azurerm_application_gateway.frontend",
            "module.backend.azurerm_lb.backend",
            "module.backend.azurerm_lb_backend_address_pool.backend",
            "module.backend.azurerm_lb_probe.backend",
            "module.backend.azurerm_lb_rule.backend",
            "module.backend.azurerm_linux_virtual_machine_scale_set.vmss",
            "module.backend.azurerm_monitor_autoscale_setting.vmss_autoscale",
            "module.backend.azurerm_public_ip.lb",
            "module.backend.azurerm_user_assigned_identity.vmss_identity",
            "module.backend.tls_private_key.ssh",
            "module.database.azurerm_postgresql_flexible_server.primary",
            "module.database.azurerm_postgresql_flexible_server.replica",
            "module.database.azurerm_postgresql_flexible_server_configuration.primary_log_checkpoints",
            "module.database.azurerm_postgresql_flexible_server_configuration.primary_log_connections",
            "module.database.azurerm_postgresql_flexible_server_configuration.primary_ssl",
            "module.database.azurerm_postgresql_flexible_server_database.db",
            "module.database.random_password.postgres_password",
            "module.dns.azurerm_private_dns_zone.postgres",
            "module.dns.azurerm_private_dns_zone_virtual_network_link.postgres",
            "module.keyvault.azurerm_key_vault.kv",
            "module.keyvault.azurerm_role_assignment.backend_secret_user",
            "module.keyvault.azurerm_role_assignment.frontend_secret_user",
            "module.keyvault.azurerm_role_assignment.kv_admin",
            "module.network.azurerm_subnet.database",
            "module.network.azurerm_subnet.private",
            "module.network.azurerm_virtual_network.name"
          ]
        }
      ]
    },
    {
      "module": "module.network",
      "mode": "managed",
      "type": "azurerm_bastion_host",
      "name": "name",
      "provider": "provider[\"registry.terraform.io/hashicorp/azurerm\"]",
      "instances": [
        {
          "schema_version": 0,
          "attributes": {
            "copy_paste_enabled": true,
            "dns_name": "bst-31f4e950-2a19-4fda-b323-cea5301b7499.bastion.azure.com",
            "file_copy_enabled": false,
            "id": "/subscriptions/8eae94cc-2eea-4ec3-a98e-6fdae439c162/resourceGroups/prod-rg/providers/Microsoft.Network/bastionHosts/prod-bastion",
            "ip_configuration": [
              {
                "name": "configuration",
                "public_ip_address_id": "/subscriptions/8eae94cc-2eea-4ec3-a98e-6fdae439c162/resourceGroups/prod-rg/providers/Microsoft.Network/publicIPAddresses/prod-bastion-pip",
                "subnet_id": "/subscriptions/8eae94cc-2eea-4ec3-a98e-6fdae439c162/resourceGroups/prod-rg/providers/Microsoft.Network/virtualNetworks/prod-vnet/subnets/AzureBastionSubnet"
              }
            ],
            "ip_connect_enabled": false,
            "kerberos_enabled": false,
            "location": "centralus",
            "name": "prod-bastion",
            "resource_group_name": "prod-rg",
            "scale_units": 2,
            "session_recording_enabled": false,
            "shareable_link_enabled": false,
            "sku": "Basic",
            "tags": {},
            "timeouts": null,
            "tunneling_enabled": false,
            "virtual_network_id": "",
            "zones": []
          },
          "sensitive_attributes": [],
          "identity_schema_version": 0,
          "identity": {
            "name": "prod-bastion",
            "resource_group_name": "prod-rg",
            "subscription_id": "8eae94cc-2eea-4ec3-a98e-6fdae439c162"
          },
          "private": "eyJlMmJmYjczMC1lY2FhLTExZTYtOGY4OC0zNDM2M2JjN2M0YzAiOnsiY3JlYXRlIjoxODAwMDAwMDAwMDAwLCJkZWxldGUiOjE4MDAwMDAwMDAwMDAsInJlYWQiOjMwMDAwMDAwMDAwMCwidXBkYXRlIjoxODAwMDAwMDAwMDAwfX0=",
          "dependencies": [
            "azurerm_resource_group.name",
            "module.network.azurerm_public_ip.bastion",
            "module.network.azurerm_subnet.bastion",
            "module.network.azurerm_virtual_network.name"
          ]
        }
      ]
    },
    {
      "module": "module.network",
      "mode": "managed",
      "type": "azurerm_public_ip",
      "name": "bastion",
      "provider": "provider[\"registry.terraform.io/hashicorp/azurerm\"]",
      "instances": [
        {
          "schema_version": 0,
          "attributes": {
            "allocation_method": "Static",
            "ddos_protection_mode": "VirtualNetworkInherited",
            "ddos_protection_plan_id": null,
            "domain_name_label": null,
            "domain_name_label_scope": null,
            "edge_zone": "",
            "fqdn": null,
            "id": "/subscriptions/8eae94cc-2eea-4ec3-a98e-6fdae439c162/resourceGroups/prod-rg/providers/Microsoft.Network/publicIPAddresses/prod-bastion-pip",
            "idle_timeout_in_minutes": 4,
            "ip_address": "20.29.90.101",
            "ip_tags": {},
            "ip_version": "IPv4",
            "location": "centralus",
            "name": "prod-bastion-pip",
            "public_ip_prefix_id": null,
            "resource_group_name": "prod-rg",
            "reverse_fqdn": null,
            "sku": "Standard",
            "sku_tier": "Regional",
            "tags": {},
            "timeouts": null,
            "zones": []
          },
          "sensitive_attributes": [],
          "identity_schema_version": 0,
          "identity": {
            "name": "prod-bastion-pip",
            "resource_group_name": "prod-rg",
            "subscription_id": "8eae94cc-2eea-4ec3-a98e-6fdae439c162"
          },
          "private": "eyJlMmJmYjczMC1lY2FhLTExZTYtOGY4OC0zNDM2M2JjN2M0YzAiOnsiY3JlYXRlIjoxODAwMDAwMDAwMDAwLCJkZWxldGUiOjE4MDAwMDAwMDAwMDAsInJlYWQiOjMwMDAwMDAwMDAwMCwidXBkYXRlIjoxODAwMDAwMDAwMDAwfX0=",
          "dependencies": [
            "azurerm_resource_group.name"
          ]
        }
      ]
    },
    {
      "module": "module.network",
      "mode": "managed",
      "type": "azurerm_subnet",
      "name": "appgw",
      "provider": "provider[\"registry.terraform.io/hashicorp/azurerm\"]",
      "instances": [
        {
          "schema_version": 0,
          "attributes": {
            "address_prefixes": [
              "10.0.8.0/24"
            ],
            "default_outbound_access_enabled": true,
            "delegation": [],
            "id": "/subscriptions/8eae94cc-2eea-4ec3-a98e-6fdae439c162/resourceGroups/prod-rg/providers/Microsoft.Network/virtualNetworks/prod-vnet/subnets/prod-appgw-subnet",
            "ip_address_pool": [],
            "name": "prod-appgw-subnet",
            "private_endpoint_network_policies": "Disabled",
            "private_link_service_network_policies_enabled": true,
            "resource_group_name": "prod-rg",
            "service_endpoint_policy_ids": [],
            "service_endpoints": [],
            "sharing_scope": "",
            "timeouts": null,
            "virtual_network_name": "prod-vnet"
          },
          "sensitive_attributes": [],
          "identity_schema_version": 0,
          "identity": {
            "name": "prod-appgw-subnet",
            "resource_group_name": "prod-rg",
            "subscription_id": "8eae94cc-2eea-4ec3-a98e-6fdae439c162",
            "virtual_network_name": "prod-vnet"
          },
          "private": "eyJlMmJmYjczMC1lY2FhLTExZTYtOGY4OC0zNDM2M2JjN2M0YzAiOnsiY3JlYXRlIjoxODAwMDAwMDAwMDAwLCJkZWxldGUiOjE4MDAwMDAwMDAwMDAsInJlYWQiOjMwMDAwMDAwMDAwMCwidXBkYXRlIjoxODAwMDAwMDAwMDAwfX0=",
          "dependencies": [
            "azurerm_resource_group.name",
            "module.network.azurerm_virtual_network.name"
          ]
        }
      ]
    },
    {
      "module": "module.network",
      "mode": "managed",
      "type": "azurerm_subnet",
      "name": "bastion",
      "provider": "provider[\"registry.terraform.io/hashicorp/azurerm\"]",
      "instances": [
        {
          "schema_version": 0,
          "attributes": {
            "address_prefixes": [
              "10.0.7.0/24"
            ],
            "default_outbound_access_enabled": true,
            "delegation": [],
            "id": "/subscriptions/8eae94cc-2eea-4ec3-a98e-6fdae439c162/resourceGroups/prod-rg/providers/Microsoft.Network/virtualNetworks/prod-vnet/subnets/AzureBastionSubnet",
            "ip_address_pool": [],
            "name": "AzureBastionSubnet",
            "private_endpoint_network_policies": "Disabled",
            "private_link_service_network_policies_enabled": true,
            "resource_group_name": "prod-rg",
            "service_endpoint_policy_ids": [],
            "service_endpoints": [],
            "sharing_scope": "",
            "timeouts": null,
            "virtual_network_name": "prod-vnet"
          },
          "sensitive_attributes": [],
          "identity_schema_version": 0,
          "identity": {
            "name": "AzureBastionSubnet",
            "resource_group_name": "prod-rg",
            "subscription_id": "8eae94cc-2eea-4ec3-a98e-6fdae439c162",
            "virtual_network_name": "prod-vnet"
          },
          "private": "eyJlMmJmYjczMC1lY2FhLTExZTYtOGY4OC0zNDM2M2JjN2M0YzAiOnsiY3JlYXRlIjoxODAwMDAwMDAwMDAwLCJkZWxldGUiOjE4MDAwMDAwMDAwMDAsInJlYWQiOjMwMDAwMDAwMDAwMCwidXBkYXRlIjoxODAwMDAwMDAwMDAwfX0=",
          "dependencies": [
            "azurerm_resource_group.name",
            "module.network.azurerm_virtual_network.name"
          ]
        }
      ]
    },
    {
      "module": "module.network",
      "mode": "managed",
      "type": "azurerm_subnet",
      "name": "database",
      "provider": "provider[\"registry.terraform.io/hashicorp/azurerm\"]",
      "instances": [
        {
          "index_key": 0,
          "schema_version": 0,
          "attributes": {
            "address_prefixes": [
              "10.0.5.0/24"
            ],
            "default_outbound_access_enabled": true,
            "delegation": [
              {
                "name": "flexi-servers",
                "service_delegation": [
                  {
                    "actions": [
                      "Microsoft.Network/virtualNetworks/subnets/join/action"
                    ],
                    "name": "Microsoft.DBforPostgreSQL/flexibleServers"
                  }
                ]
              }
            ],
            "id": "/subscriptions/8eae94cc-2eea-4ec3-a98e-6fdae439c162/resourceGroups/prod-rg/providers/Microsoft.Network/virtualNetworks/prod-vnet/subnets/prod-db-subnet-1",
            "ip_address_pool": [],
            "name": "prod-db-subnet-1",
            "private_endpoint_network_policies": "Disabled",
            "private_link_service_network_policies_enabled": true,
            "resource_group_name": "prod-rg",
            "service_endpoint_policy_ids": [],
            "service_endpoints": [
              "Microsoft.Sql",
              "Microsoft.Storage"
            ],
            "sharing_scope": "",
            "timeouts": null,
            "virtual_network_name": "prod-vnet"
          },
          "sensitive_attributes": [],
          "identity_schema_version": 0,
          "identity": {
            "name": "prod-db-subnet-1",
            "resource_group_name": "prod-rg",
            "subscription_id": "8eae94cc-2eea-4ec3-a98e-6fdae439c162",
            "virtual_network_name": "prod-vnet"
          },
          "private": "eyJlMmJmYjczMC1lY2FhLTExZTYtOGY4OC0zNDM2M2JjN2M0YzAiOnsiY3JlYXRlIjoxODAwMDAwMDAwMDAwLCJkZWxldGUiOjE4MDAwMDAwMDAwMDAsInJlYWQiOjMwMDAwMDAwMDAwMCwidXBkYXRlIjoxODAwMDAwMDAwMDAwfX0=",
          "dependencies": [
            "azurerm_resource_group.name",
            "module.network.azurerm_virtual_network.name"
          ]
        },
        {
          "index_key": 1,
          "schema_version": 0,
          "attributes": {
            "address_prefixes": [
              "10.0.6.0/24"
            ],
            "default_outbound_access_enabled": true,
            "delegation": [
              {
                "name": "flexi-servers",
                "service_delegation": [
                  {
                    "actions": [
                      "Microsoft.Network/virtualNetworks/subnets/join/action"
                    ],
                    "name": "Microsoft.DBforPostgreSQL/flexibleServers"
                  }
                ]
              }
            ],
            "id": "/subscriptions/8eae94cc-2eea-4ec3-a98e-6fdae439c162/resourceGroups/prod-rg/providers/Microsoft.Network/virtualNetworks/prod-vnet/subnets/prod-db-subnet-2",
            "ip_address_pool": [],
            "name": "prod-db-subnet-2",
            "private_endpoint_network_policies": "Disabled",
            "private_link_service_network_policies_enabled": true,
            "resource_group_name": "prod-rg",
            "service_endpoint_policy_ids": [],
            "service_endpoints": [
              "Microsoft.Sql",
              "Microsoft.Storage"
            ],
            "sharing_scope": "",
            "timeouts": null,
            "virtual_network_name": "prod-vnet"
          },
          "sensitive_attributes": [],
          "identity_schema_version": 0,
          "identity": {
            "name": "prod-db-subnet-2",
            "resource_group_name": "prod-rg",
            "subscription_id": "8eae94cc-2eea-4ec3-a98e-6fdae439c162",
            "virtual_network_name": "prod-vnet"
          },
          "private": "eyJlMmJmYjczMC1lY2FhLTExZTYtOGY4OC0zNDM2M2JjN2M0YzAiOnsiY3JlYXRlIjoxODAwMDAwMDAwMDAwLCJkZWxldGUiOjE4MDAwMDAwMDAwMDAsInJlYWQiOjMwMDAwMDAwMDAwMCwidXBkYXRlIjoxODAwMDAwMDAwMDAwfX0=",
          "dependencies": [
            "azurerm_resource_group.name",
            "module.network.azurerm_virtual_network.name"
          ]
        }
      ]
    },
    {
      "module": "module.network",
      "mode": "managed",
      "type": "azurerm_subnet",
      "name": "private",
      "provider": "provider[\"registry.terraform.io/hashicorp/azurerm\"]",
      "instances": [
        {
          "index_key": 0,
          "schema_version": 0,
          "attributes": {
            "address_prefixes": [
              "10.0.3.0/24"
            ],
            "default_outbound_access_enabled": true,
            "delegation": [],
            "id": "/subscriptions/8eae94cc-2eea-4ec3-a98e-6fdae439c162/resourceGroups/prod-rg/providers/Microsoft.Network/virtualNetworks/prod-vnet/subnets/prod-private-subnet-1",
            "ip_address_pool": [],
            "name": "prod-private-subnet-1",
            "private_endpoint_network_policies": "Disabled",
            "private_link_service_network_policies_enabled": true,
            "resource_group_name": "prod-rg",
            "service_endpoint_policy_ids": [],
            "service_endpoints": [
              "Microsoft.ContainerRegistry",
              "Microsoft.KeyVault",
              "Microsoft.Storage"
            ],
            "sharing_scope": "",
            "timeouts": null,
            "virtual_network_name": "prod-vnet"
          },
          "sensitive_attributes": [],
          "identity_schema_version": 0,
          "identity": {
            "name": "prod-private-subnet-1",
            "resource_group_name": "prod-rg",
            "subscription_id": "8eae94cc-2eea-4ec3-a98e-6fdae439c162",
            "virtual_network_name": "prod-vnet"
          },
          "private": "eyJlMmJmYjczMC1lY2FhLTExZTYtOGY4OC0zNDM2M2JjN2M0YzAiOnsiY3JlYXRlIjoxODAwMDAwMDAwMDAwLCJkZWxldGUiOjE4MDAwMDAwMDAwMDAsInJlYWQiOjMwMDAwMDAwMDAwMCwidXBkYXRlIjoxODAwMDAwMDAwMDAwfX0=",
          "dependencies": [
            "azurerm_resource_group.name",
            "module.network.azurerm_virtual_network.name"
          ]
        },
        {
          "index_key": 1,
          "schema_version": 0,
          "attributes": {
            "address_prefixes": [
              "10.0.4.0/24"
            ],
            "default_outbound_access_enabled": true,
            "delegation": [],
            "id": "/subscriptions/8eae94cc-2eea-4ec3-a98e-6fdae439c162/resourceGroups/prod-rg/providers/Microsoft.Network/virtualNetworks/prod-vnet/subnets/prod-private-subnet-2",
            "ip_address_pool": [],
            "name": "prod-private-subnet-2",
            "private_endpoint_network_policies": "Disabled",
            "private_link_service_network_policies_enabled": true,
            "resource_group_name": "prod-rg",
            "service_endpoint_policy_ids": [],
            "service_endpoints": [
              "Microsoft.ContainerRegistry",
              "Microsoft.KeyVault",
              "Microsoft.Storage"
            ],
            "sharing_scope": "",
            "timeouts": null,
            "virtual_network_name": "prod-vnet"
          },
          "sensitive_attributes": [],
          "identity_schema_version": 0,
          "identity": {
            "name": "prod-private-subnet-2",
            "resource_group_name": "prod-rg",
            "subscription_id": "8eae94cc-2eea-4ec3-a98e-6fdae439c162",
            "virtual_network_name": "prod-vnet"
          },
          "private": "eyJlMmJmYjczMC1lY2FhLTExZTYtOGY4OC0zNDM2M2JjN2M0YzAiOnsiY3JlYXRlIjoxODAwMDAwMDAwMDAwLCJkZWxldGUiOjE4MDAwMDAwMDAwMDAsInJlYWQiOjMwMDAwMDAwMDAwMCwidXBkYXRlIjoxODAwMDAwMDAwMDAwfX0=",
          "dependencies": [
            "azurerm_resource_group.name",
            "module.network.azurerm_virtual_network.name"
          ]
        }
      ]
    },
    {
      "module": "module.network",
      "mode": "managed",
      "type": "azurerm_virtual_network",
      "name": "name",
      "provider": "provider[\"registry.terraform.io/hashicorp/azurerm\"]",
      "instances": [
        {
          "schema_version": 0,
          "attributes": {
            "address_space": [
              "10.0.0.0/16"
            ],
            "bgp_community": "",
            "ddos_protection_plan": [],
            "dns_servers": [],
            "edge_zone": "",
            "encryption": [],
            "flow_timeout_in_minutes": 0,
            "guid": "401eac4f-6805-44ab-b06e-98d3bb71074e",
            "id": "/subscriptions/8eae94cc-2eea-4ec3-a98e-6fdae439c162/resourceGroups/prod-rg/providers/Microsoft.Network/virtualNetworks/prod-vnet",
            "ip_address_pool": [],
            "location": "centralus",
            "name": "prod-vnet",
            "private_endpoint_vnet_policies": "Disabled",
            "resource_group_name": "prod-rg",
            "subnet": [
              {
                "address_prefixes": [
                  "10.0.1.0/24"
                ],
                "default_outbound_access_enabled": true,
                "delegation": [],
                "id": "/subscriptions/8eae94cc-2eea-4ec3-a98e-6fdae439c162/resourceGroups/prod-rg/providers/Microsoft.Network/virtualNetworks/prod-vnet/subnets/prod-public-subnet-1",
                "name": "prod-public-subnet-1",
                "private_endpoint_network_policies": "Disabled",
                "private_link_service_network_policies_enabled": true,
                "route_table_id": "",
                "security_group": "/subscriptions/8eae94cc-2eea-4ec3-a98e-6fdae439c162/resourceGroups/prod-rg/providers/Microsoft.Network/networkSecurityGroups/prod-public-nsg",
                "service_endpoint_policy_ids": [],
                "service_endpoints": [
                  "Microsoft.ContainerRegistry",
                  "Microsoft.KeyVault",
                  "Microsoft.Storage"
                ]
              },
              {
                "address_prefixes": [
                  "10.0.2.0/24"
                ],
                "default_outbound_access_enabled": true,
                "delegation": [],
                "id": "/subscriptions/8eae94cc-2eea-4ec3-a98e-6fdae439c162/resourceGroups/prod-rg/providers/Microsoft.Network/virtualNetworks/prod-vnet/subnets/prod-public-subnet-2",
                "name": "prod-public-subnet-2",
                "private_endpoint_network_policies": "Disabled",
                "private_link_service_network_policies_enabled": true,
                "route_table_id": "",
                "security_group": "/subscriptions/8eae94cc-2eea-4ec3-a98e-6fdae439c162/resourceGroups/prod-rg/providers/Microsoft.Network/networkSecurityGroups/prod-public-nsg",
                "service_endpoint_policy_ids": [],
                "service_endpoints": [
                  "Microsoft.ContainerRegistry",
                  "Microsoft.KeyVault",
                  "Microsoft.Storage"
                ]
              },
              {
                "address_prefixes": [
                  "10.0.3.0/24"
                ],
                "default_outbound_access_enabled": true,
                "delegation": [],
                "id": "/subscriptions/8eae94cc-2eea-4ec3-a98e-6fdae439c162/resourceGroups/prod-rg/providers/Microsoft.Network/virtualNetworks/prod-vnet/subnets/prod-private-subnet-1",
                "name": "prod-private-subnet-1",
                "private_endpoint_network_policies": "Disabled",
                "private_link_service_network_policies_enabled": true,
                "route_table_id": "",
                "security_group": "/subscriptions/8eae94cc-2eea-4ec3-a98e-6fdae439c162/resourceGroups/prod-rg/providers/Microsoft.Network/networkSecurityGroups/prod-private-nsg",
                "service_endpoint_policy_ids": [],
                "service_endpoints": [
                  "Microsoft.ContainerRegistry",
                  "Microsoft.KeyVault",
                  "Microsoft.Storage"
                ]
              },
              {
                "address_prefixes": [
                  "10.0.4.0/24"
                ],
                "default_outbound_access_enabled": true,
                "delegation": [],
                "id": "/subscriptions/8eae94cc-2eea-4ec3-a98e-6fdae439c162/resourceGroups/prod-rg/providers/Microsoft.Network/virtualNetworks/prod-vnet/subnets/prod-private-subnet-2",
                "name": "prod-private-subnet-2",
                "private_endpoint_network_policies": "Disabled",
                "private_link_service_network_policies_enabled": true,
                "route_table_id": "",
                "security_group": "/subscriptions/8eae94cc-2eea-4ec3-a98e-6fdae439c162/resourceGroups/prod-rg/providers/Microsoft.Network/networkSecurityGroups/prod-private-nsg",
                "service_endpoint_policy_ids": [],
                "service_endpoints": [
                  "Microsoft.ContainerRegistry",
                  "Microsoft.KeyVault",
                  "Microsoft.Storage"
                ]
              },
              {
                "address_prefixes": [
                  "10.0.5.0/24"
                ],
                "default_outbound_access_enabled": true,
                "delegation": [
                  {
                    "name": "flexi-servers",
                    "service_delegation": [
                      {
                        "actions": [
                          "Microsoft.Network/virtualNetworks/subnets/join/action"
                        ],
                        "name": "Microsoft.DBforPostgreSQL/flexibleServers"
                      }
                    ]
                  }
                ],
                "id": "/subscriptions/8eae94cc-2eea-4ec3-a98e-6fdae439c162/resourceGroups/prod-rg/providers/Microsoft.Network/virtualNetworks/prod-vnet/subnets/prod-db-subnet-1",
                "name": "prod-db-subnet-1",
                "private_endpoint_network_policies": "Disabled",
                "private_link_service_network_policies_enabled": true,
                "route_table_id": "",
                "security_group": "/subscriptions/8eae94cc-2eea-4ec3-a98e-6fdae439c162/resourceGroups/prod-rg/providers/Microsoft.Network/networkSecurityGroups/prod-database-nsg",
                "service_endpoint_policy_ids": [],
                "service_endpoints": [
                  "Microsoft.Sql",
                  "Microsoft.Storage"
                ]
              },
              {
                "address_prefixes": [
                  "10.0.6.0/24"
                ],
                "default_outbound_access_enabled": true,
                "delegation": [
                  {
                    "name": "flexi-servers",
                    "service_delegation": [
                      {
                        "actions": [
                          "Microsoft.Network/virtualNetworks/subnets/join/action"
                        ],
                        "name": "Microsoft.DBforPostgreSQL/flexibleServers"
                      }
                    ]
                  }
                ],
                "id": "/subscriptions/8eae94cc-2eea-4ec3-a98e-6fdae439c162/resourceGroups/prod-rg/providers/Microsoft.Network/virtualNetworks/prod-vnet/subnets/prod-db-subnet-2",
                "name": "prod-db-subnet-2",
                "private_endpoint_network_policies": "Disabled",
                "private_link_service_network_policies_enabled": true,
                "route_table_id": "",
                "security_group": "/subscriptions/8eae94cc-2eea-4ec3-a98e-6fdae439c162/resourceGroups/prod-rg/providers/Microsoft.Network/networkSecurityGroups/prod-database-nsg",
                "service_endpoint_policy_ids": [],
                "service_endpoints": [
                  "Microsoft.Sql",
                  "Microsoft.Storage"
                ]
              },
              {
                "address_prefixes": [
                  "10.0.7.0/24"
                ],
                "default_outbound_access_enabled": true,
                "delegation": [],
                "id": "/subscriptions/8eae94cc-2eea-4ec3-a98e-6fdae439c162/resourceGroups/prod-rg/providers/Microsoft.Network/virtualNetworks/prod-vnet/subnets/AzureBastionSubnet",
                "name": "AzureBastionSubnet",
                "private_endpoint_network_policies": "Disabled",
                "private_link_service_network_policies_enabled": true,
                "route_table_id": "",
                "security_group": "",
                "service_endpoint_policy_ids": [],
                "service_endpoints": []
              },
              {
                "address_prefixes": [
                  "10.0.8.0/24"
                ],
                "default_outbound_access_enabled": true,
                "delegation": [],
                "id": "/subscriptions/8eae94cc-2eea-4ec3-a98e-6fdae439c162/resourceGroups/prod-rg/providers/Microsoft.Network/virtualNetworks/prod-vnet/subnets/prod-appgw-subnet",
                "name": "prod-appgw-subnet",
                "private_endpoint_network_policies": "Disabled",
                "private_link_service_network_policies_enabled": true,
                "route_table_id": "",
                "security_group": "",
                "service_endpoint_policy_ids": [],
                "service_endpoints": []
              }
            ],
            "tags": {},
            "timeouts": null
          },
          "sensitive_attributes": [],
          "identity_schema_version": 0,
          "identity": {
            "name": "prod-vnet",
            "resource_group_name": "prod-rg",
            "subscription_id": "8eae94cc-2eea-4ec3-a98e-6fdae439c162"
          },
          "private": "eyJlMmJmYjczMC1lY2FhLTExZTYtOGY4OC0zNDM2M2JjN2M0YzAiOnsiY3JlYXRlIjoxODAwMDAwMDAwMDAwLCJkZWxldGUiOjE4MDAwMDAwMDAwMDAsInJlYWQiOjMwMDAwMDAwMDAwMCwidXBkYXRlIjoxODAwMDAwMDAwMDAwfX0=",
          "dependencies": [
            "azurerm_resource_group.name"
          ]
        }
      ]
    }
  ],
  "check_results": [
    {
      "object_kind": "var",
      "config_addr": "var.postgres_db_sslmode",
      "status": "unknown",
      "objects": null
    }
  ]
}
