{
  "version": 4,
  "terraform_version": "1.14.5",
  "serial": 2321,
  "lineage": "e26bcd0d-e74e-192e-2ba7-d9801608cf11",
  "outputs": {
    "application_gateway_name": {
      "value": "prod-appgw",
      "type": "string"
    },
    "backend_internal_lb_ip": {
      "value": "10.0.3.4",
      "type": "string"
    },
    "backend_lb_ip": {
      "value": "10.0.3.4",
      "type": "string"
    },
    "backend_load_balancer_ip": {
      "value": "10.0.3.4",
      "type": "string"
    },
    "backend_ssh_private_key": {
      "value": "-----BEGIN RSA PRIVATE KEY-----\nMIIJKAIBAAKCAgEA2w+5HQJA3kETYCnEvUSV3WFcVpKT5TfnBLmpcAm0phDCZnIf\nhAk4N9srfqHT//7U5WAHM31Ugbj9U61BJD/PP9vlT34jLNmSwRbtbTp1ldJ0G0ep\n3yiV0e5ieyaFCVtD+uXucgMkDTeytCtzmJJH1Kq0vesonvVmrBVYnunrQ7dPQ/10\nzTontYK38QP7GyzAmPBhSIxiT9fnMu+ifx+uFQl3WsNbj6dlM+xSKJHEGSccgvMM\ntiFT83mW9OqsTYG4NJf0QgOiesRBvhjw+NfwwsAn1277zUvvNq4/zOVCYcfeQtJn\nQpjhguynw3gKimIxJ8Jm51pXlDXER0LuumjbvBeZKLI+huRSajRy+7ms9OTcRyrX\nXSqnM+CJAoJ+UKy0f6DS77TGZ7O7ZIS579f0ZmopfYto7/eITmeHZ+CCX5fCAotq\ne0OJHmbvigQcmUw2newEtbtoaXFrmXKgyy3hi67jXjcZ20TvMpCauBuD/ail/8x3\nCitvTEg+QE2Sc2bzLkTdisW9CHYkZXBO8VhOZFNw2SYnC9cK87K41T+eTgTwOkVQ\nyIO6o2KRJPLskxC9ozuH5VQHDFow4liNWRRfOTy6KfXF0gaeOgNgAiWX2EJhukFu\n7AXL2Rllo0hvscXe0NN08xB6NDr/XS1e/Fbg8zQB5HyDepKtEtF/J4zwb+MCAwEA\nAQKCAgAhdl5lkwGLsc8e4mJ+MurdnVC4nL1gx1BPxXifd6wTrf20Hny385yV07Hq\nLxguQ6QLwcZ31A5Dnpl73bxUqDalX5bAtNj0seub+T+dbs+lajd4L1NAlneEUPDU\nNQcfbcSNn+/zlI0+Q6LVqMmIpde5IbZoSHK1DXF4me4moD7i4i6GiUH9U4PbUzN7\n6orCFOz6r8V8io09+xIDEt30o0c5SW/k+nCTGhP4gYHvVozo9rOBQVVQwPiM+abY\nlLxrPoR/7DJQnzODo1UTj8XHjVzmsumjG/3010OcS7PNPbwNKbXG6VMCtk3EbRgX\nYM/jYap2k1iawI8eQbRQ2mWTLg9afLP/d2V+DFLnAw8n5xb23P6HUHTD/jsC5TuC\n/7ZYHi1/kF4VpmtFvlOZ9Ho1U3Kjksj9awJ5vP7TRnvzgZG5CxNDmdmHJPg3JRL5\nladjYkp4v+qEmaRPbsQ1IZgJszapvjBgtjp3It4a0cBlacGJwku1lsET1+Fj7UoG\n28JsLHy+lwibUR58ILnDOx9LwfL9rklNsPFPr+QTzcB1PxmAFHIH70dsqhbpqIVT\nl3atYxakPeeyiZjQcvaawYB9aJHwXhH4JwzmMI3mQ44VxJe77OXOwSDeChsrBGAb\nuQ+0RuIe/68ED3U0g+CTfJmQtpJwX1kStbH0MkX4DclD69I/8QKCAQEA5lpjf1ws\nY2me63kKGzUQAimDLNOR7kK54mF3ZrgSf/lIN0n5SakOnZ3q/HClA9W19FdF5Lho\nUgKwSFVepJ5TtsiTq083aoE6cQRct+iT84BnVpXyvaGOZbTyKQ77cM76m5qrAP+V\nWw68VDD7jaSz+sET2V1dnQUdWYOFILKJXEGHdkyieHm9oMUrwYasC4iEUGS1G1o4\nEG21hnGZbhDZ64gSuX/Hjjat0p0krFGZUyPgE6ZFryFEeVYAEVR6jjQsckKKAhd7\ngQpZwVmY0eeJeYofMNTYQ/t8F1F+OkhmA3+oiFrgYRRERLMy1NEMjQ3NMzcIC2pf\nmuvgONbabPQrSQKCAQEA83N+w4UOVGPWW9GKjt92G/giWlPFbmKoX7nvumNPRNr7\nux5Gug6WwButcPXoTxiNL4+SZ9y5eV7YAjd7ripnjyLxzOyfQSZ4tG0QsTZ5jaY0\nRbfiUBHA9eJiTK9dc5HWybx3aKdYAowoztuNf4CH5l7Z72ahTkZJDLNp8F1LeRBx\nzVVkiXbQNgLIvBd+1JDmS6V4ZcJaLSnYRf8yn7651cq/+N8LTXE/P9Y7h/xbZ9Tz\n6EkgkeoM02cgkY2kbFt1iHUqChsw+H7PNyXoYE7xQIaAKjV/q8qOKz8GuQOJredu\n01kw35gpRDz98tqRS/tSwmK7IKhWDv7Kusmni3w1ywKCAQBSOuQX2+yQlGzBvFSq\nP7f2PaFxCBmpBzLaKFb6WS1pd7Ca5BJUhEAObggrk36krs6kad8uddHvrLwHJkqB\n028o6dMlLUMoBve4zojWsfTW0PiSxTaBEUIG9qAXnhyOOaTmlUEEOziy58C9ATtb\nZfdFxVTznEvFuMSwZq3IbVNxlobn6RV6kmLqGFi1XgDeoR4yoLCyEfO/kZpiYv0V\neHiChvHAPGgdUVGdxLEJvptQPZdJDGsFyIdsFRIzHYgeaWuQYkZn1sAk4XAHAJf4\nHoJJ28+km+aT5ht3K4U3Aw8/onukKWS94wE30QyNQg8L72hYJwX9JTz5zcgeIjyY\n9lTZAoIBAQDEjJdoZVEXYu9afAdAqDskA6ZAhOed4jsL5gMc2TbTYXThMmVpq4Oc\nH/xcebyPt0OthV1vSy3XRnJg/8hz6bpoPo83okZFBDlpebCDUna6nNgQ/Y/SkzLV\nkWtJfD+XocPmZamGLa0JiX0c3PcVXIDbxfJvrM1Ic8hgX62FKN1ZJaSrYWjk7q7V\nHFRSPynflgjIRBS7GzlQwzrf8FQ/0m0YpTNuSy1F3ctxz5WKiXyGjNBK1ldcVrj6\nKIWL3e5EqWZvwCArvp4/0amcXZeJwdJXBQAOk9i6qrMzSRQ1ZRzP8Uxxh83Eh4Wx\nmQhx/HJYBNVhKPLpP98TBjRIr6v8GlEXAoIBABRSC/tOmA4QMNWJvSv+wf7Zfak+\noTZzyxg6h54K+W6oMqgCLvN9POR8efJ7QKOnJO9xC+G3DnQdMUA+afYzd5cTRFCS\nKQ46s7wvpZHFa9cWkg9Q4DyYEwAFoS5U9yatM8/ijneo/cF2oQYkxYmlVZ+8Knm9\n3CZXuX39CkT+2jMB6Zh3wHWr6moUDA2qeKwGRXf31Y0LL9RHu32R65NZds0ns+Hp\n6Ucr3oo7QUK6ztz2fbWHUro+3m3xA1m7XmBtL6UA1cAvtzAMkb4VvQOgnl5h6LWs\njKYOkcOw+u/mYUkeqK3ZgpCsq1n2wlRzzXiWzXIM+a4H4eHCho9mOzNDRSU=\n-----END RSA PRIVATE KEY-----\n",
      "type": "string",
      "sensitive": true
    },
    "backend_vmss_id": {
      "value": "/subscriptions/8eae94cc-2eea-4ec3-a98e-6fdae439c162/resourceGroups/prod-rg/providers/Microsoft.Compute/virtualMachineScaleSets/prod-backend-vmss",
      "type": "string"
    },
    "bastion_host_name": {
      "value": "prod-bastion",
      "type": "string"
    },
    "database_name": {
      "value": "goalsdb",
      "type": "string"
    },
    "frontend_public_ip": {
      "value": "74.249.254.63",
      "type": "string"
    },
    "frontend_ssh_private_key": {
      "value": "-----BEGIN RSA PRIVATE KEY-----\nMIIJJwIBAAKCAgEAz/aRh3NpoEOU7LcJ+vuqllr3FHcqgIJjXEQYwfC3JMyxGUtO\no/+FPlAJKXKssmoivhRT/95PE5c8FtOTKiPMwJJmyqqM9m0B5ggB9Seg80Q8HNq8\n71FKUgLzNMGNXgELvIMjiMKUBN3mm7H7jPn0hRGn3U7xFB9GkQhiWn9Sqd9fjSE0\n9/GwEZvwdPXakZSLvlkygP2VgLLRov0ZKMCdyOvOXzcbG5z5Pi9CyyF0wISgCz+J\n1JVlvnVC7j/yOdDMv5TZc+BJGCT5ZyW7qg+jpxdvXKaVQTVNoz3k/gYeJLyWr7c0\n3rNi+PUqGV4YOk29oR1aLxgTxX4eHPZZvP0qixrgkoMw91HtWtM3lC/T2IkmOJia\n6KBAEys9pY87CfQhPM/lX3P9G0ga3Az1OoLsy9UIYlSDE938hq+1xQLwtZDeVwIU\n7twU83BLRGzKGCMOu+Qb+H8qbqDBzorYmFX6ws2olHnV6y5sThWLTVZtVT73FSPp\nNTFz5kjEDA6fU+aS/vlByCqjmmIWESksLSRMn0cqjhkw3z3V45gtYPv6zV9jZM6p\n4Hv6GaJ8DVTreDjI+Q5YCRsHE/gPdj2kIFuV6SXDgFXoUwnck+DlYZXAkXSS78TG\nGHBKZbJDJHk3BdaDQwDRwu9ttH66wR6yp3k/7ihI5YM+D2BjkOE9bYVtk1UCAwEA\nAQKCAgAVdklblL4cY40dhuBZThqzTKz+KDQzMgGmFoMFlN2ZxyQpy5tQkoDCRwlD\nBUosWYa/XiKzH9LCX1O8uVYRPcOWRiWkmchVcDeHcWEeV1olcO/RPIPOIPIOF67Y\nzXbU8j+vU0taBFa5T9tKSyp+SJeDGijcTpbTsEyckCRyWXyC+oIGcxxf0EoO7yx4\nLZ1Cc/WeDd+H72O79fhrnTo4+fPuteNE8U9zYJZaZA89HnVJnwZTUtnbHhXze2+O\nXfwWGmXfCbINYuK4QqyYiAzfhqCpkGIWSjzSD3m1NKCK1L/Mo8fbV4l1yEaZEdgn\n6Q2QCtDcrUZO4Om9coASFhx5xBjdNY6jiKToJ2Nn+TaEtidJ/fYaCNEHfUPL4uko\n1er09nWL3KjRuDhnGsioNgLqzAj4sLqpa9tzAti2gPqxWJUnEjj2QSheNvL2jmHr\nZ27FkOIE3asd3h+R0pzy9MAEHbqx7pGvP7tFym1aXqlM3jX5/JKq8NRmg/8S6pq3\n7dSqU2SB4a6dTjD8UhT24elJ2nxYt+egU+pe5tZDoAoUXHkF66mEg18PLKbig1oU\nPy/uknu44c4hFJS32dPQQx0wRcNn9/njUd6I2t9h8iel9juGaR1OEbVJCsGQWesA\njbQJ/dzXlvBDpuVlNqBCdvZyOZXLkYFDXQk0t62VoTfTB0QIMQKCAQEA2H4nYMEl\n4YWIJJKgwUaaSq8qWaC/qtZlpDV5O3aLjUABA6cnb6k8U5f8N6Kpi5+hZ+NkuMhr\nPqL6lQqdDp7WYCVe+VqOQ5/myFB4l3fGN1n9X+7xYbcwitJ1xI8lDJpgA3sD84Bx\nrl09Jyl4seL3fVzS0sCEwIXyUVhYuhWPqQ1rqYzNnGMSurHSeCiVhb3danbUQFv3\naeM7zoUgC5Nqn1DDaj4ql8cFK0GSmKdZMrcgvgV6KY6iUuX1DHrmXqOqIn5TEzuq\nPXiT111YTK1aktjxCsW8EqA4k9pDTmWd2RDYVD32WvFDk3TAlexymWig/hqY5ojU\no3cIKmG0zuWWnQKCAQEA9enwEp4d2Pbrxbu4fhbXla/2r/UrziHjoGPMmd/AHPBm\nPTM/MCJ2zZw3HApzLgD29hxzIe6YG8r4nQ4fQd/+XV2ZbET9W/JowGm0mU2qGxw3\noUOy3sqfLvtEWMmKYoj+Owr+yR6qqP0JxuXeuroDHzz6BfAIhcM+CFqD5uuafUST\ngyobUohGSLLN6+IyxqcC9HpWEn0s+PCwSuObSRw4H7j+lW8dhG+sAlMUDn0rqzyo\nnxagepcuTtHNYyTlnypjX1PQSmHqZXeE0HzPK8Kzl8wBOWRQU/PAxfC5n/rYRsTk\n5pt12+02MY/1Pxomt5sADXCjA0xf7iMB/m9PJTP2GQKCAQBWrHsbc3i1B37wFXwi\npR+UkviDlaXmwZtD2NzGf7lzPZKqYbuaKskqNokVxRvX+HroWtOyXxsAosNr9CnY\n9qKhL5UMg8K9NEFzJTSCf8Nt2atlQwaEtpDKo2Pe4+hTWWLjQdbdICljQ5T+Hs5h\neZrYJ9eH5OfBJF9VTeeH6KXxapwV73dKCyguco7u6GCkgNUqkJR9h9RQIleJYSbp\nO4XObsktueHXjih1nvUQBL/jXAnRyeOUy7QVOFeZPYMJlMDCuoyMALExlxqpeIen\neyft7sjiJTQcyOSd3R5hPrGpe+MAJyaAVmNVn8KSw21GGeuKkB9y/IkVQMyWGzQG\nOUjJAoIBAE5nctqMvRlyyIM3sb/Jypx4CN/a/EdxeKCnkREyTI8tentivm+7XUN6\n3fs7vbNaLWMUeQTFjIu38AIrAX5AS1o7QHJLoLfTFuDaEvGZ2HViTr5E1l/AHHaf\nOBBS2aNG6D+s5sT62RCd9KMMoTHJorsv9ssz15PGRx3ktg9G6O+tkJaOMz3iIv6E\nu7DMYsIBd6i45H5qmI8aNir6XIU30REUK187mR6jeCUZldh0whqLcXuffDT5xJLu\nw1wr5GYV3q8DCvLcOx50t8y9LlRWdGoeafmBaTcLDVhOwvAlyxTtK8n2oOIoxFGT\nA29GCDgb3C1szxx7Gk7TrIwRsxs6cOkCggEAboveEtUxydCg8FQCT2uR/QQEXcmt\nChjJ1WZSpuzxLDOoC6g/wTk8wCCTPI0o/5s0e9hg9wP2qIH8nf5pl0ub/zQsT6JP\nZz4FapDDIg9J0hCLN7rm+DBF3Clw9z7ZhzniLmbC8so3zO9uTlULwljyf3s4ix1M\nufvLj/VWrEpgdoyZ/GsWx6AjfZICppCfGb3DWUfEW98602q/0E7HJJzXFLXkonv4\nTW5hJKUuMMLNtjmUjSiA1Urjy0CeJyLQ4Igl5OTdwBGgdRi0/mzDiQJmU4SxNfzO\nEJkf2GLJrmSAT1FkHqqME6k6LXhEfRUIIBAuhrEGktLN6KtMxUNIwlwggQ==\n-----END RSA PRIVATE KEY-----\n",
      "type": "string",
      "sensitive": true
    },
    "frontend_url": {
      "value": "http://74.249.254.63",
      "type": "string"
    },
    "frontend_vmss_id": {
      "value": "/subscriptions/8eae94cc-2eea-4ec3-a98e-6fdae439c162/resourceGroups/prod-rg/providers/Microsoft.Compute/virtualMachineScaleSets/prod-frontend-vmss",
      "type": "string"
    },
    "key_vault_id": {
      "value": "/subscriptions/8eae94cc-2eea-4ec3-a98e-6fdae439c162/resourceGroups/prod-rg/providers/Microsoft.KeyVault/vaults/prod-kv-srujan",
      "type": "string"
    },
    "key_vault_name": {
      "value": "prod-kv-srujan",
      "type": "string"
    },
    "key_vault_uri": {
      "value": "https://prod-kv-srujan.vault.azure.net/",
      "type": "string"
    },
    "keyvault_id": {
      "value": "/subscriptions/8eae94cc-2eea-4ec3-a98e-6fdae439c162/resourceGroups/prod-rg/providers/Microsoft.KeyVault/vaults/prod-kv-srujan",
      "type": "string"
    },
    "postgres_admin_password": {
      "value": "g2_JAITgBB6NL%Q8",
      "type": "string",
      "sensitive": true
    },
    "postgres_admin_username": {
      "value": "psqladmin",
      "type": "string",
      "sensitive": true
    },
    "postgres_database_name": {
      "value": "goalsdb",
      "type": "string"
    },
    "postgres_replica_name": {
      "value": "prod-psql-replica-srujan",
      "type": "string"
    },
    "postgres_server_fqdn": {
      "value": "prod-psql-srujan.postgres.database.azure.com",
      "type": "string"
    },
    "postgres_server_name": {
      "value": "prod-psql-srujan",
      "type": "string"
    },
    "private_dns_zone_name": {
      "value": "privatelink.postgres.database.azure.com",
      "type": "string"
    },
    "resource_group_id": {
      "value": "/subscriptions/8eae94cc-2eea-4ec3-a98e-6fdae439c162/resourceGroups/prod-rg",
      "type": "string"
    },
    "resource_group_name": {
      "value": "prod-rg",
      "type": "string"
    },
    "vnet_id": {
      "value": "/subscriptions/8eae94cc-2eea-4ec3-a98e-6fdae439c162/resourceGroups/prod-rg/providers/Microsoft.Network/virtualNetworks/prod-vnet",
      "type": "string"
    },
    "vnet_name": {
      "value": "prod-vnet",
      "type": "string"
    }
  },
  "resources": [
    {
      "mode": "data",
      "type": "azurerm_client_config",
      "name": "current",
      "provider": "provider[\"registry.terraform.io/hashicorp/azurerm\"]",
      "instances": [
        {
          "schema_version": 0,
          "attributes": {
            "client_id": "04b07795-8ddb-461a-bbee-02f9e1bf7b46",
            "id": "Y2xpZW50Q29uZmlncy9jbGllbnRJZD0wNGIwNzc5NS04ZGRiLTQ2MWEtYmJlZS0wMmY5ZTFiZjdiNDY7b2JqZWN0SWQ9M2FjZWYxMGUtZWYxNC00ZmRmLWJmZWItOTgwZTFkZTA1NTZjO3N1YnNjcmlwdGlvbklkPThlYWU5NGNjLTJlZWEtNGVjMy1hOThlLTZmZGFlNDM5YzE2Mjt0ZW5hbnRJZD1lMjI0MzI5MC05MTU0LTRmNzQtYjFkNi01ZWQzMTEwMDdjZjY=",
            "object_id": "3acef10e-ef14-4fdf-bfeb-980e1de0556c",
            "subscription_id": "8eae94cc-2eea-4ec3-a98e-6fdae439c162",
            "tenant_id": "e2243290-9154-4f74-b1d6-5ed311007cf6",
            "timeouts": null
          },
          "sensitive_attributes": [],
          "identity_schema_version": 0
        }
      ]
    },
    {
      "mode": "managed",
      "type": "azurerm_key_vault_secret",
      "name": "db_host",
      "provider": "provider[\"registry.terraform.io/hashicorp/azurerm\"]",
      "instances": [
        {
          "schema_version": 0,
          "attributes": {
            "content_type": "",
            "expiration_date": "",
            "id": "https://prod-kv-srujan.vault.azure.net/secrets/db-host/d2a2544ffb9848bc9fb3d1244d00c437",
            "key_vault_id": "/subscriptions/8eae94cc-2eea-4ec3-a98e-6fdae439c162/resourceGroups/prod-rg/providers/Microsoft.KeyVault/vaults/prod-kv-srujan",
            "name": "db-host",
            "not_before_date": "",
            "resource_id": "/subscriptions/8eae94cc-2eea-4ec3-a98e-6fdae439c162/resourceGroups/prod-rg/providers/Microsoft.KeyVault/vaults/prod-kv-srujan/secrets/db-host/versions/d2a2544ffb9848bc9fb3d1244d00c437",
            "resource_versionless_id": "/subscriptions/8eae94cc-2eea-4ec3-a98e-6fdae439c162/resourceGroups/prod-rg/providers/Microsoft.KeyVault/vaults/prod-kv-srujan/secrets/db-host",
            "tags": {},
            "timeouts": null,
            "value": "prod-psql-srujan.postgres.database.azure.com",
            "value_wo": null,
            "value_wo_version": 0,
            "version": "d2a2544ffb9848bc9fb3d1244d00c437",
            "versionless_id": "https://prod-kv-srujan.vault.azure.net/secrets/db-host"
          },
          "sensitive_attributes": [
            [
              {
                "type": "get_attr",
                "value": "value"
              }
            ]
          ],
          "identity_schema_version": 0,
          "private": "eyJlMmJmYjczMC1lY2FhLTExZTYtOGY4OC0zNDM2M2JjN2M0YzAiOnsiY3JlYXRlIjoxODAwMDAwMDAwMDAwLCJkZWxldGUiOjE4MDAwMDAwMDAwMDAsInJlYWQiOjE4MDAwMDAwMDAwMDAsInVwZGF0ZSI6MTgwMDAwMDAwMDAwMH0sInNjaGVtYV92ZXJzaW9uIjoiMCJ9",
          "dependencies": [
            "azurerm_resource_group.name",
            "data.azurerm_client_config.current",
            "module.database.azurerm_postgresql_flexible_server.primary",
            "module.database.azurerm_postgresql_flexible_server.replica",
            "module.database.azurerm_postgresql_flexible_server_configuration.primary_log_checkpoints",
            "module.database.azurerm_postgresql_flexible_server_configuration.primary_log_connections",
            "module.database.azurerm_postgresql_flexible_server_configuration.primary_ssl",
            "module.database.azurerm_postgresql_flexible_server_database.db",
            "module.database.random_password.postgres_password",
            "module.dns.azurerm_private_dns_zone.postgres",
            "module.dns.azurerm_private_dns_zone_virtual_network_link.postgres",
            "module.keyvault.azurerm_key_vault.kv",
            "module.keyvault.azurerm_role_assignment.backend_secret_user",
            "module.keyvault.azurerm_role_assignment.frontend_secret_user",
            "module.keyvault.azurerm_role_assignment.kv_admin",
            "module.network.azurerm_subnet.database",
            "module.network.azurerm_virtual_network.name"
          ]
        }
      ]
    },
    {
      "mode": "managed",
      "type": "azurerm_key_vault_secret",
      "name": "db_name",
      "provider": "provider[\"registry.terraform.io/hashicorp/azurerm\"]",
      "instances": [
        {
          "schema_version": 0,
          "attributes": {
            "content_type": "",
            "expiration_date": "",
            "id": "https://prod-kv-srujan.vault.azure.net/secrets/db-name/853a21676cf84a959c776c954abde397",
            "key_vault_id": "/subscriptions/8eae94cc-2eea-4ec3-a98e-6fdae439c162/resourceGroups/prod-rg/providers/Microsoft.KeyVault/vaults/prod-kv-srujan",
            "name": "db-name",
            "not_before_date": "",
            "resource_id": "/subscriptions/8eae94cc-2eea-4ec3-a98e-6fdae439c162/resourceGroups/prod-rg/providers/Microsoft.KeyVault/vaults/prod-kv-srujan/secrets/db-name/versions/853a21676cf84a959c776c954abde397",
            "resource_versionless_id": "/subscriptions/8eae94cc-2eea-4ec3-a98e-6fdae439c162/resourceGroups/prod-rg/providers/Microsoft.KeyVault/vaults/prod-kv-srujan/secrets/db-name",
            "tags": {},
            "timeouts": null,
            "value": "goalsdb",
            "value_wo": null,
            "value_wo_version": 0,
            "version": "853a21676cf84a959c776c954abde397",
            "versionless_id": "https://prod-kv-srujan.vault.azure.net/secrets/db-name"
          },
          "sensitive_attributes": [
            [
              {
                "type": "get_attr",
                "value": "value"
              }
            ]
          ],
          "identity_schema_version": 0,
          "private": "eyJlMmJmYjczMC1lY2FhLTExZTYtOGY4OC0zNDM2M2JjN2M0YzAiOnsiY3JlYXRlIjoxODAwMDAwMDAwMDAwLCJkZWxldGUiOjE4MDAwMDAwMDAwMDAsInJlYWQiOjE4MDAwMDAwMDAwMDAsInVwZGF0ZSI6MTgwMDAwMDAwMDAwMH0sInNjaGVtYV92ZXJzaW9uIjoiMCJ9",
          "dependencies": [
            "azurerm_resource_group.name",
            "data.azurerm_client_config.current",
            "module.keyvault.azurerm_key_vault.kv",
            "module.keyvault.azurerm_role_assignment.backend_secret_user",
            "module.keyvault.azurerm_role_assignment.frontend_secret_user",
            "module.keyvault.azurerm_role_assignment.kv_admin"
          ]
        }
      ]
    },
    {
      "mode": "managed",
      "type": "azurerm_key_vault_secret",
      "name": "db_password",
      "provider": "provider[\"registry.terraform.io/hashicorp/azurerm\"]",
      "instances": [
        {
          "schema_version": 0,
          "attributes": {
            "content_type": "",
            "expiration_date": "",
            "id": "https://prod-kv-srujan.vault.azure.net/secrets/db-password/5dff24fca9b2492aaccd34c3fc755e17",
            "key_vault_id": "/subscriptions/8eae94cc-2eea-4ec3-a98e-6fdae439c162/resourceGroups/prod-rg/providers/Microsoft.KeyVault/vaults/prod-kv-srujan",
            "name": "db-password",
            "not_before_date": "",
            "resource_id": "/subscriptions/8eae94cc-2eea-4ec3-a98e-6fdae439c162/resourceGroups/prod-rg/providers/Microsoft.KeyVault/vaults/prod-kv-srujan/secrets/db-password/versions/5dff24fca9b2492aaccd34c3fc755e17",
            "resource_versionless_id": "/subscriptions/8eae94cc-2eea-4ec3-a98e-6fdae439c162/resourceGroups/prod-rg/providers/Microsoft.KeyVault/vaults/prod-kv-srujan/secrets/db-password",
            "tags": {},
            "timeouts": null,
            "value": "g2_JAITgBB6NL%Q8",
            "value_wo": null,
            "value_wo_version": 0,
            "version": "5dff24fca9b2492aaccd34c3fc755e17",
            "versionless_id": "https://prod-kv-srujan.vault.azure.net/secrets/db-password"
          },
          "sensitive_attributes": [
            [
              {
                "type": "get_attr",
                "value": "value"
              }
            ]
          ],
          "identity_schema_version": 0,
          "private": "eyJlMmJmYjczMC1lY2FhLTExZTYtOGY4OC0zNDM2M2JjN2M0YzAiOnsiY3JlYXRlIjoxODAwMDAwMDAwMDAwLCJkZWxldGUiOjE4MDAwMDAwMDAwMDAsInJlYWQiOjE4MDAwMDAwMDAwMDAsInVwZGF0ZSI6MTgwMDAwMDAwMDAwMH19",
          "dependencies": [
            "azurerm_resource_group.name",
            "data.azurerm_client_config.current",
            "module.database.azurerm_postgresql_flexible_server.primary",
            "module.database.azurerm_postgresql_flexible_server.replica",
            "module.database.azurerm_postgresql_flexible_server_configuration.primary_log_checkpoints",
            "module.database.azurerm_postgresql_flexible_server_configuration.primary_log_connections",
            "module.database.azurerm_postgresql_flexible_server_configuration.primary_ssl",
            "module.database.azurerm_postgresql_flexible_server_database.db",
            "module.database.random_password.postgres_password",
            "module.dns.azurerm_private_dns_zone.postgres",
            "module.dns.azurerm_private_dns_zone_virtual_network_link.postgres",
            "module.keyvault.azurerm_key_vault.kv",
            "module.keyvault.azurerm_role_assignment.backend_secret_user",
            "module.keyvault.azurerm_role_assignment.frontend_secret_user",
            "module.keyvault.azurerm_role_assignment.kv_admin",
            "module.network.azurerm_subnet.database",
            "module.network.azurerm_virtual_network.name"
          ]
        }
      ]
    },
    {
      "mode": "managed",
      "type": "azurerm_key_vault_secret",
      "name": "db_port",
      "provider": "provider[\"registry.terraform.io/hashicorp/azurerm\"]",
      "instances": [
        {
          "schema_version": 0,
          "attributes": {
            "content_type": "",
            "expiration_date": "",
            "id": "https://prod-kv-srujan.vault.azure.net/secrets/db-port/2393a2da2dc5438898731627ff62a8b3",
            "key_vault_id": "/subscriptions/8eae94cc-2eea-4ec3-a98e-6fdae439c162/resourceGroups/prod-rg/providers/Microsoft.KeyVault/vaults/prod-kv-srujan",
            "name": "db-port",
            "not_before_date": "",
            "resource_id": "/subscriptions/8eae94cc-2eea-4ec3-a98e-6fdae439c162/resourceGroups/prod-rg/providers/Microsoft.KeyVault/vaults/prod-kv-srujan/secrets/db-port/versions/2393a2da2dc5438898731627ff62a8b3",
            "resource_versionless_id": "/subscriptions/8eae94cc-2eea-4ec3-a98e-6fdae439c162/resourceGroups/prod-rg/providers/Microsoft.KeyVault/vaults/prod-kv-srujan/secrets/db-port",
            "tags": {},
            "timeouts": null,
            "value": "5432",
            "value_wo": null,
            "value_wo_version": 0,
            "version": "2393a2da2dc5438898731627ff62a8b3",
            "versionless_id": "https://prod-kv-srujan.vault.azure.net/secrets/db-port"
          },
          "sensitive_attributes": [
            [
              {
                "type": "get_attr",
                "value": "value"
              }
            ]
          ],
          "identity_schema_version": 0,
          "private": "eyJlMmJmYjczMC1lY2FhLTExZTYtOGY4OC0zNDM2M2JjN2M0YzAiOnsiY3JlYXRlIjoxODAwMDAwMDAwMDAwLCJkZWxldGUiOjE4MDAwMDAwMDAwMDAsInJlYWQiOjE4MDAwMDAwMDAwMDAsInVwZGF0ZSI6MTgwMDAwMDAwMDAwMH0sInNjaGVtYV92ZXJzaW9uIjoiMCJ9",
          "dependencies": [
            "azurerm_resource_group.name",
            "data.azurerm_client_config.current",
            "module.keyvault.azurerm_key_vault.kv",
            "module.keyvault.azurerm_role_assignment.backend_secret_user",
            "module.keyvault.azurerm_role_assignment.frontend_secret_user",
            "module.keyvault.azurerm_role_assignment.kv_admin"
          ]
        }
      ]
    },
    {
      "mode": "managed",
      "type": "azurerm_key_vault_secret",
      "name": "db_sslmode",
      "provider": "provider[\"registry.terraform.io/hashicorp/azurerm\"]",
      "instances": [
        {
          "schema_version": 0,
          "attributes": {
            "content_type": "",
            "expiration_date": "",
            "id": "https://prod-kv-srujan.vault.azure.net/secrets/db-sslmode/08949b59d40b450bba196d9f83ccb46f",
            "key_vault_id": "/subscriptions/8eae94cc-2eea-4ec3-a98e-6fdae439c162/resourceGroups/prod-rg/providers/Microsoft.KeyVault/vaults/prod-kv-srujan",
            "name": "db-sslmode",
            "not_before_date": "",
            "resource_id": "/subscriptions/8eae94cc-2eea-4ec3-a98e-6fdae439c162/resourceGroups/prod-rg/providers/Microsoft.KeyVault/vaults/prod-kv-srujan/secrets/db-sslmode/versions/08949b59d40b450bba196d9f83ccb46f",
            "resource_versionless_id": "/subscriptions/8eae94cc-2eea-4ec3-a98e-6fdae439c162/resourceGroups/prod-rg/providers/Microsoft.KeyVault/vaults/prod-kv-srujan/secrets/db-sslmode",
            "tags": {},
            "timeouts": null,
            "value": "require",
            "value_wo": null,
            "value_wo_version": 0,
            "version": "08949b59d40b450bba196d9f83ccb46f",
            "versionless_id": "https://prod-kv-srujan.vault.azure.net/secrets/db-sslmode"
          },
          "sensitive_attributes": [
            [
              {
                "type": "get_attr",
                "value": "value"
              }
            ]
          ],
          "identity_schema_version": 0,
          "private": "eyJlMmJmYjczMC1lY2FhLTExZTYtOGY4OC0zNDM2M2JjN2M0YzAiOnsiY3JlYXRlIjoxODAwMDAwMDAwMDAwLCJkZWxldGUiOjE4MDAwMDAwMDAwMDAsInJlYWQiOjE4MDAwMDAwMDAwMDAsInVwZGF0ZSI6MTgwMDAwMDAwMDAwMH0sInNjaGVtYV92ZXJzaW9uIjoiMCJ9",
          "dependencies": [
            "azurerm_resource_group.name",
            "data.azurerm_client_config.current",
            "module.keyvault.azurerm_key_vault.kv",
            "module.keyvault.azurerm_role_assignment.backend_secret_user",
            "module.keyvault.azurerm_role_assignment.frontend_secret_user",
            "module.keyvault.azurerm_role_assignment.kv_admin"
          ]
        }
      ]
    },
    {
      "mode": "managed",
      "type": "azurerm_key_vault_secret",
      "name": "db_username",
      "provider": "provider[\"registry.terraform.io/hashicorp/azurerm\"]",
      "instances": [
        {
          "schema_version": 0,
          "attributes": {
            "content_type": "",
            "expiration_date": "",
            "id": "https://prod-kv-srujan.vault.azure.net/secrets/db-username/e23fbee1a0c441048f82186b18210073",
            "key_vault_id": "/subscriptions/8eae94cc-2eea-4ec3-a98e-6fdae439c162/resourceGroups/prod-rg/providers/Microsoft.KeyVault/vaults/prod-kv-srujan",
            "name": "db-username",
            "not_before_date": "",
            "resource_id": "/subscriptions/8eae94cc-2eea-4ec3-a98e-6fdae439c162/resourceGroups/prod-rg/providers/Microsoft.KeyVault/vaults/prod-kv-srujan/secrets/db-username/versions/e23fbee1a0c441048f82186b18210073",
            "resource_versionless_id": "/subscriptions/8eae94cc-2eea-4ec3-a98e-6fdae439c162/resourceGroups/prod-rg/providers/Microsoft.KeyVault/vaults/prod-kv-srujan/secrets/db-username",
            "tags": {},
            "timeouts": null,
            "value": "psqladmin",
            "value_wo": null,
            "value_wo_version": 0,
            "version": "e23fbee1a0c441048f82186b18210073",
            "versionless_id": "https://prod-kv-srujan.vault.azure.net/secrets/db-username"
          },
          "sensitive_attributes": [
            [
              {
                "type": "get_attr",
                "value": "value"
              }
            ]
          ],
          "identity_schema_version": 0,
          "private": "eyJlMmJmYjczMC1lY2FhLTExZTYtOGY4OC0zNDM2M2JjN2M0YzAiOnsiY3JlYXRlIjoxODAwMDAwMDAwMDAwLCJkZWxldGUiOjE4MDAwMDAwMDAwMDAsInJlYWQiOjE4MDAwMDAwMDAwMDAsInVwZGF0ZSI6MTgwMDAwMDAwMDAwMH0sInNjaGVtYV92ZXJzaW9uIjoiMCJ9",
          "dependencies": [
            "azurerm_resource_group.name",
            "data.azurerm_client_config.current",
            "module.database.azurerm_postgresql_flexible_server.primary",
            "module.database.azurerm_postgresql_flexible_server.replica",
            "module.database.azurerm_postgresql_flexible_server_configuration.primary_log_checkpoints",
            "module.database.azurerm_postgresql_flexible_server_configuration.primary_log_connections",
            "module.database.azurerm_postgresql_flexible_server_configuration.primary_ssl",
            "module.database.azurerm_postgresql_flexible_server_database.db",
            "module.database.random_password.postgres_password",
            "module.dns.azurerm_private_dns_zone.postgres",
            "module.dns.azurerm_private_dns_zone_virtual_network_link.postgres",
            "module.keyvault.azurerm_key_vault.kv",
            "module.keyvault.azurerm_role_assignment.backend_secret_user",
            "module.keyvault.azurerm_role_assignment.frontend_secret_user",
            "module.keyvault.azurerm_role_assignment.kv_admin",
            "module.network.azurerm_subnet.database",
            "module.network.azurerm_virtual_network.name"
          ]
        }
      ]
    },
    {
      "mode": "managed",
      "type": "azurerm_key_vault_secret",
      "name": "dockerhub_pat",
      "provider": "provider[\"registry.terraform.io/hashicorp/azurerm\"]",
      "instances": [
        {
          "schema_version": 0,
          "attributes": {
            "content_type": "",
            "expiration_date": "",
            "id": "https://prod-kv-srujan.vault.azure.net/secrets/dockerhub-pat/a602a8be8ba045088cf2c31ae50f61a7",
            "key_vault_id": "/subscriptions/8eae94cc-2eea-4ec3-a98e-6fdae439c162/resourceGroups/prod-rg/providers/Microsoft.KeyVault/vaults/prod-kv-srujan",
            "name": "dockerhub-pat",
            "not_before_date": "",
            "resource_id": "/subscriptions/8eae94cc-2eea-4ec3-a98e-6fdae439c162/resourceGroups/prod-rg/providers/Microsoft.KeyVault/vaults/prod-kv-srujan/secrets/dockerhub-pat/versions/a602a8be8ba045088cf2c31ae50f61a7",
            "resource_versionless_id": "/subscriptions/8eae94cc-2eea-4ec3-a98e-6fdae439c162/resourceGroups/prod-rg/providers/Microsoft.KeyVault/vaults/prod-kv-srujan/secrets/dockerhub-pat",
            "tags": {},
            "timeouts": null,
            "value": "dckr_pat_wQLLYDFZblmYjfXhW9CcpzDUj0E",
            "value_wo": null,
            "value_wo_version": 0,
            "version": "a602a8be8ba045088cf2c31ae50f61a7",
            "versionless_id": "https://prod-kv-srujan.vault.azure.net/secrets/dockerhub-pat"
          },
          "sensitive_attributes": [
            [
              {
                "type": "get_attr",
                "value": "value"
              }
            ]
          ],
          "identity_schema_version": 0,
          "private": "eyJlMmJmYjczMC1lY2FhLTExZTYtOGY4OC0zNDM2M2JjN2M0YzAiOnsiY3JlYXRlIjoxODAwMDAwMDAwMDAwLCJkZWxldGUiOjE4MDAwMDAwMDAwMDAsInJlYWQiOjE4MDAwMDAwMDAwMDAsInVwZGF0ZSI6MTgwMDAwMDAwMDAwMH0sInNjaGVtYV92ZXJzaW9uIjoiMCJ9",
          "dependencies": [
            "azurerm_resource_group.name",
            "data.azurerm_client_config.current",
            "module.keyvault.azurerm_key_vault.kv",
            "module.keyvault.azurerm_role_assignment.backend_secret_user",
            "module.keyvault.azurerm_role_assignment.frontend_secret_user",
            "module.keyvault.azurerm_role_assignment.kv_admin"
          ]
        }
      ]
    },
    {
      "mode": "managed",
      "type": "azurerm_key_vault_secret",
      "name": "dockerhub_username",
      "provider": "provider[\"registry.terraform.io/hashicorp/azurerm\"]",
      "instances": [
        {
          "schema_version": 0,
          "attributes": {
            "content_type": "",
            "expiration_date": "",
            "id": "https://prod-kv-srujan.vault.azure.net/secrets/dockerhub-username/2a35e58e807d4b22ae236fa56cf8ff2e",
            "key_vault_id": "/subscriptions/8eae94cc-2eea-4ec3-a98e-6fdae439c162/resourceGroups/prod-rg/providers/Microsoft.KeyVault/vaults/prod-kv-srujan",
            "name": "dockerhub-username",
            "not_before_date": "",
            "resource_id": "/subscriptions/8eae94cc-2eea-4ec3-a98e-6fdae439c162/resourceGroups/prod-rg/providers/Microsoft.KeyVault/vaults/prod-kv-srujan/secrets/dockerhub-username/versions/2a35e58e807d4b22ae236fa56cf8ff2e",
            "resource_versionless_id": "/subscriptions/8eae94cc-2eea-4ec3-a98e-6fdae439c162/resourceGroups/prod-rg/providers/Microsoft.KeyVault/vaults/prod-kv-srujan/secrets/dockerhub-username",
            "tags": {},
            "timeouts": null,
            "value": "srujandaddy",
            "value_wo": null,
            "value_wo_version": 0,
            "version": "2a35e58e807d4b22ae236fa56cf8ff2e",
            "versionless_id": "https://prod-kv-srujan.vault.azure.net/secrets/dockerhub-username"
          },
          "sensitive_attributes": [
            [
              {
                "type": "get_attr",
                "value": "value"
              }
            ]
          ],
          "identity_schema_version": 0,
          "private": "eyJlMmJmYjczMC1lY2FhLTExZTYtOGY4OC0zNDM2M2JjN2M0YzAiOnsiY3JlYXRlIjoxODAwMDAwMDAwMDAwLCJkZWxldGUiOjE4MDAwMDAwMDAwMDAsInJlYWQiOjE4MDAwMDAwMDAwMDAsInVwZGF0ZSI6MTgwMDAwMDAwMDAwMH0sInNjaGVtYV92ZXJzaW9uIjoiMCJ9",
          "dependencies": [
            "azurerm_resource_group.name",
            "data.azurerm_client_config.current",
            "module.keyvault.azurerm_key_vault.kv",
            "module.keyvault.azurerm_role_assignment.backend_secret_user",
            "module.keyvault.azurerm_role_assignment.frontend_secret_user",
            "module.keyvault.azurerm_role_assignment.kv_admin"
          ]
        }
      ]
    },
    {
      "mode": "managed",
      "type": "azurerm_resource_group",
      "name": "name",
      "provider": "provider[\"registry.terraform.io/hashicorp/azurerm\"]",
      "instances": [
        {
          "schema_version": 0,
          "attributes": {
            "id": "/subscriptions/8eae94cc-2eea-4ec3-a98e-6fdae439c162/resourceGroups/prod-rg",
            "location": "centralus",
            "managed_by": "",
            "name": "prod-rg",
            "tags": {},
            "timeouts": null
          },
          "sensitive_attributes": [],
          "identity_schema_version": 0,
          "identity": {
            "name": "prod-rg",
            "subscription_id": "8eae94cc-2eea-4ec3-a98e-6fdae439c162"
          },
          "private": "eyJlMmJmYjczMC1lY2FhLTExZTYtOGY4OC0zNDM2M2JjN2M0YzAiOnsiY3JlYXRlIjo1NDAwMDAwMDAwMDAwLCJkZWxldGUiOjU0MDAwMDAwMDAwMDAsInJlYWQiOjMwMDAwMDAwMDAwMCwidXBkYXRlIjo1NDAwMDAwMDAwMDAwfX0="
        }
      ]
    },
    {
      "module": "module.backend[0]",
      "mode": "managed",
      "type": "azurerm_lb",
      "name": "backend",
      "provider": "provider[\"registry.terraform.io/hashicorp/azurerm\"]",
      "instances": [
        {
          "index_key": 0,
          "schema_version": 0,
          "attributes": {
            "edge_zone": "",
            "frontend_ip_configuration": [
              {
                "gateway_load_balancer_frontend_ip_configuration_id": "",
                "id": "/subscriptions/8eae94cc-2eea-4ec3-a98e-6fdae439c162/resourceGroups/prod-rg/providers/Microsoft.Network/loadBalancers/prod-backend-lb/frontendIPConfigurations/internal-ip-config",
                "inbound_nat_rules": [],
                "load_balancer_rules": [
                  "/subscriptions/8eae94cc-2eea-4ec3-a98e-6fdae439c162/resourceGroups/prod-rg/providers/Microsoft.Network/loadBalancers/prod-backend-lb/loadBalancingRules/prod-backend-rule"
                ],
                "name": "internal-ip-config",
                "outbound_rules": [],
                "private_ip_address": "10.0.3.4",
                "private_ip_address_allocation": "Dynamic",
                "private_ip_address_version": "IPv4",
                "public_ip_address_id": "",
                "public_ip_prefix_id": "",
                "subnet_id": "/subscriptions/8eae94cc-2eea-4ec3-a98e-6fdae439c162/resourceGroups/prod-rg/providers/Microsoft.Network/virtualNetworks/prod-vnet/subnets/prod-private-subnet-1",
                "zones": []
              }
            ],
            "id": "/subscriptions/8eae94cc-2eea-4ec3-a98e-6fdae439c162/resourceGroups/prod-rg/providers/Microsoft.Network/loadBalancers/prod-backend-lb",
            "location": "centralus",
            "name": "prod-backend-lb",
            "private_ip_address": "10.0.3.4",
            "private_ip_addresses": [
              "10.0.3.4"
            ],
            "public_ip_address_id": null,
            "resource_group_name": "prod-rg",
            "sku": "Standard",
            "sku_tier": "Regional",
            "subnet_id": null,
            "tags": {},
            "timeouts": null
          },
          "sensitive_attributes": [],
          "identity_schema_version": 0,
          "private": "eyJlMmJmYjczMC1lY2FhLTExZTYtOGY4OC0zNDM2M2JjN2M0YzAiOnsiY3JlYXRlIjoxODAwMDAwMDAwMDAwLCJkZWxldGUiOjE4MDAwMDAwMDAwMDAsInJlYWQiOjMwMDAwMDAwMDAwMCwidXBkYXRlIjoxODAwMDAwMDAwMDAwfX0=",
          "dependencies": [
            "azurerm_resource_group.name",
            "data.azurerm_client_config.current",
            "module.database.azurerm_postgresql_flexible_server.primary",
            "module.database.azurerm_postgresql_flexible_server.replica",
            "module.database.azurerm_postgresql_flexible_server_configuration.primary_log_checkpoints",
            "module.database.azurerm_postgresql_flexible_server_configuration.primary_log_connections",
            "module.database.azurerm_postgresql_flexible_server_configuration.primary_ssl",
            "module.database.azurerm_postgresql_flexible_server_database.db",
            "module.database.random_password.postgres_password",
            "module.dns.azurerm_private_dns_zone.postgres",
            "module.dns.azurerm_private_dns_zone_virtual_network_link.postgres",
            "module.keyvault.azurerm_key_vault.kv",
            "module.keyvault.azurerm_role_assignment.backend_secret_user",
            "module.keyvault.azurerm_role_assignment.frontend_secret_user",
            "module.keyvault.azurerm_role_assignment.kv_admin",
            "module.network.azurerm_subnet.database",
            "module.network.azurerm_subnet.private",
            "module.network.azurerm_virtual_network.name"
          ]
        }
      ]
    },
    {
      "module": "module.backend[0]",
      "mode": "managed",
      "type": "azurerm_lb_backend_address_pool",
      "name": "backend",
      "provider": "provider[\"registry.terraform.io/hashicorp/azurerm\"]",
      "instances": [
        {
          "index_key": 0,
          "schema_version": 0,
          "attributes": {
            "backend_ip_configurations": [
              "/subscriptions/8eae94cc-2eea-4ec3-a98e-6fdae439c162/resourceGroups/prod-rg/providers/Microsoft.Compute/virtualMachineScaleSets/prod-backend-vmss/virtualMachines/1/networkInterfaces/backend-nic/ipConfigurations/backend-ipconfig"
            ],
            "id": "/subscriptions/8eae94cc-2eea-4ec3-a98e-6fdae439c162/resourceGroups/prod-rg/providers/Microsoft.Network/loadBalancers/prod-backend-lb/backendAddressPools/prod-backend-backend-pool",
            "inbound_nat_rules": [],
            "load_balancing_rules": [
              "/subscriptions/8eae94cc-2eea-4ec3-a98e-6fdae439c162/resourceGroups/prod-rg/providers/Microsoft.Network/loadBalancers/prod-backend-lb/loadBalancingRules/prod-backend-rule"
            ],
            "loadbalancer_id": "/subscriptions/8eae94cc-2eea-4ec3-a98e-6fdae439c162/resourceGroups/prod-rg/providers/Microsoft.Network/loadBalancers/prod-backend-lb",
            "name": "prod-backend-backend-pool",
            "outbound_rules": [],
            "synchronous_mode": "",
            "timeouts": null,
            "tunnel_interface": [],
            "virtual_network_id": ""
          },
          "sensitive_attributes": [],
          "identity_schema_version": 0,
          "private": "eyJlMmJmYjczMC1lY2FhLTExZTYtOGY4OC0zNDM2M2JjN2M0YzAiOnsiY3JlYXRlIjoxODAwMDAwMDAwMDAwLCJkZWxldGUiOjE4MDAwMDAwMDAwMDAsInJlYWQiOjMwMDAwMDAwMDAwMCwidXBkYXRlIjoxODAwMDAwMDAwMDAwfX0=",
          "dependencies": [
            "azurerm_resource_group.name",
            "data.azurerm_client_config.current",
            "module.backend.azurerm_lb.backend",
            "module.database.azurerm_postgresql_flexible_server.primary",
            "module.database.azurerm_postgresql_flexible_server.replica",
            "module.database.azurerm_postgresql_flexible_server_configuration.primary_log_checkpoints",
            "module.database.azurerm_postgresql_flexible_server_configuration.primary_log_connections",
            "module.database.azurerm_postgresql_flexible_server_configuration.primary_ssl",
            "module.database.azurerm_postgresql_flexible_server_database.db",
            "module.database.random_password.postgres_password",
            "module.dns.azurerm_private_dns_zone.postgres",
            "module.dns.azurerm_private_dns_zone_virtual_network_link.postgres",
            "module.keyvault.azurerm_key_vault.kv",
            "module.keyvault.azurerm_role_assignment.backend_secret_user",
            "module.keyvault.azurerm_role_assignment.frontend_secret_user",
            "module.keyvault.azurerm_role_assignment.kv_admin",
            "module.network.azurerm_subnet.database",
            "module.network.azurerm_subnet.private",
            "module.network.azurerm_virtual_network.name"
          ]
        }
      ]
    },
    {
      "module": "module.backend[0]",
      "mode": "managed",
      "type": "azurerm_lb_probe",
      "name": "backend",
      "provider": "provider[\"registry.terraform.io/hashicorp/azurerm\"]",
      "instances": [
        {
          "index_key": 0,
          "schema_version": 0,
          "attributes": {
            "id": "/subscriptions/8eae94cc-2eea-4ec3-a98e-6fdae439c162/resourceGroups/prod-rg/providers/Microsoft.Network/loadBalancers/prod-backend-lb/probes/prod-backend-probe",
            "interval_in_seconds": 15,
            "load_balancer_rules": [
              "/subscriptions/8eae94cc-2eea-4ec3-a98e-6fdae439c162/resourceGroups/prod-rg/providers/Microsoft.Network/loadBalancers/prod-backend-lb/loadBalancingRules/prod-backend-rule"
            ],
            "loadbalancer_id": "/subscriptions/8eae94cc-2eea-4ec3-a98e-6fdae439c162/resourceGroups/prod-rg/providers/Microsoft.Network/loadBalancers/prod-backend-lb",
            "name": "prod-backend-probe",
            "number_of_probes": 2,
            "port": 8080,
            "probe_threshold": 1,
            "protocol": "Http",
            "request_path": "/health",
            "timeouts": null
          },
          "sensitive_attributes": [],
          "identity_schema_version": 0,
          "private": "eyJlMmJmYjczMC1lY2FhLTExZTYtOGY4OC0zNDM2M2JjN2M0YzAiOnsiY3JlYXRlIjoxODAwMDAwMDAwMDAwLCJkZWxldGUiOjE4MDAwMDAwMDAwMDAsInJlYWQiOjMwMDAwMDAwMDAwMCwidXBkYXRlIjoxODAwMDAwMDAwMDAwfX0=",
          "dependencies": [
            "azurerm_resource_group.name",
            "data.azurerm_client_config.current",
            "module.backend.azurerm_lb.backend",
            "module.database.azurerm_postgresql_flexible_server.primary",
            "module.database.azurerm_postgresql_flexible_server.replica",
            "module.database.azurerm_postgresql_flexible_server_configuration.primary_log_checkpoints",
            "module.database.azurerm_postgresql_flexible_server_configuration.primary_log_connections",
            "module.database.azurerm_postgresql_flexible_server_configuration.primary_ssl",
            "module.database.azurerm_postgresql_flexible_server_database.db",
            "module.database.random_password.postgres_password",
            "module.dns.azurerm_private_dns_zone.postgres",
            "module.dns.azurerm_private_dns_zone_virtual_network_link.postgres",
            "module.keyvault.azurerm_key_vault.kv",
            "module.keyvault.azurerm_role_assignment.backend_secret_user",
            "module.keyvault.azurerm_role_assignment.frontend_secret_user",
            "module.keyvault.azurerm_role_assignment.kv_admin",
            "module.network.azurerm_subnet.database",
            "module.network.azurerm_subnet.private",
            "module.network.azurerm_virtual_network.name"
          ]
        }
      ]
    },
    {
      "module": "module.backend[0]",
      "mode": "managed",
      "type": "azurerm_lb_rule",
      "name": "backend",
      "provider": "provider[\"registry.terraform.io/hashicorp/azurerm\"]",
      "instances": [
        {
          "index_key": 0,
          "schema_version": 0,
          "attributes": {
            "backend_address_pool_ids": [
              "/subscriptions/8eae94cc-2eea-4ec3-a98e-6fdae439c162/resourceGroups/prod-rg/providers/Microsoft.Network/loadBalancers/prod-backend-lb/backendAddressPools/prod-backend-backend-pool"
            ],
            "backend_port": 8080,
            "disable_outbound_snat": false,
            "enable_floating_ip": false,
            "enable_tcp_reset": false,
            "floating_ip_enabled": false,
            "frontend_ip_configuration_id": "/subscriptions/8eae94cc-2eea-4ec3-a98e-6fdae439c162/resourceGroups/prod-rg/providers/Microsoft.Network/loadBalancers/prod-backend-lb/frontendIPConfigurations/internal-ip-config",
            "frontend_ip_configuration_name": "internal-ip-config",
            "frontend_port": 8080,
            "id": "/subscriptions/8eae94cc-2eea-4ec3-a98e-6fdae439c162/resourceGroups/prod-rg/providers/Microsoft.Network/loadBalancers/prod-backend-lb/loadBalancingRules/prod-backend-rule",
            "idle_timeout_in_minutes": 4,
            "load_distribution": "Default",
            "loadbalancer_id": "/subscriptions/8eae94cc-2eea-4ec3-a98e-6fdae439c162/resourceGroups/prod-rg/providers/Microsoft.Network/loadBalancers/prod-backend-lb",
            "name": "prod-backend-rule",
            "probe_id": "/subscriptions/8eae94cc-2eea-4ec3-a98e-6fdae439c162/resourceGroups/prod-rg/providers/Microsoft.Network/loadBalancers/prod-backend-lb/probes/prod-backend-probe",
            "protocol": "Tcp",
            "tcp_reset_enabled": false,
            "timeouts": null
          },
          "sensitive_attributes": [],
          "identity_schema_version": 0,
          "private": "eyJlMmJmYjczMC1lY2FhLTExZTYtOGY4OC0zNDM2M2JjN2M0YzAiOnsiY3JlYXRlIjoxODAwMDAwMDAwMDAwLCJkZWxldGUiOjE4MDAwMDAwMDAwMDAsInJlYWQiOjMwMDAwMDAwMDAwMCwidXBkYXRlIjoxODAwMDAwMDAwMDAwfX0=",
          "dependencies": [
            "azurerm_resource_group.name",
            "data.azurerm_client_config.current",
            "module.backend.azurerm_lb.backend",
            "module.backend.azurerm_lb_backend_address_pool.backend",
            "module.backend.azurerm_lb_probe.backend",
            "module.database.azurerm_postgresql_flexible_server.primary",
            "module.database.azurerm_postgresql_flexible_server.replica",
            "module.database.azurerm_postgresql_flexible_server_configuration.primary_log_checkpoints",
            "module.database.azurerm_postgresql_flexible_server_configuration.primary_log_connections",
            "module.database.azurerm_postgresql_flexible_server_configuration.primary_ssl",
            "module.database.azurerm_postgresql_flexible_server_database.db",
            "module.database.random_password.postgres_password",
            "module.dns.azurerm_private_dns_zone.postgres",
            "module.dns.azurerm_private_dns_zone_virtual_network_link.postgres",
            "module.keyvault.azurerm_key_vault.kv",
            "module.keyvault.azurerm_role_assignment.backend_secret_user",
            "module.keyvault.azurerm_role_assignment.frontend_secret_user",
            "module.keyvault.azurerm_role_assignment.kv_admin",
            "module.network.azurerm_subnet.database",
            "module.network.azurerm_subnet.private",
            "module.network.azurerm_virtual_network.name"
          ]
        }
      ]
    },
    {
      "module": "module.backend[0]",
      "mode": "managed",
      "type": "azurerm_linux_virtual_machine_scale_set",
      "name": "vmss",
      "provider": "provider[\"registry.terraform.io/hashicorp/azurerm\"]",
      "instances": [
        {
          "schema_version": 0,
          "attributes": {
            "additional_capabilities": [],
            "admin_password": null,
            "admin_ssh_key": [
              {
                "public_key": "ssh-rsa AAAAB3NzaC1yc2EAAAADAQABAAACAQDbD7kdAkDeQRNgKcS9RJXdYVxWkpPlN+cEualwCbSmEMJmch+ECTg32yt+odP//tTlYAczfVSBuP1TrUEkP88/2+VPfiMs2ZLBFu1tOnWV0nQbR6nfKJXR7mJ7JoUJW0P65e5yAyQNN7K0K3OYkkfUqrS96yie9WasFVie6etDt09D/XTNOie1grfxA/sbLMCY8GFIjGJP1+cy76J/H64VCXdaw1uPp2Uz7FIokcQZJxyC8wy2IVPzeZb06qxNgbg0l/RCA6J6xEG+GPD41/DCwCfXbvvNS+82rj/M5UJhx95C0mdCmOGC7KfDeAqKYjEnwmbnWleUNcRHQu66aNu8F5kosj6G5FJqNHL7uaz05NxHKtddKqcz4IkCgn5QrLR/oNLvtMZns7tkhLnv1/Rmail9i2jv94hOZ4dn4IJfl8ICi2p7Q4keZu+KBByZTDad7AS1u2hpcWuZcqDLLeGLruNeNxnbRO8ykJq4G4P9qKX/zHcKK29MSD5ATZJzZvMuRN2Kxb0IdiRlcE7xWE5kU3DZJicL1wrzsrjVP55OBPA6RVDIg7qjYpEk8uyTEL2jO4flVAcMWjDiWI1ZFF85PLop9cXSBp46A2ACJZfYQmG6QW7sBcvZGWWjSG+xxd7Q03TzEHo0Ov9dLV78VuDzNAHkfIN6kq0S0X8njPBv4w==\n",
                "username": "adminuser"
              }
            ],
            "admin_username": "adminuser",
            "automatic_instance_repair": [
              {
                "action": "Replace",
                "enabled": true,
                "grace_period": "PT30M"
              }
            ],
            "automatic_os_upgrade_policy": [],
            "boot_diagnostics": [],
            "capacity_reservation_group_id": "",
            "computer_name_prefix": "prod-backend-vmss",
            "custom_data": "IyEvYmluL2Jhc2gKCiMgQmFja2VuZCBwcm92aXNpb25pbmcgc2NyaXB0CgpzZXQgLWV1eG8gcGlwZWZhaWwKCkxPR19GSUxFPSIvdmFyL2xvZy9iYWNrZW5kX3Byb3Zpc2lvbi5sb2ciCmV4ZWMgPiA+KHRlZSAtYSAiJExPR19GSUxFIikgMj4mMQoKZWNobyAiPT09PT0gU3RhcnRpbmcgYmFja2VuZCBwcm92aXNpb25pbmcgYXQgJChkYXRlKSA9PT09PSIKCiMgRW5zdXJlIHJvb3QKCmlmIFsgIiQoaWQgLXUpIiAtbmUgMCBdOyB0aGVuCmVjaG8gIlJ1bm5pbmcgd2l0aCBzdWRvLi4uIgpleGVjIHN1ZG8gIiQwIiAiJEAiCmZpCgojIC0tLS0tLS0tLS0tLS0tLS0tLS0tLS0tLS0tLS0tCgojIFRlbXBsYXRlIHZhcmlhYmxlcwoKIyAtLS0tLS0tLS0tLS0tLS0tLS0tLS0tLS0tLS0tLQoKYXBwbGljYXRpb25fcG9ydD04MDgwCmZ1bGxfaW1hZ2VfbmFtZT0ic3J1amFuZGFkZHkvc2llbS1iYWNrZW5kIgpkb2NrZXJodWJfdXNlcm5hbWU9InNydWphbmRhZGR5Igpkb2NrZXJodWJfcGFzc3dvcmQ9ImRja3JfcGF0X3dRTExZREZaYmxtWWpmWGhXOUNjcHpEVWowRSIKa2V5X3ZhdWx0X2lkPSIvc3Vic2NyaXB0aW9ucy84ZWFlOTRjYy0yZWVhLTRlYzMtYTk4ZS02ZmRhZTQzOWMxNjIvcmVzb3VyY2VHcm91cHMvcHJvZC1yZy9wcm92aWRlcnMvTWljcm9zb2Z0LktleVZhdWx0L3ZhdWx0cy9wcm9kLWt2LXNydWphbiIKCiMgLS0tLS0tLS0tLS0tLS0tLS0tLS0tLS0tLS0tLS0KCiMgSW5zdGFsbCBkZXBlbmRlbmNpZXMKCiMgLS0tLS0tLS0tLS0tLS0tLS0tLS0tLS0tLS0tLS0KYXB0LWdldCB1cGRhdGUgLXkKREVCSUFOX0ZST05URU5EPW5vbmludGVyYWN0aXZlIGFwdC1nZXQgaW5zdGFsbCAteSBcCiAgYXB0LXRyYW5zcG9ydC1odHRwcyBjYS1jZXJ0aWZpY2F0ZXMgY3VybCBzb2Z0d2FyZS1wcm9wZXJ0aWVzLWNvbW1vbiBkbnN1dGlscyBnbnVwZyBuZXRjYXQtb3BlbmJzZAojIC0tLS0tLS0tLS0tLS0tLS0tLS0tLS0tLS0tLS0tCgojIEluc3RhbGwgRG9ja2VyCgojIC0tLS0tLS0tLS0tLS0tLS0tLS0tLS0tLS0tLS0tCgplY2hvICJTZXR0aW5nIHVwIERvY2tlci4uLiIKaW5zdGFsbCAtbSAwNzU1IC1kIC9ldGMvYXB0L2tleXJpbmdzCgppZiBbICEgLWYgL2V0Yy9hcHQva2V5cmluZ3MvZG9ja2VyLmdwZyBdOyB0aGVuCiAgY3VybCAtZnNTTCBodHRwczovL2Rvd25sb2FkLmRvY2tlci5jb20vbGludXgvdWJ1bnR1L2dwZyB8IFwKICAgIGdwZyAtLWRlYXJtb3IgLW8gL2V0Yy9hcHQva2V5cmluZ3MvZG9ja2VyLmdwZwpmaQoKY2htb2QgYStyIC9ldGMvYXB0L2tleXJpbmdzL2RvY2tlci5ncGcKCmVjaG8gXAogICJkZWIgW2FyY2g9JChkcGtnIC0tcHJpbnQtYXJjaGl0ZWN0dXJlKSBzaWduZWQtYnk9L2V0Yy9hcHQva2V5cmluZ3MvZG9ja2VyLmdwZ10gaHR0cHM6Ly9kb3dubG9hZC5kb2NrZXIuY29tL2xpbnV4L3VidW50dSBcCiAgJCguIC9ldGMvb3MtcmVsZWFzZSAmJiBlY2hvICIkVkVSU0lPTl9DT0RFTkFNRSIpIHN0YWJsZSIgXAogIHwgdGVlIC9ldGMvYXB0L3NvdXJjZXMubGlzdC5kL2RvY2tlci5saXN0ID4gL2Rldi9udWxsCgoKYXB0LWdldCB1cGRhdGUgLXkKREVCSUFOX0ZST05URU5EPW5vbmludGVyYWN0aXZlIGFwdC1nZXQgaW5zdGFsbCAteSBkb2NrZXItY2UgZG9ja2VyLWNlLWNsaSBjb250YWluZXJkLmlvIGRvY2tlci1idWlsZHgtcGx1Z2luIGRvY2tlci1jb21wb3NlLXBsdWdpbgpzeXN0ZW1jdGwgZW5hYmxlIGRvY2tlcgpzeXN0ZW1jdGwgc3RhcnQgZG9ja2VyCgojIEFkZCB1c2VyIHRvIGRvY2tlciBncm91cAoKdXNlcm1vZCAtYUcgZG9ja2VyIGFkbWludXNlciB8fCB0cnVlCgojIC0tLS0tLS0tLS0tLS0tLS0tLS0tLS0tLS0tLS0tCgojIEluc3RhbGwgQXp1cmUgQ0xJCgojIC0tLS0tLS0tLS0tLS0tLS0tLS0tLS0tLS0tLS0tCgppZiAhIGNvbW1hbmQgLXYgYXogPi9kZXYvbnVsbCAyPiYxOyB0aGVuCmVjaG8gIkluc3RhbGxpbmcgQXp1cmUgQ0xJLi4uIgpjdXJsIC1zTCBodHRwczovL2FrYS5tcy9JbnN0YWxsQXp1cmVDTElEZWIgfCBiYXNoCmZpCgoKCmVjaG8gIkNoZWNraW5nIEtleSBWYXVsdCBhY2Nlc3MuLi4iCgoKICBlY2hvICJXQVJOSU5HOiBDYW5ub3QgYWNjZXNzIEtleSBWYXVsdCAoUkJBQyAvIE5ldHdvcmsgaXNzdWUpIgogIGVjaG8gIlByb2NlZWRpbmcgYW55d2F5LCBidXQgREIgbWF5IGZhaWwuLi4iCgoKCiMgLS0tLS0tLS0tLS0tLS0tLS0tLS0tLS0tLS0tLS0KCiMgRG9ja2VyIGxvZ2luIChvcHRpb25hbCkKCiMgLS0tLS0tLS0tLS0tLS0tLS0tLS0tLS0tLS0tLS0KCmlmIFsgLW4gIiRkb2NrZXJodWJfdXNlcm5hbWUiIF0gJiYgWyAtbiAiJGRvY2tlcmh1Yl9wYXNzd29yZCIgXTsgdGhlbgplY2hvICJMb2dnaW5nIGludG8gRG9ja2VyIEh1Yi4uLiIKZWNobyAiJGRvY2tlcmh1Yl9wYXNzd29yZCIgfCBkb2NrZXIgbG9naW4gLXUgIiRkb2NrZXJodWJfdXNlcm5hbWUiIC0tcGFzc3dvcmQtc3RkaW4KZWxzZQplY2hvICJTa2lwcGluZyBEb2NrZXIgbG9naW4gKHB1YmxpYyBpbWFnZSBhc3N1bWVkKSIKZmkKCiMgLS0tLS0tLS0tLS0tLS0tLS0tLS0tLS0tLS0tLS0KCiMgUHVsbCBpbWFnZQoKIyAtLS0tLS0tLS0tLS0tLS0tLS0tLS0tLS0tLS0tLQoKZWNobyAiUHVsbGluZyBpbWFnZTogJGZ1bGxfaW1hZ2VfbmFtZSIKZG9ja2VyIHB1bGwgIiRmdWxsX2ltYWdlX25hbWUiCgojIC0tLS0tLS0tLS0tLS0tLS0tLS0tLS0tLS0tLS0tCgojIEtleSBWYXVsdCBzZXR1cAoKIyAtLS0tLS0tLS0tLS0tLS0tLS0tLS0tLS0tLS0tLQoKS0VZX1ZBVUxUX05BTUU9JChiYXNlbmFtZSAiJGtleV92YXVsdF9pZCIpCmVjaG8gIlVzaW5nIEtleSBWYXVsdDogJEtFWV9WQVVMVF9OQU1FIgoKIyAtLS0tLS0tLS0tLS0tLS0tLS0tLS0tLS0tLS0tLQoKIyBBenVyZSBsb2dpbiAoTWFuYWdlZCBJZGVudGl0eSkKCiMgLS0tLS0tLS0tLS0tLS0tLS0tLS0tLS0tLS0tLS0KCmVjaG8gIkxvZ2dpbmcgaW50byBBenVyZSB1c2luZyBNYW5hZ2VkIElkZW50aXR5Li4uIgpheiBsb2dpbiAtLWlkZW50aXR5IC0tYWxsb3ctbm8tc3Vic2NyaXB0aW9ucwoKCgojIC0tLS0tLS0tLS0tLS0tLS0tLS0tLS0tLS0tLS0tCgojIEZldGNoIHNlY3JldHMKCiMgLS0tLS0tLS0tLS0tLS0tLS0tLS0tLS0tLS0tLS0KCmVjaG8gIlJldHJpZXZpbmcgZGF0YWJhc2UgY3JlZGVudGlhbHMgZnJvbSBLZXkgVmF1bHQgdXNpbmcgTWFuYWdlZCBJZGVudGl0eS4uLiIKREJfVVNFUk5BTUU9JChheiBrZXl2YXVsdCBzZWNyZXQgc2hvdyAtLXZhdWx0LW5hbWUgIiRLRVlfVkFVTFRfTkFNRSIgLS1uYW1lICJkYi11c2VybmFtZSIgLS1xdWVyeSAidmFsdWUiIC1vIHRzdikKREJfUEFTU1dPUkQ9JChheiBrZXl2YXVsdCBzZWNyZXQgc2hvdyAtLXZhdWx0LW5hbWUgIiRLRVlfVkFVTFRfTkFNRSIgLS1uYW1lICJkYi1wYXNzd29yZCIgLS1xdWVyeSAidmFsdWUiIC1vIHRzdikKREJfSE9TVD0kKGF6IGtleXZhdWx0IHNlY3JldCBzaG93IC0tdmF1bHQtbmFtZSAiJEtFWV9WQVVMVF9OQU1FIiAtLW5hbWUgImRiLWhvc3QiIC0tcXVlcnkgInZhbHVlIiAtbyB0c3YpCkRCX05BTUU9JChheiBrZXl2YXVsdCBzZWNyZXQgc2hvdyAtLXZhdWx0LW5hbWUgIiRLRVlfVkFVTFRfTkFNRSIgLS1uYW1lICJkYi1uYW1lIiAtLXF1ZXJ5ICJ2YWx1ZSIgLW8gdHN2KQpEQl9QT1JUPSQoYXoga2V5dmF1bHQgc2VjcmV0IHNob3cgLS12YXVsdC1uYW1lICIkS0VZX1ZBVUxUX05BTUUiIC0tbmFtZSAiZGItcG9ydCIgLS1xdWVyeSAidmFsdWUiIC1vIHRzdikKREJfU1NMTU9ERT0kKGF6IGtleXZhdWx0IHNlY3JldCBzaG93IC0tdmF1bHQtbmFtZSAiJEtFWV9WQVVMVF9OQU1FIiAtLW5hbWUgImRiLXNzbG1vZGUiIC0tcXVlcnkgInZhbHVlIiAtbyB0c3YpCiMgLS0tLS0tLS0tLS0tLS0tLS0tLS0tLS0tLS0tLS0KCiMgVmFsaWRhdGUgc2VjcmV0cwoKIyAtLS0tLS0tLS0tLS0tLS0tLS0tLS0tLS0tLS0tLQplY2hvICJDaGVja2luZyBEQiBjb25uZWN0aXZpdHkuLi4iCgppZiBuYyAteiAtdyAzICIkREJfSE9TVCIgIiREQl9QT1JUIiA+L2Rldi9udWxsIDI+JjE7IHRoZW4KICBlY2hvICJEQiBjb25uZWN0aXZpdHkgT0siCmVsc2UKICBlY2hvICJXQVJOSU5HOiBDYW5ub3QgcmVhY2ggREIgYXQgJERCX0hPU1Q6JERCX1BPUlQiCiAgZWNobyAiUHJvY2VlZGluZyBhbnl3YXksIGJ1dCBhcHBsaWNhdGlvbiBtYXkgZmFpbC4uLiIKZmkKCgoKZWNobyAiQWxsIERCIHNlY3JldHMgcmV0cmlldmVkIHN1Y2Nlc3NmdWxseS4iCgojIC0tLS0tLS0tLS0tLS0tLS0tLS0tLS0tLS0tLS0tCgojIFdhaXQgZm9yIEROUyByZXNvbHV0aW9uCgojIC0tLS0tLS0tLS0tLS0tLS0tLS0tLS0tLS0tLS0tCgplY2hvICJDaGVja2luZyBETlMgZm9yIERCIGhvc3Q6ICREQl9IT1NUIgoKZm9yIGkgaW4gezEuLjIwfTsgZG8KaWYgbnNsb29rdXAgIiREQl9IT1NUIiA+L2Rldi9udWxsIDI+JjE7IHRoZW4KZWNobyAiRE5TIHJlc29sdmVkIgpicmVhawpmaQplY2hvICJSZXRyeSAkaS8yMC4uLiIKc2xlZXAgMTAKZG9uZQoKIyAtLS0tLS0tLS0tLS0tLS0tLS0tLS0tLS0tLS0tLQoKIyBSZW1vdmUgb2xkIGJhY2tlbmQgY29udGFpbmVyCgojIC0tLS0tLS0tLS0tLS0tLS0tLS0tLS0tLS0tLS0tCgppZiBkb2NrZXIgcHMgLWEgLS1mb3JtYXQgJ3t7Lk5hbWVzfX0nIHwgZ3JlcCAtcSAiXmJhY2tlbmQtYXBwJCI7IHRoZW4KZWNobyAiUmVtb3ZpbmcgZXhpc3RpbmcgYmFja2VuZCBjb250YWluZXIuLi4iCmRvY2tlciBybSAtZiBiYWNrZW5kLWFwcCB8fCB0cnVlCmZpCgojIC0tLS0tLS0tLS0tLS0tLS0tLS0tLS0tLS0tLS0tCgojIFJ1biBiYWNrZW5kIGNvbnRhaW5lcgoKIyAtLS0tLS0tLS0tLS0tLS0tLS0tLS0tLS0tLS0tLQoKZWNobyAiU3RhcnRpbmcgYmFja2VuZCBjb250YWluZXIuLi4iCmRvY2tlciBydW4gLWQgLS1uYW1lIGJhY2tlbmQtYXBwIC1wICIkYXBwbGljYXRpb25fcG9ydDo4MDAwIiAtZSBEQl9VU0VSTkFNRT0iJERCX1VTRVJOQU1FIiAtZSBEQl9QQVNTV09SRD0iJERCX1BBU1NXT1JEIiAtZSBEQl9IT1NUPSIkREJfSE9TVCIgLWUgREJfTkFNRT0iJERCX05BTUUiIC1lIERCX1BPUlQ9IiREQl9QT1JUIiAtZSBEQl9TU0xNT0RFPSIkREJfU1NMTU9ERSIgLS1yZXN0YXJ0IGFsd2F5cyAiJGZ1bGxfaW1hZ2VfbmFtZSIKCgojIC0tLS0tLS0tLS0tLS0tLS0tLS0tLS0tLS0tLS0tCgojIFdBSVQgRk9SIEJBQ0tFTkQgSEVBTFRIIChDUklUSUNBTCkKCiMgLS0tLS0tLS0tLS0tLS0tLS0tLS0tLS0tLS0tLS0KCmVjaG8gIldhaXRpbmcgZm9yIGJhY2tlbmQgdG8gYmVjb21lIGhlYWx0aHkuLi4iCgpmb3IgaSBpbiB7MS4uMzB9OyBkbwppZiBjdXJsIC1mICJodHRwOi8vbG9jYWxob3N0OiRhcHBsaWNhdGlvbl9wb3J0L2hlYWx0aCIgPi9kZXYvbnVsbCAyPiYxOyB0aGVuCmVjaG8gIkJhY2tlbmQgaXMgaGVhbHRoeSIKYnJlYWsKZmkKZWNobyAiV2FpdGluZy4uLiAoJGkpIgpzbGVlcCA1CmRvbmUKCiMgLS0tLS0tLS0tLS0tLS0tLS0tLS0tLS0tLS0tLS0KCiMgUmVtb3ZlIG9sZCBhZ2VudCBjb250YWluZXIKCiMgLS0tLS0tLS0tLS0tLS0tLS0tLS0tLS0tLS0tLS0KCmlmIGRvY2tlciBwcyAtYSAtLWZvcm1hdCAne3suTmFtZXN9fScgfCBncmVwIC1xICJeYWdlbnQkIjsgdGhlbgpkb2NrZXIgcm0gLWYgYWdlbnQgfHwgdHJ1ZQpmaQoKIyAtLS0tLS0tLS0tLS0tLS0tLS0tLS0tLS0tLS0tLQoKIyBSdW4gYWdlbnQgY29udGFpbmVyIChGSVhFRCBORVRXT1JLKQoKIyAtLS0tLS0tLS0tLS0tLS0tLS0tLS0tLS0tLS0tLQoKZWNobyAiU3RhcnRpbmcgYWdlbnQgY29udGFpbmVyLi4uIgoKZG9ja2VyIHB1bGwgc3J1amFuZGFkZHkvc2llbS1hZ2VudDpsYXRlc3QKCmRvY2tlciBydW4gLWQgXAogIC0tbmFtZSBhZ2VudCBcCiAgLS1uZXR3b3JrIGhvc3QgXAogIC1lIEJBQ0tFTkRfVVJMPSJodHRwOi8vbG9jYWxob3N0OjgwMDAvbG9ncyIgXAogIC0tcmVzdGFydCBhbHdheXMgXAogIHNydWphbmRhZGR5L3NpZW0tYWdlbnQ6bGF0ZXN0CgojIC0tLS0tLS0tLS0tLS0tLS0tLS0tLS0tLS0tLS0tCgojIFZlcmlmeQoKIyAtLS0tLS0tLS0tLS0tLS0tLS0tLS0tLS0tLS0tLQoKZWNobyAiUnVubmluZyBjb250YWluZXJzOiIKZG9ja2VyIHBzCgplY2hvICJUZXN0aW5nIGJhY2tlbmQgbG9jYWxseS4uLiIKY3VybCAtZiAiaHR0cDovL2xvY2FsaG9zdDokYXBwbGljYXRpb25fcG9ydC9oZWFsdGgiIHx8IGVjaG8gIldBUk5JTkc6IEJhY2tlbmQgbm90IHJlc3BvbmRpbmcgeWV0IgoKZWNobyAiPT09PT0gQmFja2VuZCBwcm92aXNpb25pbmcgY29tcGxldGVkIGF0ICQkKGRhdGUpID09PT09Igo=",
            "data_disk": [],
            "disable_password_authentication": true,
            "do_not_run_extensions_on_overprovisioned_machines": false,
            "edge_zone": "",
            "encryption_at_host_enabled": false,
            "eviction_policy": "",
            "extension": [],
            "extension_operations_enabled": true,
            "extensions_time_budget": "PT1H30M",
            "gallery_application": [],
            "health_probe_id": "/subscriptions/8eae94cc-2eea-4ec3-a98e-6fdae439c162/resourceGroups/prod-rg/providers/Microsoft.Network/loadBalancers/prod-backend-lb/probes/prod-backend-probe",
            "host_group_id": null,
            "id": "/subscriptions/8eae94cc-2eea-4ec3-a98e-6fdae439c162/resourceGroups/prod-rg/providers/Microsoft.Compute/virtualMachineScaleSets/prod-backend-vmss",
            "identity": [
              {
                "identity_ids": [
                  "/subscriptions/8eae94cc-2eea-4ec3-a98e-6fdae439c162/resourceGroups/prod-rg/providers/Microsoft.ManagedIdentity/userAssignedIdentities/prod-backend-identity"
                ],
                "principal_id": "",
                "tenant_id": "",
                "type": "UserAssigned"
              }
            ],
            "instances": 1,
            "location": "centralus",
            "max_bid_price": -1,
            "name": "prod-backend-vmss",
            "network_interface": [
              {
                "auxiliary_mode": "",
                "auxiliary_sku": "",
                "dns_servers": null,
                "enable_accelerated_networking": false,
                "enable_ip_forwarding": false,
                "ip_configuration": [
                  {
                    "application_gateway_backend_address_pool_ids": null,
                    "application_security_group_ids": null,
                    "load_balancer_backend_address_pool_ids": [
                      "/subscriptions/8eae94cc-2eea-4ec3-a98e-6fdae439c162/resourceGroups/prod-rg/providers/Microsoft.Network/loadBalancers/prod-backend-lb/backendAddressPools/prod-backend-backend-pool"
                    ],
                    "load_balancer_inbound_nat_rules_ids": null,
                    "name": "backend-ipconfig",
                    "primary": true,
                    "public_ip_address": [],
                    "subnet_id": "/subscriptions/8eae94cc-2eea-4ec3-a98e-6fdae439c162/resourceGroups/prod-rg/providers/Microsoft.Network/virtualNetworks/prod-vnet/subnets/prod-private-subnet-1",
                    "version": "IPv4"
                  }
                ],
                "name": "backend-nic",
                "network_security_group_id": "",
                "primary": true
              }
            ],
            "os_disk": [
              {
                "caching": "ReadWrite",
                "diff_disk_settings": [],
                "disk_encryption_set_id": "",
                "disk_size_gb": 30,
                "secure_vm_disk_encryption_set_id": "",
                "security_encryption_type": "",
                "storage_account_type": "Standard_LRS",
                "write_accelerator_enabled": false
              }
            ],
            "overprovision": true,
            "plan": [],
            "platform_fault_domain_count": 5,
            "priority": "Regular",
            "provision_vm_agent": true,
            "proximity_placement_group_id": "",
            "resilient_vm_creation_enabled": false,
            "resilient_vm_deletion_enabled": false,
            "resource_group_name": "prod-rg",
            "rolling_upgrade_policy": [
              {
                "cross_zone_upgrades_enabled": false,
                "max_batch_instance_percent": 20,
                "max_unhealthy_instance_percent": 20,
                "max_unhealthy_upgraded_instance_percent": 20,
                "maximum_surge_instances_enabled": false,
                "pause_time_between_batches": "PT1M",
                "prioritize_unhealthy_instances_enabled": true
              }
            ],
            "scale_in": [
              {
                "force_deletion_enabled": false,
                "rule": "OldestVM"
              }
            ],
            "secret": [],
            "secure_boot_enabled": false,
            "single_placement_group": true,
            "sku": "Standard_DC1s_v3",
            "source_image_id": "",
            "source_image_reference": [
              {
                "offer": "0001-com-ubuntu-server-jammy",
                "publisher": "Canonical",
                "sku": "22_04-lts-gen2",
                "version": "latest"
              }
            ],
            "spot_restore": null,
            "tags": null,
            "termination_notification": [
              {
                "enabled": true,
                "timeout": "PT5M"
              }
            ],
            "timeouts": null,
            "unique_id": "421b82f5-12c1-4702-bbb0-6223c307319c",
            "upgrade_mode": "Automatic",
            "user_data": "",
            "vtpm_enabled": false,
            "zone_balance": false,
            "zones": null
          },
          "sensitive_attributes": [
            [
              {
                "type": "get_attr",
                "value": "admin_password"
              }
            ],
            [
              {
                "type": "get_attr",
                "value": "custom_data"
              }
            ]
          ],
          "identity_schema_version": 0,
          "private": "eyJlMmJmYjczMC1lY2FhLTExZTYtOGY4OC0zNDM2M2JjN2M0YzAiOnsiY3JlYXRlIjozNjAwMDAwMDAwMDAwLCJkZWxldGUiOjM2MDAwMDAwMDAwMDAsInJlYWQiOjMwMDAwMDAwMDAwMCwidXBkYXRlIjozNjAwMDAwMDAwMDAwfX0=",
          "dependencies": [
            "azurerm_resource_group.name",
            "data.azurerm_client_config.current",
            "module.backend.azurerm_application_gateway.frontend",
            "module.backend.azurerm_lb.backend",
            "module.backend.azurerm_lb_backend_address_pool.backend",
            "module.backend.azurerm_lb_probe.backend",
            "module.backend.azurerm_public_ip.lb",
            "module.backend.azurerm_user_assigned_identity.vmss_identity",
            "module.backend.tls_private_key.ssh",
            "module.database.azurerm_postgresql_flexible_server.primary",
            "module.database.azurerm_postgresql_flexible_server.replica",
            "module.database.azurerm_postgresql_flexible_server_configuration.primary_log_checkpoints",
            "module.database.azurerm_postgresql_flexible_server_configuration.primary_log_connections",
            "module.database.azurerm_postgresql_flexible_server_configuration.primary_ssl",
            "module.database.azurerm_postgresql_flexible_server_database.db",
            "module.database.random_password.postgres_password",
            "module.dns.azurerm_private_dns_zone.postgres",
            "module.dns.azurerm_private_dns_zone_virtual_network_link.postgres",
            "module.keyvault.azurerm_key_vault.kv",
            "module.keyvault.azurerm_role_assignment.backend_secret_user",
            "module.keyvault.azurerm_role_assignment.frontend_secret_user",
            "module.keyvault.azurerm_role_assignment.kv_admin",
            "module.network.azurerm_subnet.database",
            "module.network.azurerm_subnet.private",
            "module.network.azurerm_virtual_network.name"
          ]
        }
      ]
    },
    {
      "module": "module.backend[0]",
      "mode": "managed",
      "type": "azurerm_monitor_autoscale_setting",
      "name": "vmss_autoscale",
      "provider": "provider[\"registry.terraform.io/hashicorp/azurerm\"]",
      "instances": [
        {
          "schema_version": 2,
          "attributes": {
            "enabled": true,
            "id": "/subscriptions/8eae94cc-2eea-4ec3-a98e-6fdae439c162/resourceGroups/prod-rg/providers/Microsoft.Insights/autoScaleSettings/prod-backend-autoscale",
            "location": "centralus",
            "name": "prod-backend-autoscale",
            "notification": [],
            "predictive": [],
            "profile": [
              {
                "capacity": [
                  {
                    "default": 1,
                    "maximum": 10,
                    "minimum": 1
                  }
                ],
                "fixed_date": [],
                "name": "AutoScale",
                "recurrence": [],
                "rule": [
                  {
                    "metric_trigger": [
                      {
                        "dimensions": [],
                        "divide_by_instance_count": false,
                        "metric_name": "Percentage CPU",
                        "metric_namespace": "",
                        "metric_resource_id": "/subscriptions/8eae94cc-2eea-4ec3-a98e-6fdae439c162/resourceGroups/prod-rg/providers/Microsoft.Compute/virtualMachineScaleSets/prod-backend-vmss",
                        "operator": "GreaterThan",
                        "statistic": "Average",
                        "threshold": 75,
                        "time_aggregation": "Average",
                        "time_grain": "PT1M",
                        "time_window": "PT1M"
                      }
                    ],
                    "scale_action": [
                      {
                        "cooldown": "PT1M",
                        "direction": "Increase",
                        "type": "ChangeCount",
                        "value": 1
                      }
                    ]
                  },
                  {
                    "metric_trigger": [
                      {
                        "dimensions": [],
                        "divide_by_instance_count": false,
                        "metric_name": "Percentage CPU",
                        "metric_namespace": "",
                        "metric_resource_id": "/subscriptions/8eae94cc-2eea-4ec3-a98e-6fdae439c162/resourceGroups/prod-rg/providers/Microsoft.Compute/virtualMachineScaleSets/prod-backend-vmss",
                        "operator": "LessThan",
                        "statistic": "Average",
                        "threshold": 25,
                        "time_aggregation": "Average",
                        "time_grain": "PT1M",
                        "time_window": "PT1M"
                      }
                    ],
                    "scale_action": [
                      {
                        "cooldown": "PT1M",
                        "direction": "Decrease",
                        "type": "ChangeCount",
                        "value": 1
                      }
                    ]
                  }
                ]
              }
            ],
            "resource_group_name": "prod-rg",
            "tags": null,
            "target_resource_id": "/subscriptions/8eae94cc-2eea-4ec3-a98e-6fdae439c162/resourceGroups/prod-rg/providers/Microsoft.Compute/virtualMachineScaleSets/prod-backend-vmss",
            "timeouts": null
          },
          "sensitive_attributes": [],
          "identity_schema_version": 0,
          "private": "eyJlMmJmYjczMC1lY2FhLTExZTYtOGY4OC0zNDM2M2JjN2M0YzAiOnsiY3JlYXRlIjoxODAwMDAwMDAwMDAwLCJkZWxldGUiOjE4MDAwMDAwMDAwMDAsInJlYWQiOjMwMDAwMDAwMDAwMCwidXBkYXRlIjoxODAwMDAwMDAwMDAwfSwic2NoZW1hX3ZlcnNpb24iOiIyIn0=",
          "dependencies": [
            "azurerm_resource_group.name",
            "data.azurerm_client_config.current",
            "module.backend.azurerm_application_gateway.frontend",
            "module.backend.azurerm_lb.backend",
            "module.backend.azurerm_lb_backend_address_pool.backend",
            "module.backend.azurerm_lb_probe.backend",
            "module.backend.azurerm_linux_virtual_machine_scale_set.vmss",
            "module.backend.azurerm_public_ip.lb",
            "module.backend.azurerm_user_assigned_identity.vmss_identity",
            "module.backend.tls_private_key.ssh",
            "module.database.azurerm_postgresql_flexible_server.primary",
            "module.database.azurerm_postgresql_flexible_server.replica",
            "module.database.azurerm_postgresql_flexible_server_configuration.primary_log_checkpoints",
            "module.database.azurerm_postgresql_flexible_server_configuration.primary_log_connections",
            "module.database.azurerm_postgresql_flexible_server_configuration.primary_ssl",
            "module.database.azurerm_postgresql_flexible_server_database.db",
            "module.database.random_password.postgres_password",
            "module.dns.azurerm_private_dns_zone.postgres",
            "module.dns.azurerm_private_dns_zone_virtual_network_link.postgres",
            "module.keyvault.azurerm_key_vault.kv",
            "module.keyvault.azurerm_role_assignment.backend_secret_user",
            "module.keyvault.azurerm_role_assignment.frontend_secret_user",
            "module.keyvault.azurerm_role_assignment.kv_admin",
            "module.network.azurerm_subnet.database",
            "module.network.azurerm_subnet.private",
            "module.network.azurerm_virtual_network.name"
          ]
        }
      ]
    },
    {
      "module": "module.backend[0]",
      "mode": "managed",
      "type": "azurerm_user_assigned_identity",
      "name": "vmss_identity",
      "provider": "provider[\"registry.terraform.io/hashicorp/azurerm\"]",
      "instances": [
        {
          "schema_version": 1,
          "attributes": {
            "client_id": "f2c3060a-ee89-43f2-a5b8-b450417b6e44",
            "id": "/subscriptions/8eae94cc-2eea-4ec3-a98e-6fdae439c162/resourceGroups/prod-rg/providers/Microsoft.ManagedIdentity/userAssignedIdentities/prod-backend-identity",
            "isolation_scope": "",
            "location": "centralus",
            "name": "prod-backend-identity",
            "principal_id": "352ab5d0-eb03-4cde-8c57-03cdcac9aced",
            "resource_group_name": "prod-rg",
            "tags": {},
            "tenant_id": "e2243290-9154-4f74-b1d6-5ed311007cf6",
            "timeouts": null
          },
          "sensitive_attributes": [],
          "identity_schema_version": 0,
          "private": "eyJlMmJmYjczMC1lY2FhLTExZTYtOGY4OC0zNDM2M2JjN2M0YzAiOnsiY3JlYXRlIjoxODAwMDAwMDAwMDAwLCJkZWxldGUiOjE4MDAwMDAwMDAwMDAsInJlYWQiOjMwMDAwMDAwMDAwMCwidXBkYXRlIjoxODAwMDAwMDAwMDAwfSwic2NoZW1hX3ZlcnNpb24iOiIxIn0=",
          "dependencies": [
            "azurerm_resource_group.name",
            "data.azurerm_client_config.current",
            "module.database.azurerm_postgresql_flexible_server.primary",
            "module.database.azurerm_postgresql_flexible_server.replica",
            "module.database.azurerm_postgresql_flexible_server_configuration.primary_log_checkpoints",
            "module.database.azurerm_postgresql_flexible_server_configuration.primary_log_connections",
            "module.database.azurerm_postgresql_flexible_server_configuration.primary_ssl",
            "module.database.azurerm_postgresql_flexible_server_database.db",
            "module.database.random_password.postgres_password",
            "module.dns.azurerm_private_dns_zone.postgres",
            "module.dns.azurerm_private_dns_zone_virtual_network_link.postgres",
            "module.keyvault.azurerm_key_vault.kv",
            "module.keyvault.azurerm_role_assignment.backend_secret_user",
            "module.keyvault.azurerm_role_assignment.frontend_secret_user",
            "module.keyvault.azurerm_role_assignment.kv_admin",
            "module.network.azurerm_subnet.database",
            "module.network.azurerm_virtual_network.name"
          ]
        }
      ]
    },
    {
      "module": "module.backend[0]",
      "mode": "managed",
      "type": "tls_private_key",
      "name": "ssh",
      "provider": "provider[\"registry.terraform.io/hashicorp/tls\"]",
      "instances": [
        {
          "schema_version": 1,
          "attributes": {
            "algorithm": "RSA",
            "ecdsa_curve": "P224",
            "id": "7571f3acf9fd2fffffe5e6637cbae9c7af7ddafd",
            "private_key_openssh": "-----BEGIN OPENSSH PRIVATE KEY-----\nb3BlbnNzaC1rZXktdjEAAAAABG5vbmUAAAAEbm9uZQAAAAAAAAABAAACFwAAAAdz\nc2gtcnNhAAAAAwEAAQAAAgEA2w+5HQJA3kETYCnEvUSV3WFcVpKT5TfnBLmpcAm0\nphDCZnIfhAk4N9srfqHT//7U5WAHM31Ugbj9U61BJD/PP9vlT34jLNmSwRbtbTp1\nldJ0G0ep3yiV0e5ieyaFCVtD+uXucgMkDTeytCtzmJJH1Kq0vesonvVmrBVYnunr\nQ7dPQ/10zTontYK38QP7GyzAmPBhSIxiT9fnMu+ifx+uFQl3WsNbj6dlM+xSKJHE\nGSccgvMMtiFT83mW9OqsTYG4NJf0QgOiesRBvhjw+NfwwsAn1277zUvvNq4/zOVC\nYcfeQtJnQpjhguynw3gKimIxJ8Jm51pXlDXER0LuumjbvBeZKLI+huRSajRy+7ms\n9OTcRyrXXSqnM+CJAoJ+UKy0f6DS77TGZ7O7ZIS579f0ZmopfYto7/eITmeHZ+CC\nX5fCAotqe0OJHmbvigQcmUw2newEtbtoaXFrmXKgyy3hi67jXjcZ20TvMpCauBuD\n/ail/8x3CitvTEg+QE2Sc2bzLkTdisW9CHYkZXBO8VhOZFNw2SYnC9cK87K41T+e\nTgTwOkVQyIO6o2KRJPLskxC9ozuH5VQHDFow4liNWRRfOTy6KfXF0gaeOgNgAiWX\n2EJhukFu7AXL2Rllo0hvscXe0NN08xB6NDr/XS1e/Fbg8zQB5HyDepKtEtF/J4zw\nb+MAAAc4313EK99dxCsAAAAHc3NoLXJzYQAAAgEA2w+5HQJA3kETYCnEvUSV3WFc\nVpKT5TfnBLmpcAm0phDCZnIfhAk4N9srfqHT//7U5WAHM31Ugbj9U61BJD/PP9vl\nT34jLNmSwRbtbTp1ldJ0G0ep3yiV0e5ieyaFCVtD+uXucgMkDTeytCtzmJJH1Kq0\nvesonvVmrBVYnunrQ7dPQ/10zTontYK38QP7GyzAmPBhSIxiT9fnMu+ifx+uFQl3\nWsNbj6dlM+xSKJHEGSccgvMMtiFT83mW9OqsTYG4NJf0QgOiesRBvhjw+NfwwsAn\n1277zUvvNq4/zOVCYcfeQtJnQpjhguynw3gKimIxJ8Jm51pXlDXER0LuumjbvBeZ\nKLI+huRSajRy+7ms9OTcRyrXXSqnM+CJAoJ+UKy0f6DS77TGZ7O7ZIS579f0Zmop\nfYto7/eITmeHZ+CCX5fCAotqe0OJHmbvigQcmUw2newEtbtoaXFrmXKgyy3hi67j\nXjcZ20TvMpCauBuD/ail/8x3CitvTEg+QE2Sc2bzLkTdisW9CHYkZXBO8VhOZFNw\n2SYnC9cK87K41T+eTgTwOkVQyIO6o2KRJPLskxC9ozuH5VQHDFow4liNWRRfOTy6\nKfXF0gaeOgNgAiWX2EJhukFu7AXL2Rllo0hvscXe0NN08xB6NDr/XS1e/Fbg8zQB\n5HyDepKtEtF/J4zwb+MAAAADAQABAAACACF2XmWTAYuxzx7iYn4y6t2dULicvWDH\nUE/FeJ93rBOt/bQefLfznJXTseovGC5DpAvBxnfUDkOemXvdvFSoNqVflsC02PSx\n65v5P51uz6VqN3gvU0CWd4RQ8NQ1Bx9txI2f7/OUjT5DotWoyYil17khtmhIcrUN\ncXiZ7iagPuLiLoaJQf1Tg9tTM3vqisIU7PqvxXyKjT37EgMS3fSjRzlJb+T6cJMa\nE/iBge9WjOj2s4FBVVDA+Iz5ptiUvGs+hH/sMlCfM4OjVROPxceNXOay6aMb/fTX\nQ5xLs809vA0ptcbpUwK2TcRtGBdgz+NhqnaTWJrAjx5BtFDaZZMuD1p8s/93ZX4M\nUucDDyfnFvbc/odQdMP+OwLlO4L/tlgeLX+QXhWma0W+U5n0ejVTcqOSyP1rAnm8\n/tNGe/OBkbkLE0OZ2Yck+DclEvmVp2NiSni/6oSZpE9uxDUhmAmzNqm+MGC2Onci\n3hrRwGVpwYnCS7WWwRPX4WPtSgbbwmwsfL6XCJtRHnwgucM7H0vB8v2uSU2w8U+v\n5BPNwHU/GYAUcgfvR2yqFumohVOXdq1jFqQ957KJmNBy9prBgH1okfBeEfgnDOYw\njeZDjhXEl7vs5c7BIN4KGysEYBu5D7RG4h7/rwQPdTSD4JN8mZC2knBfWRK1sfQy\nRfgNyUPr0j/xAAABABRSC/tOmA4QMNWJvSv+wf7Zfak+oTZzyxg6h54K+W6oMqgC\nLvN9POR8efJ7QKOnJO9xC+G3DnQdMUA+afYzd5cTRFCSKQ46s7wvpZHFa9cWkg9Q\n4DyYEwAFoS5U9yatM8/ijneo/cF2oQYkxYmlVZ+8Knm93CZXuX39CkT+2jMB6Zh3\nwHWr6moUDA2qeKwGRXf31Y0LL9RHu32R65NZds0ns+Hp6Ucr3oo7QUK6ztz2fbWH\nUro+3m3xA1m7XmBtL6UA1cAvtzAMkb4VvQOgnl5h6LWsjKYOkcOw+u/mYUkeqK3Z\ngpCsq1n2wlRzzXiWzXIM+a4H4eHCho9mOzNDRSUAAAEBAOZaY39cLGNpnut5Chs1\nEAIpgyzTke5CueJhd2a4En/5SDdJ+UmpDp2d6vxwpQPVtfRXReS4aFICsEhVXqSe\nU7bIk6tPN2qBOnEEXLfok/OAZ1aV8r2hjmW08ikO+3DO+puaqwD/lVsOvFQw+42k\ns/rBE9ldXZ0FHVmDhSCyiVxBh3ZMonh5vaDFK8GGrAuIhFBktRtaOBBttYZxmW4Q\n2euIErl/x442rdKdJKxRmVMj4BOmRa8hRHlWABFUeo40LHJCigIXe4EKWcFZmNHn\niXmKHzDU2EP7fBdRfjpIZgN/qIha4GEURESzMtTRDI0NzTM3CAtqX5rr4DjW2mz0\nK0kAAAEBAPNzfsOFDlRj1lvRio7fdhv4IlpTxW5iqF+577pjT0Ta+7seRroOlsAb\nrXD16E8YjS+PkmfcuXle2AI3e64qZ48i8czsn0EmeLRtELE2eY2mNEW34lARwPXi\nYkyvXXOR1sm8d2inWAKMKM7bjX+Ah+Ze2e9moU5GSQyzafBdS3kQcc1VZIl20DYC\nyLwXftSQ5kuleGXCWi0p2EX/Mp++udXKv/jfC01xPz/WO4f8W2fU8+hJIJHqDNNn\nIJGNpGxbdYh1KgobMPh+zzcl6GBO8UCGgCo1f6vKjis/BrkDia3nbtNZMN+YKUQ8\n/fLakUv7UsJiuyCoVg7+yrrJp4t8NcsAAAAAAQID\n-----END OPENSSH PRIVATE KEY-----\n",
            "private_key_pem": "-----BEGIN RSA PRIVATE KEY-----\nMIIJKAIBAAKCAgEA2w+5HQJA3kETYCnEvUSV3WFcVpKT5TfnBLmpcAm0phDCZnIf\nhAk4N9srfqHT//7U5WAHM31Ugbj9U61BJD/PP9vlT34jLNmSwRbtbTp1ldJ0G0ep\n3yiV0e5ieyaFCVtD+uXucgMkDTeytCtzmJJH1Kq0vesonvVmrBVYnunrQ7dPQ/10\nzTontYK38QP7GyzAmPBhSIxiT9fnMu+ifx+uFQl3WsNbj6dlM+xSKJHEGSccgvMM\ntiFT83mW9OqsTYG4NJf0QgOiesRBvhjw+NfwwsAn1277zUvvNq4/zOVCYcfeQtJn\nQpjhguynw3gKimIxJ8Jm51pXlDXER0LuumjbvBeZKLI+huRSajRy+7ms9OTcRyrX\nXSqnM+CJAoJ+UKy0f6DS77TGZ7O7ZIS579f0ZmopfYto7/eITmeHZ+CCX5fCAotq\ne0OJHmbvigQcmUw2newEtbtoaXFrmXKgyy3hi67jXjcZ20TvMpCauBuD/ail/8x3\nCitvTEg+QE2Sc2bzLkTdisW9CHYkZXBO8VhOZFNw2SYnC9cK87K41T+eTgTwOkVQ\nyIO6o2KRJPLskxC9ozuH5VQHDFow4liNWRRfOTy6KfXF0gaeOgNgAiWX2EJhukFu\n7AXL2Rllo0hvscXe0NN08xB6NDr/XS1e/Fbg8zQB5HyDepKtEtF/J4zwb+MCAwEA\nAQKCAgAhdl5lkwGLsc8e4mJ+MurdnVC4nL1gx1BPxXifd6wTrf20Hny385yV07Hq\nLxguQ6QLwcZ31A5Dnpl73bxUqDalX5bAtNj0seub+T+dbs+lajd4L1NAlneEUPDU\nNQcfbcSNn+/zlI0+Q6LVqMmIpde5IbZoSHK1DXF4me4moD7i4i6GiUH9U4PbUzN7\n6orCFOz6r8V8io09+xIDEt30o0c5SW/k+nCTGhP4gYHvVozo9rOBQVVQwPiM+abY\nlLxrPoR/7DJQnzODo1UTj8XHjVzmsumjG/3010OcS7PNPbwNKbXG6VMCtk3EbRgX\nYM/jYap2k1iawI8eQbRQ2mWTLg9afLP/d2V+DFLnAw8n5xb23P6HUHTD/jsC5TuC\n/7ZYHi1/kF4VpmtFvlOZ9Ho1U3Kjksj9awJ5vP7TRnvzgZG5CxNDmdmHJPg3JRL5\nladjYkp4v+qEmaRPbsQ1IZgJszapvjBgtjp3It4a0cBlacGJwku1lsET1+Fj7UoG\n28JsLHy+lwibUR58ILnDOx9LwfL9rklNsPFPr+QTzcB1PxmAFHIH70dsqhbpqIVT\nl3atYxakPeeyiZjQcvaawYB9aJHwXhH4JwzmMI3mQ44VxJe77OXOwSDeChsrBGAb\nuQ+0RuIe/68ED3U0g+CTfJmQtpJwX1kStbH0MkX4DclD69I/8QKCAQEA5lpjf1ws\nY2me63kKGzUQAimDLNOR7kK54mF3ZrgSf/lIN0n5SakOnZ3q/HClA9W19FdF5Lho\nUgKwSFVepJ5TtsiTq083aoE6cQRct+iT84BnVpXyvaGOZbTyKQ77cM76m5qrAP+V\nWw68VDD7jaSz+sET2V1dnQUdWYOFILKJXEGHdkyieHm9oMUrwYasC4iEUGS1G1o4\nEG21hnGZbhDZ64gSuX/Hjjat0p0krFGZUyPgE6ZFryFEeVYAEVR6jjQsckKKAhd7\ngQpZwVmY0eeJeYofMNTYQ/t8F1F+OkhmA3+oiFrgYRRERLMy1NEMjQ3NMzcIC2pf\nmuvgONbabPQrSQKCAQEA83N+w4UOVGPWW9GKjt92G/giWlPFbmKoX7nvumNPRNr7\nux5Gug6WwButcPXoTxiNL4+SZ9y5eV7YAjd7ripnjyLxzOyfQSZ4tG0QsTZ5jaY0\nRbfiUBHA9eJiTK9dc5HWybx3aKdYAowoztuNf4CH5l7Z72ahTkZJDLNp8F1LeRBx\nzVVkiXbQNgLIvBd+1JDmS6V4ZcJaLSnYRf8yn7651cq/+N8LTXE/P9Y7h/xbZ9Tz\n6EkgkeoM02cgkY2kbFt1iHUqChsw+H7PNyXoYE7xQIaAKjV/q8qOKz8GuQOJredu\n01kw35gpRDz98tqRS/tSwmK7IKhWDv7Kusmni3w1ywKCAQBSOuQX2+yQlGzBvFSq\nP7f2PaFxCBmpBzLaKFb6WS1pd7Ca5BJUhEAObggrk36krs6kad8uddHvrLwHJkqB\n028o6dMlLUMoBve4zojWsfTW0PiSxTaBEUIG9qAXnhyOOaTmlUEEOziy58C9ATtb\nZfdFxVTznEvFuMSwZq3IbVNxlobn6RV6kmLqGFi1XgDeoR4yoLCyEfO/kZpiYv0V\neHiChvHAPGgdUVGdxLEJvptQPZdJDGsFyIdsFRIzHYgeaWuQYkZn1sAk4XAHAJf4\nHoJJ28+km+aT5ht3K4U3Aw8/onukKWS94wE30QyNQg8L72hYJwX9JTz5zcgeIjyY\n9lTZAoIBAQDEjJdoZVEXYu9afAdAqDskA6ZAhOed4jsL5gMc2TbTYXThMmVpq4Oc\nH/xcebyPt0OthV1vSy3XRnJg/8hz6bpoPo83okZFBDlpebCDUna6nNgQ/Y/SkzLV\nkWtJfD+XocPmZamGLa0JiX0c3PcVXIDbxfJvrM1Ic8hgX62FKN1ZJaSrYWjk7q7V\nHFRSPynflgjIRBS7GzlQwzrf8FQ/0m0YpTNuSy1F3ctxz5WKiXyGjNBK1ldcVrj6\nKIWL3e5EqWZvwCArvp4/0amcXZeJwdJXBQAOk9i6qrMzSRQ1ZRzP8Uxxh83Eh4Wx\nmQhx/HJYBNVhKPLpP98TBjRIr6v8GlEXAoIBABRSC/tOmA4QMNWJvSv+wf7Zfak+\noTZzyxg6h54K+W6oMqgCLvN9POR8efJ7QKOnJO9xC+G3DnQdMUA+afYzd5cTRFCS\nKQ46s7wvpZHFa9cWkg9Q4DyYEwAFoS5U9yatM8/ijneo/cF2oQYkxYmlVZ+8Knm9\n3CZXuX39CkT+2jMB6Zh3wHWr6moUDA2qeKwGRXf31Y0LL9RHu32R65NZds0ns+Hp\n6Ucr3oo7QUK6ztz2fbWHUro+3m3xA1m7XmBtL6UA1cAvtzAMkb4VvQOgnl5h6LWs\njKYOkcOw+u/mYUkeqK3ZgpCsq1n2wlRzzXiWzXIM+a4H4eHCho9mOzNDRSU=\n-----END RSA PRIVATE KEY-----\n",
            "private_key_pem_pkcs8": "-----BEGIN PRIVATE KEY-----\nMIIJQgIBADANBgkqhkiG9w0BAQEFAASCCSwwggkoAgEAAoICAQDbD7kdAkDeQRNg\nKcS9RJXdYVxWkpPlN+cEualwCbSmEMJmch+ECTg32yt+odP//tTlYAczfVSBuP1T\nrUEkP88/2+VPfiMs2ZLBFu1tOnWV0nQbR6nfKJXR7mJ7JoUJW0P65e5yAyQNN7K0\nK3OYkkfUqrS96yie9WasFVie6etDt09D/XTNOie1grfxA/sbLMCY8GFIjGJP1+cy\n76J/H64VCXdaw1uPp2Uz7FIokcQZJxyC8wy2IVPzeZb06qxNgbg0l/RCA6J6xEG+\nGPD41/DCwCfXbvvNS+82rj/M5UJhx95C0mdCmOGC7KfDeAqKYjEnwmbnWleUNcRH\nQu66aNu8F5kosj6G5FJqNHL7uaz05NxHKtddKqcz4IkCgn5QrLR/oNLvtMZns7tk\nhLnv1/Rmail9i2jv94hOZ4dn4IJfl8ICi2p7Q4keZu+KBByZTDad7AS1u2hpcWuZ\ncqDLLeGLruNeNxnbRO8ykJq4G4P9qKX/zHcKK29MSD5ATZJzZvMuRN2Kxb0IdiRl\ncE7xWE5kU3DZJicL1wrzsrjVP55OBPA6RVDIg7qjYpEk8uyTEL2jO4flVAcMWjDi\nWI1ZFF85PLop9cXSBp46A2ACJZfYQmG6QW7sBcvZGWWjSG+xxd7Q03TzEHo0Ov9d\nLV78VuDzNAHkfIN6kq0S0X8njPBv4wIDAQABAoICACF2XmWTAYuxzx7iYn4y6t2d\nULicvWDHUE/FeJ93rBOt/bQefLfznJXTseovGC5DpAvBxnfUDkOemXvdvFSoNqVf\nlsC02PSx65v5P51uz6VqN3gvU0CWd4RQ8NQ1Bx9txI2f7/OUjT5DotWoyYil17kh\ntmhIcrUNcXiZ7iagPuLiLoaJQf1Tg9tTM3vqisIU7PqvxXyKjT37EgMS3fSjRzlJ\nb+T6cJMaE/iBge9WjOj2s4FBVVDA+Iz5ptiUvGs+hH/sMlCfM4OjVROPxceNXOay\n6aMb/fTXQ5xLs809vA0ptcbpUwK2TcRtGBdgz+NhqnaTWJrAjx5BtFDaZZMuD1p8\ns/93ZX4MUucDDyfnFvbc/odQdMP+OwLlO4L/tlgeLX+QXhWma0W+U5n0ejVTcqOS\nyP1rAnm8/tNGe/OBkbkLE0OZ2Yck+DclEvmVp2NiSni/6oSZpE9uxDUhmAmzNqm+\nMGC2Onci3hrRwGVpwYnCS7WWwRPX4WPtSgbbwmwsfL6XCJtRHnwgucM7H0vB8v2u\nSU2w8U+v5BPNwHU/GYAUcgfvR2yqFumohVOXdq1jFqQ957KJmNBy9prBgH1okfBe\nEfgnDOYwjeZDjhXEl7vs5c7BIN4KGysEYBu5D7RG4h7/rwQPdTSD4JN8mZC2knBf\nWRK1sfQyRfgNyUPr0j/xAoIBAQDmWmN/XCxjaZ7reQobNRACKYMs05HuQrniYXdm\nuBJ/+Ug3SflJqQ6dner8cKUD1bX0V0XkuGhSArBIVV6knlO2yJOrTzdqgTpxBFy3\n6JPzgGdWlfK9oY5ltPIpDvtwzvqbmqsA/5VbDrxUMPuNpLP6wRPZXV2dBR1Zg4Ug\nsolcQYd2TKJ4eb2gxSvBhqwLiIRQZLUbWjgQbbWGcZluENnriBK5f8eONq3SnSSs\nUZlTI+ATpkWvIUR5VgARVHqONCxyQooCF3uBClnBWZjR54l5ih8w1NhD+3wXUX46\nSGYDf6iIWuBhFEREszLU0QyNDc0zNwgLal+a6+A41tps9CtJAoIBAQDzc37DhQ5U\nY9Zb0YqO33Yb+CJaU8VuYqhfue+6Y09E2vu7Hka6DpbAG61w9ehPGI0vj5Jn3Ll5\nXtgCN3uuKmePIvHM7J9BJni0bRCxNnmNpjRFt+JQEcD14mJMr11zkdbJvHdop1gC\njCjO241/gIfmXtnvZqFORkkMs2nwXUt5EHHNVWSJdtA2Asi8F37UkOZLpXhlwlot\nKdhF/zKfvrnVyr/43wtNcT8/1juH/Ftn1PPoSSCR6gzTZyCRjaRsW3WIdSoKGzD4\nfs83JehgTvFAhoAqNX+ryo4rPwa5A4mt527TWTDfmClEPP3y2pFL+1LCYrsgqFYO\n/sq6yaeLfDXLAoIBAFI65Bfb7JCUbMG8VKo/t/Y9oXEIGakHMtooVvpZLWl3sJrk\nElSEQA5uCCuTfqSuzqRp3y510e+svAcmSoHTbyjp0yUtQygG97jOiNax9NbQ+JLF\nNoERQgb2oBeeHI45pOaVQQQ7OLLnwL0BO1tl90XFVPOcS8W4xLBmrchtU3GWhufp\nFXqSYuoYWLVeAN6hHjKgsLIR87+RmmJi/RV4eIKG8cA8aB1RUZ3EsQm+m1A9l0kM\nawXIh2wVEjMdiB5pa5BiRmfWwCThcAcAl/gegknbz6Sb5pPmG3crhTcDDz+ie6Qp\nZL3jATfRDI1CDwvvaFgnBf0lPPnNyB4iPJj2VNkCggEBAMSMl2hlURdi71p8B0Co\nOyQDpkCE553iOwvmAxzZNtNhdOEyZWmrg5wf/Fx5vI+3Q62FXW9LLddGcmD/yHPp\numg+jzeiRkUEOWl5sINSdrqc2BD9j9KTMtWRa0l8P5ehw+ZlqYYtrQmJfRzc9xVc\ngNvF8m+szUhzyGBfrYUo3VklpKthaOTurtUcVFI/Kd+WCMhEFLsbOVDDOt/wVD/S\nbRilM25LLUXdy3HPlYqJfIaM0ErWV1xWuPoohYvd7kSpZm/AICu+nj/RqZxdl4nB\n0lcFAA6T2LqqszNJFDVlHM/xTHGHzcSHhbGZCHH8clgE1WEo8uk/3xMGNEivq/wa\nURcCggEAFFIL+06YDhAw1Ym9K/7B/tl9qT6hNnPLGDqHngr5bqgyqAIu83085Hx5\n8ntAo6ck73EL4bcOdB0xQD5p9jN3lxNEUJIpDjqzvC+lkcVr1xaSD1DgPJgTAAWh\nLlT3Jq0zz+KOd6j9wXahBiTFiaVVn7wqeb3cJle5ff0KRP7aMwHpmHfAdavqahQM\nDap4rAZFd/fVjQsv1Ee7fZHrk1l2zSez4enpRyveijtBQrrO3PZ9tYdSuj7ebfED\nWbteYG0vpQDVwC+3MAyRvhW9A6CeXmHotayMpg6Rw7D67+ZhSR6ordmCkKyrWfbC\nVHPNeJbNcgz5rgfh4cKGj2Y7M0NFJQ==\n-----END PRIVATE KEY-----\n",
            "public_key_fingerprint_md5": "a6:8b:6c:f9:7e:ae:0e:84:3b:1b:e3:95:c5:07:03:cc",
            "public_key_fingerprint_sha256": "SHA256:T8XKY/67linYldEqYp5la077/TtwFmMU+/EtVnxAjLk",
            "public_key_openssh": "ssh-rsa AAAAB3NzaC1yc2EAAAADAQABAAACAQDbD7kdAkDeQRNgKcS9RJXdYVxWkpPlN+cEualwCbSmEMJmch+ECTg32yt+odP//tTlYAczfVSBuP1TrUEkP88/2+VPfiMs2ZLBFu1tOnWV0nQbR6nfKJXR7mJ7JoUJW0P65e5yAyQNN7K0K3OYkkfUqrS96yie9WasFVie6etDt09D/XTNOie1grfxA/sbLMCY8GFIjGJP1+cy76J/H64VCXdaw1uPp2Uz7FIokcQZJxyC8wy2IVPzeZb06qxNgbg0l/RCA6J6xEG+GPD41/DCwCfXbvvNS+82rj/M5UJhx95C0mdCmOGC7KfDeAqKYjEnwmbnWleUNcRHQu66aNu8F5kosj6G5FJqNHL7uaz05NxHKtddKqcz4IkCgn5QrLR/oNLvtMZns7tkhLnv1/Rmail9i2jv94hOZ4dn4IJfl8ICi2p7Q4keZu+KBByZTDad7AS1u2hpcWuZcqDLLeGLruNeNxnbRO8ykJq4G4P9qKX/zHcKK29MSD5ATZJzZvMuRN2Kxb0IdiRlcE7xWE5kU3DZJicL1wrzsrjVP55OBPA6RVDIg7qjYpEk8uyTEL2jO4flVAcMWjDiWI1ZFF85PLop9cXSBp46A2ACJZfYQmG6QW7sBcvZGWWjSG+xxd7Q03TzEHo0Ov9dLV78VuDzNAHkfIN6kq0S0X8njPBv4w==\n",
            "public_key_pem": "-----BEGIN PUBLIC KEY-----\nMIICIjANBgkqhkiG9w0BAQEFAAOCAg8AMIICCgKCAgEA2w+5HQJA3kETYCnEvUSV\n3WFcVpKT5TfnBLmpcAm0phDCZnIfhAk4N9srfqHT//7U5WAHM31Ugbj9U61BJD/P\nP9vlT34jLNmSwRbtbTp1ldJ0G0ep3yiV0e5ieyaFCVtD+uXucgMkDTeytCtzmJJH\n1Kq0vesonvVmrBVYnunrQ7dPQ/10zTontYK38QP7GyzAmPBhSIxiT9fnMu+ifx+u\nFQl3WsNbj6dlM+xSKJHEGSccgvMMtiFT83mW9OqsTYG4NJf0QgOiesRBvhjw+Nfw\nwsAn1277zUvvNq4/zOVCYcfeQtJnQpjhguynw3gKimIxJ8Jm51pXlDXER0Luumjb\nvBeZKLI+huRSajRy+7ms9OTcRyrXXSqnM+CJAoJ+UKy0f6DS77TGZ7O7ZIS579f0\nZmopfYto7/eITmeHZ+CCX5fCAotqe0OJHmbvigQcmUw2newEtbtoaXFrmXKgyy3h\ni67jXjcZ20TvMpCauBuD/ail/8x3CitvTEg+QE2Sc2bzLkTdisW9CHYkZXBO8VhO\nZFNw2SYnC9cK87K41T+eTgTwOkVQyIO6o2KRJPLskxC9ozuH5VQHDFow4liNWRRf\nOTy6KfXF0gaeOgNgAiWX2EJhukFu7AXL2Rllo0hvscXe0NN08xB6NDr/XS1e/Fbg\n8zQB5HyDepKtEtF/J4zwb+MCAwEAAQ==\n-----END PUBLIC KEY-----\n",
            "rsa_bits": 4096
          },
          "sensitive_attributes": [
            [
              {
                "type": "get_attr",
                "value": "private_key_openssh"
              }
            ],
            [
              {
                "type": "get_attr",
                "value": "private_key_pem"
              }
            ],
            [
              {
                "type": "get_attr",
                "value": "private_key_pem_pkcs8"
              }
            ]
          ],
          "identity_schema_version": 0,
          "dependencies": [
            "azurerm_resource_group.name",
            "data.azurerm_client_config.current",
            "module.database.azurerm_postgresql_flexible_server.primary",
            "module.database.azurerm_postgresql_flexible_server.replica",
            "module.database.azurerm_postgresql_flexible_server_configuration.primary_log_checkpoints",
            "module.database.azurerm_postgresql_flexible_server_configuration.primary_log_connections",
            "module.database.azurerm_postgresql_flexible_server_configuration.primary_ssl",
            "module.database.azurerm_postgresql_flexible_server_database.db",
            "module.database.random_password.postgres_password",
            "module.dns.azurerm_private_dns_zone.postgres",
            "module.dns.azurerm_private_dns_zone_virtual_network_link.postgres",
            "module.keyvault.azurerm_key_vault.kv",
            "module.keyvault.azurerm_role_assignment.backend_secret_user",
            "module.keyvault.azurerm_role_assignment.frontend_secret_user",
            "module.keyvault.azurerm_role_assignment.kv_admin",
            "module.network.azurerm_subnet.database",
            "module.network.azurerm_virtual_network.name"
          ]
        }
      ]
    },
    {
      "module": "module.database",
      "mode": "managed",
      "type": "azurerm_postgresql_flexible_server",
      "name": "primary",
      "provider": "provider[\"registry.terraform.io/hashicorp/azurerm\"]",
      "instances": [
        {
          "schema_version": 0,
          "attributes": {
            "administrator_login": "psqladmin",
            "administrator_password": "g2_JAITgBB6NL%Q8",
            "administrator_password_wo": null,
            "administrator_password_wo_version": 0,
            "authentication": [
              {
                "active_directory_auth_enabled": false,
                "password_auth_enabled": true,
                "tenant_id": ""
              }
            ],
            "auto_grow_enabled": true,
            "backup_retention_days": 7,
            "cluster": [],
            "create_mode": null,
            "customer_managed_key": [],
            "delegated_subnet_id": "/subscriptions/8eae94cc-2eea-4ec3-a98e-6fdae439c162/resourceGroups/prod-rg/providers/Microsoft.Network/virtualNetworks/prod-vnet/subnets/prod-db-subnet-1",
            "fqdn": "prod-psql-srujan.postgres.database.azure.com",
            "geo_redundant_backup_enabled": false,
            "high_availability": [
              {
                "mode": "ZoneRedundant",
                "standby_availability_zone": "2"
              }
            ],
            "id": "/subscriptions/8eae94cc-2eea-4ec3-a98e-6fdae439c162/resourceGroups/prod-rg/providers/Microsoft.DBforPostgreSQL/flexibleServers/prod-psql-srujan",
            "identity": [],
            "location": "centralus",
            "maintenance_window": [
              {
                "day_of_week": 0,
                "start_hour": 0,
                "start_minute": 0
              }
            ],
            "name": "prod-psql-srujan",
            "point_in_time_restore_time_in_utc": "",
            "private_dns_zone_id": "/subscriptions/8eae94cc-2eea-4ec3-a98e-6fdae439c162/resourceGroups/prod-rg/providers/Microsoft.Network/privateDnsZones/privatelink.postgres.database.azure.com",
            "public_network_access_enabled": false,
            "replication_role": "",
            "resource_group_name": "prod-rg",
            "sku_name": "GP_Standard_D2s_v3",
            "source_server_id": "",
            "storage_mb": 32768,
            "storage_tier": "P30",
            "tags": {},
            "timeouts": null,
            "version": "14",
            "zone": "1"
          },
          "sensitive_attributes": [
            [
              {
                "type": "get_attr",
                "value": "administrator_password"
              }
            ]
          ],
          "identity_schema_version": 0,
          "private": "eyJlMmJmYjczMC1lY2FhLTExZTYtOGY4OC0zNDM2M2JjN2M0YzAiOnsiY3JlYXRlIjozNjAwMDAwMDAwMDAwLCJkZWxldGUiOjM2MDAwMDAwMDAwMDAsInJlYWQiOjMwMDAwMDAwMDAwMCwidXBkYXRlIjozNjAwMDAwMDAwMDAwfX0=",
          "dependencies": [
            "azurerm_resource_group.name",
            "module.database.random_password.postgres_password",
            "module.dns.azurerm_private_dns_zone.postgres",
            "module.dns.azurerm_private_dns_zone_virtual_network_link.postgres",
            "module.network.azurerm_subnet.database",
            "module.network.azurerm_virtual_network.name"
          ]
        }
      ]
    },
    {
      "module": "module.database",
      "mode": "managed",
      "type": "azurerm_postgresql_flexible_server",
      "name": "replica",
      "provider": "provider[\"registry.terraform.io/hashicorp/azurerm\"]",
      "instances": [
        {
          "schema_version": 0,
          "attributes": {
            "administrator_login": "psqladmin",
            "administrator_password": "g2_JAITgBB6NL%Q8",
            "administrator_password_wo": null,
            "administrator_password_wo_version": 0,
            "authentication": [
              {
                "active_directory_auth_enabled": false,
                "password_auth_enabled": true,
                "tenant_id": ""
              }
            ],
            "auto_grow_enabled": true,
            "backup_retention_days": 7,
            "cluster": [],
            "create_mode": "Replica",
            "customer_managed_key": [],
            "delegated_subnet_id": "/subscriptions/8eae94cc-2eea-4ec3-a98e-6fdae439c162/resourceGroups/prod-rg/providers/Microsoft.Network/virtualNetworks/prod-vnet/subnets/prod-db-subnet-2",
            "fqdn": "prod-psql-replica-srujan.postgres.database.azure.com",
            "geo_redundant_backup_enabled": false,
            "high_availability": [],
            "id": "/subscriptions/8eae94cc-2eea-4ec3-a98e-6fdae439c162/resourceGroups/prod-rg/providers/Microsoft.DBforPostgreSQL/flexibleServers/prod-psql-replica-srujan",
            "identity": [],
            "location": "centralus",
            "maintenance_window": [],
            "name": "prod-psql-replica-srujan",
            "point_in_time_restore_time_in_utc": "",
            "private_dns_zone_id": "/subscriptions/8eae94cc-2eea-4ec3-a98e-6fdae439c162/resourceGroups/prod-rg/providers/Microsoft.Network/privateDnsZones/privatelink.postgres.database.azure.com",
            "public_network_access_enabled": false,
            "replication_role": "",
            "resource_group_name": "prod-rg",
            "sku_name": "GP_Standard_D2s_v3",
            "source_server_id": "/subscriptions/8eae94cc-2eea-4ec3-a98e-6fdae439c162/resourceGroups/prod-rg/providers/Microsoft.DBforPostgreSQL/flexibleServers/prod-psql-srujan",
            "storage_mb": 32768,
            "storage_tier": "P30",
            "tags": {},
            "timeouts": null,
            "version": "14",
            "zone": "2"
          },
          "sensitive_attributes": [
            [
              {
                "type": "get_attr",
                "value": "administrator_password"
              }
            ]
          ],
          "identity_schema_version": 0,
          "private": "eyJlMmJmYjczMC1lY2FhLTExZTYtOGY4OC0zNDM2M2JjN2M0YzAiOnsiY3JlYXRlIjozNjAwMDAwMDAwMDAwLCJkZWxldGUiOjM2MDAwMDAwMDAwMDAsInJlYWQiOjMwMDAwMDAwMDAwMCwidXBkYXRlIjozNjAwMDAwMDAwMDAwfX0=",
          "dependencies": [
            "azurerm_resource_group.name",
            "module.database.azurerm_postgresql_flexible_server.primary",
            "module.database.random_password.postgres_password",
            "module.dns.azurerm_private_dns_zone.postgres",
            "module.dns.azurerm_private_dns_zone_virtual_network_link.postgres",
            "module.network.azurerm_subnet.database",
            "module.network.azurerm_virtual_network.name"
          ]
        }
      ]
    },
    {
      "module": "module.database",
      "mode": "managed",
      "type": "azurerm_postgresql_flexible_server_configuration",
      "name": "primary_log_checkpoints",
      "provider": "provider[\"registry.terraform.io/hashicorp/azurerm\"]",
      "instances": [
        {
          "schema_version": 0,
          "attributes": {
            "id": "/subscriptions/8eae94cc-2eea-4ec3-a98e-6fdae439c162/resourceGroups/prod-rg/providers/Microsoft.DBforPostgreSQL/flexibleServers/prod-psql-srujan/configurations/log_checkpoints",
            "name": "log_checkpoints",
            "server_id": "/subscriptions/8eae94cc-2eea-4ec3-a98e-6fdae439c162/resourceGroups/prod-rg/providers/Microsoft.DBforPostgreSQL/flexibleServers/prod-psql-srujan",
            "timeouts": null,
            "value": "on"
          },
          "sensitive_attributes": [],
          "identity_schema_version": 0,
          "private": "eyJlMmJmYjczMC1lY2FhLTExZTYtOGY4OC0zNDM2M2JjN2M0YzAiOnsiY3JlYXRlIjoxODAwMDAwMDAwMDAwLCJkZWxldGUiOjE4MDAwMDAwMDAwMDAsInJlYWQiOjMwMDAwMDAwMDAwMCwidXBkYXRlIjoxODAwMDAwMDAwMDAwfX0=",
          "dependencies": [
            "azurerm_resource_group.name",
            "module.database.azurerm_postgresql_flexible_server.primary",
            "module.database.azurerm_postgresql_flexible_server.replica",
            "module.database.random_password.postgres_password",
            "module.dns.azurerm_private_dns_zone.postgres",
            "module.dns.azurerm_private_dns_zone_virtual_network_link.postgres",
            "module.network.azurerm_subnet.database",
            "module.network.azurerm_virtual_network.name"
          ]
        }
      ]
    },
    {
      "module": "module.database",
      "mode": "managed",
      "type": "azurerm_postgresql_flexible_server_configuration",
      "name": "primary_log_connections",
      "provider": "provider[\"registry.terraform.io/hashicorp/azurerm\"]",
      "instances": [
        {
          "schema_version": 0,
          "attributes": {
            "id": "/subscriptions/8eae94cc-2eea-4ec3-a98e-6fdae439c162/resourceGroups/prod-rg/providers/Microsoft.DBforPostgreSQL/flexibleServers/prod-psql-srujan/configurations/log_connections",
            "name": "log_connections",
            "server_id": "/subscriptions/8eae94cc-2eea-4ec3-a98e-6fdae439c162/resourceGroups/prod-rg/providers/Microsoft.DBforPostgreSQL/flexibleServers/prod-psql-srujan",
            "timeouts": null,
            "value": "on"
          },
          "sensitive_attributes": [],
          "identity_schema_version": 0,
          "private": "eyJlMmJmYjczMC1lY2FhLTExZTYtOGY4OC0zNDM2M2JjN2M0YzAiOnsiY3JlYXRlIjoxODAwMDAwMDAwMDAwLCJkZWxldGUiOjE4MDAwMDAwMDAwMDAsInJlYWQiOjMwMDAwMDAwMDAwMCwidXBkYXRlIjoxODAwMDAwMDAwMDAwfX0=",
          "dependencies": [
            "azurerm_resource_group.name",
            "module.database.azurerm_postgresql_flexible_server.primary",
            "module.database.azurerm_postgresql_flexible_server.replica",
            "module.database.random_password.postgres_password",
            "module.dns.azurerm_private_dns_zone.postgres",
            "module.dns.azurerm_private_dns_zone_virtual_network_link.postgres",
            "module.network.azurerm_subnet.database",
            "module.network.azurerm_virtual_network.name"
          ]
        }
      ]
    },
    {
      "module": "module.database",
      "mode": "managed",
      "type": "azurerm_postgresql_flexible_server_configuration",
      "name": "primary_ssl",
      "provider": "provider[\"registry.terraform.io/hashicorp/azurerm\"]",
      "instances": [
        {
          "schema_version": 0,
          "attributes": {
            "id": "/subscriptions/8eae94cc-2eea-4ec3-a98e-6fdae439c162/resourceGroups/prod-rg/providers/Microsoft.DBforPostgreSQL/flexibleServers/prod-psql-srujan/configurations/ssl_min_protocol_version",
            "name": "ssl_min_protocol_version",
            "server_id": "/subscriptions/8eae94cc-2eea-4ec3-a98e-6fdae439c162/resourceGroups/prod-rg/providers/Microsoft.DBforPostgreSQL/flexibleServers/prod-psql-srujan",
            "timeouts": null,
            "value": "TLSv1.2"
          },
          "sensitive_attributes": [],
          "identity_schema_version": 0,
          "private": "eyJlMmJmYjczMC1lY2FhLTExZTYtOGY4OC0zNDM2M2JjN2M0YzAiOnsiY3JlYXRlIjoxODAwMDAwMDAwMDAwLCJkZWxldGUiOjE4MDAwMDAwMDAwMDAsInJlYWQiOjMwMDAwMDAwMDAwMCwidXBkYXRlIjoxODAwMDAwMDAwMDAwfX0=",
          "dependencies": [
            "azurerm_resource_group.name",
            "module.database.azurerm_postgresql_flexible_server.primary",
            "module.database.azurerm_postgresql_flexible_server.replica",
            "module.database.random_password.postgres_password",
            "module.dns.azurerm_private_dns_zone.postgres",
            "module.dns.azurerm_private_dns_zone_virtual_network_link.postgres",
            "module.network.azurerm_subnet.database",
            "module.network.azurerm_virtual_network.name"
          ]
        }
      ]
    },
    {
      "module": "module.database",
      "mode": "managed",
      "type": "azurerm_postgresql_flexible_server_database",
      "name": "db",
      "provider": "provider[\"registry.terraform.io/hashicorp/azurerm\"]",
      "instances": [
        {
          "schema_version": 0,
          "attributes": {
            "charset": "UTF8",
            "collation": "en_US.utf8",
            "id": "/subscriptions/8eae94cc-2eea-4ec3-a98e-6fdae439c162/resourceGroups/prod-rg/providers/Microsoft.DBforPostgreSQL/flexibleServers/prod-psql-srujan/databases/goalsdb",
            "name": "goalsdb",
            "server_id": "/subscriptions/8eae94cc-2eea-4ec3-a98e-6fdae439c162/resourceGroups/prod-rg/providers/Microsoft.DBforPostgreSQL/flexibleServers/prod-psql-srujan",
            "timeouts": null
          },
          "sensitive_attributes": [],
          "identity_schema_version": 0,
          "private": "eyJlMmJmYjczMC1lY2FhLTExZTYtOGY4OC0zNDM2M2JjN2M0YzAiOnsiY3JlYXRlIjoxODAwMDAwMDAwMDAwLCJkZWxldGUiOjE4MDAwMDAwMDAwMDAsInJlYWQiOjMwMDAwMDAwMDAwMH19",
          "dependencies": [
            "azurerm_resource_group.name",
            "module.database.azurerm_postgresql_flexible_server.primary",
            "module.database.random_password.postgres_password",
            "module.dns.azurerm_private_dns_zone.postgres",
            "module.dns.azurerm_private_dns_zone_virtual_network_link.postgres",
            "module.network.azurerm_subnet.database",
            "module.network.azurerm_virtual_network.name"
          ]
        }
      ]
    },
    {
      "module": "module.database",
      "mode": "managed",
      "type": "random_password",
      "name": "postgres_password",
      "provider": "provider[\"registry.terraform.io/hashicorp/random\"]",
      "instances": [
        {
          "schema_version": 3,
          "attributes": {
            "bcrypt_hash": "$2a$10$wvYv0i4Sli4jAuEYIYDrN.muPjelhtHo/soV7w.o9KTtFdgO.XLEK",
            "id": "none",
            "keepers": null,
            "length": 16,
            "lower": true,
            "min_lower": 1,
            "min_numeric": 1,
            "min_special": 1,
            "min_upper": 1,
            "number": true,
            "numeric": true,
            "override_special": "_%@",
            "result": "g2_JAITgBB6NL%Q8",
            "special": true,
            "upper": true
          },
          "sensitive_attributes": [
            [
              {
                "type": "get_attr",
                "value": "bcrypt_hash"
              }
            ],
            [
              {
                "type": "get_attr",
                "value": "result"
              }
            ]
          ],
          "identity_schema_version": 0,
          "dependencies": [
            "azurerm_resource_group.name",
            "module.dns.azurerm_private_dns_zone.postgres",
            "module.dns.azurerm_private_dns_zone_virtual_network_link.postgres",
            "module.network.azurerm_virtual_network.name"
          ]
        }
      ]
    },
    {
      "module": "module.dns",
      "mode": "managed",
      "type": "azurerm_private_dns_zone",
      "name": "postgres",
      "provider": "provider[\"registry.terraform.io/hashicorp/azurerm\"]",
      "instances": [
        {
          "schema_version": 0,
          "attributes": {
            "id": "/subscriptions/8eae94cc-2eea-4ec3-a98e-6fdae439c162/resourceGroups/prod-rg/providers/Microsoft.Network/privateDnsZones/privatelink.postgres.database.azure.com",
            "max_number_of_record_sets": 25000,
            "max_number_of_virtual_network_links": 1000,
            "max_number_of_virtual_network_links_with_registration": 100,
            "name": "privatelink.postgres.database.azure.com",
            "number_of_record_sets": 7,
            "resource_group_name": "prod-rg",
            "soa_record": [
              {
                "email": "azureprivatedns-host.microsoft.com",
                "expire_time": 2419200,
                "fqdn": "privatelink.postgres.database.azure.com.",
                "host_name": "azureprivatedns.net",
                "minimum_ttl": 10,
                "refresh_time": 3600,
                "retry_time": 300,
                "serial_number": 1,
                "tags": {},
                "ttl": 3600
              }
            ],
            "tags": {},
            "timeouts": null
          },
          "sensitive_attributes": [],
          "identity_schema_version": 0,
          "identity": {
            "name": "privatelink.postgres.database.azure.com",
            "resource_group_name": "prod-rg",
            "subscription_id": "8eae94cc-2eea-4ec3-a98e-6fdae439c162"
          },
          "private": "eyJlMmJmYjczMC1lY2FhLTExZTYtOGY4OC0zNDM2M2JjN2M0YzAiOnsiY3JlYXRlIjoxODAwMDAwMDAwMDAwLCJkZWxldGUiOjE4MDAwMDAwMDAwMDAsInJlYWQiOjMwMDAwMDAwMDAwMCwidXBkYXRlIjoxODAwMDAwMDAwMDAwfX0=",
          "dependencies": [
            "azurerm_resource_group.name"
          ]
        }
      ]
    },
    {
      "module": "module.dns",
      "mode": "managed",
      "type": "azurerm_private_dns_zone_virtual_network_link",
      "name": "postgres",
      "provider": "provider[\"registry.terraform.io/hashicorp/azurerm\"]",
      "instances": [
        {
          "schema_version": 0,
          "attributes": {
            "id": "/subscriptions/8eae94cc-2eea-4ec3-a98e-6fdae439c162/resourceGroups/prod-rg/providers/Microsoft.Network/privateDnsZones/privatelink.postgres.database.azure.com/virtualNetworkLinks/postgres-dns-link",
            "name": "postgres-dns-link",
            "private_dns_zone_name": "privatelink.postgres.database.azure.com",
            "registration_enabled": true,
            "resolution_policy": "Default",
            "resource_group_name": "prod-rg",
            "tags": {},
            "timeouts": null,
            "virtual_network_id": "/subscriptions/8eae94cc-2eea-4ec3-a98e-6fdae439c162/resourceGroups/prod-rg/providers/Microsoft.Network/virtualNetworks/prod-vnet"
          },
          "sensitive_attributes": [],
          "identity_schema_version": 0,
          "identity": {
            "name": "postgres-dns-link",
            "private_dns_zone_name": "privatelink.postgres.database.azure.com",
            "resource_group_name": "prod-rg",
            "subscription_id": "8eae94cc-2eea-4ec3-a98e-6fdae439c162"
          },
          "private": "eyJlMmJmYjczMC1lY2FhLTExZTYtOGY4OC0zNDM2M2JjN2M0YzAiOnsiY3JlYXRlIjoxODAwMDAwMDAwMDAwLCJkZWxldGUiOjE4MDAwMDAwMDAwMDAsInJlYWQiOjMwMDAwMDAwMDAwMCwidXBkYXRlIjoxODAwMDAwMDAwMDAwfX0=",
          "dependencies": [
            "azurerm_resource_group.name",
            "module.dns.azurerm_private_dns_zone.postgres",
            "module.network.azurerm_virtual_network.name"
          ]
        }
      ]
    },
    {
      "module": "module.frontend[0]",
      "mode": "managed",
      "type": "azurerm_application_gateway",
      "name": "frontend",
      "provider": "provider[\"registry.terraform.io/hashicorp/azurerm\"]",
      "instances": [
        {
          "index_key": 0,
          "schema_version": 0,
          "attributes": {
            "authentication_certificate": [],
            "autoscale_configuration": [],
            "backend": [],
            "backend_address_pool": [
              {
                "fqdns": [],
                "id": "/subscriptions/8eae94cc-2eea-4ec3-a98e-6fdae439c162/resourceGroups/prod-rg/providers/Microsoft.Network/applicationGateways/prod-appgw/backendAddressPools/backend-pool",
                "ip_addresses": [],
                "name": "backend-pool"
              }
            ],
            "backend_http_settings": [
              {
                "affinity_cookie_name": "",
                "authentication_certificate": [],
                "connection_draining": [],
                "cookie_based_affinity": "Disabled",
                "dedicated_backend_connection_enabled": false,
                "host_name": "",
                "id": "/subscriptions/8eae94cc-2eea-4ec3-a98e-6fdae439c162/resourceGroups/prod-rg/providers/Microsoft.Network/applicationGateways/prod-appgw/backendHttpSettingsCollection/http-settings",
                "name": "http-settings",
                "path": "",
                "pick_host_name_from_backend_address": false,
                "port": 3000,
                "probe_id": "/subscriptions/8eae94cc-2eea-4ec3-a98e-6fdae439c162/resourceGroups/prod-rg/providers/Microsoft.Network/applicationGateways/prod-appgw/probes/health-probe",
                "probe_name": "health-probe",
                "protocol": "Http",
                "request_timeout": 60,
                "trusted_root_certificate_names": []
              }
            ],
            "custom_error_configuration": [],
            "enable_http2": false,
            "fips_enabled": false,
            "firewall_policy_id": "",
            "force_firewall_policy_association": false,
            "frontend_ip_configuration": [
              {
                "id": "/subscriptions/8eae94cc-2eea-4ec3-a98e-6fdae439c162/resourceGroups/prod-rg/providers/Microsoft.Network/applicationGateways/prod-appgw/frontendIPConfigurations/frontend-ip-config",
                "name": "frontend-ip-config",
                "private_ip_address": "",
                "private_ip_address_allocation": "Dynamic",
                "private_link_configuration_id": "",
                "private_link_configuration_name": "",
                "public_ip_address_id": "/subscriptions/8eae94cc-2eea-4ec3-a98e-6fdae439c162/resourceGroups/prod-rg/providers/Microsoft.Network/publicIPAddresses/prod-frontend-pip",
                "subnet_id": ""
              }
            ],
            "frontend_port": [
              {
                "id": "/subscriptions/8eae94cc-2eea-4ec3-a98e-6fdae439c162/resourceGroups/prod-rg/providers/Microsoft.Network/applicationGateways/prod-appgw/frontendPorts/http-port",
                "name": "http-port",
                "port": 80
              }
            ],
            "gateway_ip_configuration": [
              {
                "id": "/subscriptions/8eae94cc-2eea-4ec3-a98e-6fdae439c162/resourceGroups/prod-rg/providers/Microsoft.Network/applicationGateways/prod-appgw/gatewayIPConfigurations/gateway-ip-config",
                "name": "gateway-ip-config",
                "subnet_id": "/subscriptions/8eae94cc-2eea-4ec3-a98e-6fdae439c162/resourceGroups/prod-rg/providers/Microsoft.Network/virtualNetworks/prod-vnet/subnets/prod-appgw-subnet"
              }
            ],
            "global": [],
            "http2_enabled": false,
            "http_listener": [
              {
                "custom_error_configuration": [],
                "firewall_policy_id": "",
                "frontend_ip_configuration_id": "/subscriptions/8eae94cc-2eea-4ec3-a98e-6fdae439c162/resourceGroups/prod-rg/providers/Microsoft.Network/applicationGateways/prod-appgw/frontendIPConfigurations/frontend-ip-config",
                "frontend_ip_configuration_name": "frontend-ip-config",
                "frontend_port_id": "/subscriptions/8eae94cc-2eea-4ec3-a98e-6fdae439c162/resourceGroups/prod-rg/providers/Microsoft.Network/applicationGateways/prod-appgw/frontendPorts/http-port",
                "frontend_port_name": "http-port",
                "host_name": "",
                "host_names": [],
                "id": "/subscriptions/8eae94cc-2eea-4ec3-a98e-6fdae439c162/resourceGroups/prod-rg/providers/Microsoft.Network/applicationGateways/prod-appgw/httpListeners/http-listener",
                "name": "http-listener",
                "protocol": "Http",
                "require_sni": false,
                "ssl_certificate_id": "",
                "ssl_certificate_name": "",
                "ssl_profile_id": "",
                "ssl_profile_name": ""
              }
            ],
            "id": "/subscriptions/8eae94cc-2eea-4ec3-a98e-6fdae439c162/resourceGroups/prod-rg/providers/Microsoft.Network/applicationGateways/prod-appgw",
            "identity": [],
            "listener": [],
            "location": "centralus",
            "name": "prod-appgw",
            "private_endpoint_connection": [],
            "private_link_configuration": [],
            "probe": [
              {
                "host": "127.0.0.1",
                "id": "/subscriptions/8eae94cc-2eea-4ec3-a98e-6fdae439c162/resourceGroups/prod-rg/providers/Microsoft.Network/applicationGateways/prod-appgw/probes/health-probe",
                "interval": 30,
                "match": [
                  {
                    "body": "",
                    "status_code": [
                      "200-399"
                    ]
                  }
                ],
                "minimum_servers": 0,
                "name": "health-probe",
                "path": "/",
                "pick_host_name_from_backend_http_settings": false,
                "port": 3000,
                "protocol": "Http",
                "proxy_protocol_header_enabled": false,
                "timeout": 30,
                "unhealthy_threshold": 3
              }
            ],
            "redirect_configuration": [],
            "request_routing_rule": [
              {
                "backend_address_pool_id": "/subscriptions/8eae94cc-2eea-4ec3-a98e-6fdae439c162/resourceGroups/prod-rg/providers/Microsoft.Network/applicationGateways/prod-appgw/backendAddressPools/backend-pool",
                "backend_address_pool_name": "backend-pool",
                "backend_http_settings_id": "/subscriptions/8eae94cc-2eea-4ec3-a98e-6fdae439c162/resourceGroups/prod-rg/providers/Microsoft.Network/applicationGateways/prod-appgw/backendHttpSettingsCollection/http-settings",
                "backend_http_settings_name": "http-settings",
                "http_listener_id": "/subscriptions/8eae94cc-2eea-4ec3-a98e-6fdae439c162/resourceGroups/prod-rg/providers/Microsoft.Network/applicationGateways/prod-appgw/httpListeners/http-listener",
                "http_listener_name": "http-listener",
                "id": "/subscriptions/8eae94cc-2eea-4ec3-a98e-6fdae439c162/resourceGroups/prod-rg/providers/Microsoft.Network/applicationGateways/prod-appgw/requestRoutingRules/routing-rule",
                "name": "routing-rule",
                "priority": 1,
                "redirect_configuration_id": "",
                "redirect_configuration_name": "",
                "rewrite_rule_set_id": "",
                "rewrite_rule_set_name": "",
                "rule_type": "Basic",
                "url_path_map_id": "",
                "url_path_map_name": ""
              }
            ],
            "resource_group_name": "prod-rg",
            "rewrite_rule_set": [],
            "routing_rule": [],
            "sku": [
              {
                "capacity": 2,
                "name": "WAF_v2",
                "tier": "WAF_v2"
              }
            ],
            "ssl_certificate": [],
            "ssl_policy": [
              {
                "cipher_suites": [],
                "disabled_protocols": [],
                "min_protocol_version": "",
                "policy_name": "AppGwSslPolicy20220101",
                "policy_type": "Predefined"
              }
            ],
            "ssl_profile": [],
            "tags": {},
            "timeouts": null,
            "trusted_client_certificate": [],
            "trusted_root_certificate": [],
            "url_path_map": [],
            "waf_configuration": [
              {
                "disabled_rule_group": [],
                "enabled": true,
                "exclusion": [],
                "file_upload_limit_mb": 100,
                "firewall_mode": "Prevention",
                "max_request_body_size_kb": 128,
                "request_body_check": true,
                "rule_set_type": "OWASP",
                "rule_set_version": "3.2"
              }
            ],
            "zones": []
          },
          "sensitive_attributes": [],
          "identity_schema_version": 0,
          "identity": {
            "name": "prod-appgw",
            "resource_group_name": "prod-rg",
            "subscription_id": "8eae94cc-2eea-4ec3-a98e-6fdae439c162"
          },
          "private": "eyJlMmJmYjczMC1lY2FhLTExZTYtOGY4OC0zNDM2M2JjN2M0YzAiOnsiY3JlYXRlIjo1NDAwMDAwMDAwMDAwLCJkZWxldGUiOjU0MDAwMDAwMDAwMDAsInJlYWQiOjMwMDAwMDAwMDAwMCwidXBkYXRlIjo1NDAwMDAwMDAwMDAwfX0=",
          "dependencies": [
            "azurerm_resource_group.name",
            "data.azurerm_client_config.current",
            "module.backend.azurerm_application_gateway.frontend",
            "module.backend.azurerm_lb.backend",
            "module.backend.azurerm_lb_backend_address_pool.backend",
            "module.backend.azurerm_lb_probe.backend",
            "module.backend.azurerm_lb_rule.backend",
            "module.backend.azurerm_linux_virtual_machine_scale_set.vmss",
            "module.backend.azurerm_monitor_autoscale_setting.vmss_autoscale",
            "module.backend.azurerm_public_ip.lb",
            "module.backend.azurerm_user_assigned_identity.vmss_identity",
            "module.backend.tls_private_key.ssh",
            "module.database.azurerm_postgresql_flexible_server.primary",
            "module.database.azurerm_postgresql_flexible_server.replica",
            "module.database.azurerm_postgresql_flexible_server_configuration.primary_log_checkpoints",
            "module.database.azurerm_postgresql_flexible_server_configuration.primary_log_connections",
            "module.database.azurerm_postgresql_flexible_server_configuration.primary_ssl",
            "module.database.azurerm_postgresql_flexible_server_database.db",
            "module.database.random_password.postgres_password",
            "module.dns.azurerm_private_dns_zone.postgres",
            "module.dns.azurerm_private_dns_zone_virtual_network_link.postgres",
            "module.frontend.azurerm_public_ip.lb",
            "module.keyvault.azurerm_key_vault.kv",
            "module.keyvault.azurerm_role_assignment.backend_secret_user",
            "module.keyvault.azurerm_role_assignment.frontend_secret_user",
            "module.keyvault.azurerm_role_assignment.kv_admin",
            "module.network.azurerm_subnet.appgw",
            "module.network.azurerm_subnet.database",
            "module.network.azurerm_subnet.private",
            "module.network.azurerm_virtual_network.name"
          ]
        }
      ]
    },
    {
      "module": "module.frontend[0]",
      "mode": "managed",
      "type": "azurerm_linux_virtual_machine_scale_set",
      "name": "vmss",
      "provider": "provider[\"registry.terraform.io/hashicorp/azurerm\"]",
      "instances": [
        {
          "schema_version": 0,
          "attributes": {
            "additional_capabilities": [],
            "admin_password": null,
            "admin_ssh_key": [
              {
                "public_key": "ssh-rsa AAAAB3NzaC1yc2EAAAADAQABAAACAQDP9pGHc2mgQ5Tstwn6+6qWWvcUdyqAgmNcRBjB8LckzLEZS06j/4U+UAkpcqyyaiK+FFP/3k8TlzwW05MqI8zAkmbKqoz2bQHmCAH1J6DzRDwc2rzvUUpSAvM0wY1eAQu8gyOIwpQE3eabsfuM+fSFEafdTvEUH0aRCGJaf1Kp31+NITT38bARm/B09dqRlIu+WTKA/ZWAstGi/RkowJ3I685fNxsbnPk+L0LLIXTAhKALP4nUlWW+dULuP/I50My/lNlz4EkYJPlnJbuqD6OnF29cppVBNU2jPeT+Bh4kvJavtzTes2L49SoZXhg6Tb2hHVovGBPFfh4c9lm8/SqLGuCSgzD3Ue1a0zeUL9PYiSY4mJrooEATKz2ljzsJ9CE8z+Vfc/0bSBrcDPU6guzL1QhiVIMT3fyGr7XFAvC1kN5XAhTu3BTzcEtEbMoYIw675Bv4fypuoMHOitiYVfrCzaiUedXrLmxOFYtNVm1VPvcVI+k1MXPmSMQMDp9T5pL++UHIKqOaYhYRKSwtJEyfRyqOGTDfPdXjmC1g+/rNX2Nkzqnge/oZonwNVOt4OMj5DlgJGwcT+A92PaQgW5XpJcOAVehTCdyT4OVhlcCRdJLvxMYYcEplskMkeTcF1oNDANHC7220frrBHrKneT/uKEjlgz4PYGOQ4T1thW2TVQ==\n",
                "username": "adminuser"
              }
            ],
            "admin_username": "adminuser",
            "automatic_instance_repair": [],
            "automatic_os_upgrade_policy": [],
            "boot_diagnostics": [],
            "capacity_reservation_group_id": "",
            "computer_name_prefix": "prod-frontend-vmss",
            "custom_data": "IyEvYmluL2Jhc2gKIyBGcm9udGVuZCBwcm92aXNpb25pbmcgc2NyaXB0CgpzZXQgLWV1eG8gcGlwZWZhaWwKCkxPR19GSUxFPSIvdmFyL2xvZy9mcm9udGVuZF9wcm92aXNpb24ubG9nIgpleGVjID4gPih0ZWUgLWEgIiRMT0dfRklMRSIpIDI+JjEKCmVjaG8gIj09PT09IFN0YXJ0aW5nIGZyb250ZW5kIHByb3Zpc2lvbmluZyBhdCAkJChkYXRlKSA9PT09PSIKCiMgRW5zdXJlIHJvb3QKaWYgWyAiJChpZCAtdSkiIC1uZSAwIF07IHRoZW4KICBlY2hvICJSdW5uaW5nIHdpdGggc3Vkby4uLiIKICBleGVjIHN1ZG8gIiQwIiAiJEAiCmZpCgojIC0tLS0tLS0tLS0tLS0tLS0tLS0tLS0tLS0tLS0tCiMgVGVtcGxhdGUgdmFyaWFibGVzIChGUk9NIFRFUlJBRk9STSkKIyAtLS0tLS0tLS0tLS0tLS0tLS0tLS0tLS0tLS0tLQphcHBsaWNhdGlvbl9wb3J0PSIzMDAwIgpmdWxsX2ltYWdlX25hbWU9InNydWphbmRhZGR5L3NpZW0tZGFzaGJvYXJkIgpkb2NrZXJodWJfdXNlcm5hbWU9InNydWphbmRhZGR5Igpkb2NrZXJodWJfcGFzc3dvcmQ9ImRja3JfcGF0X3dRTExZREZaYmxtWWpmWGhXOUNjcHpEVWowRSIKYmFja2VuZF9sYl9pcD0iMTAuMC4zLjQiCmtleV92YXVsdF9pZD0iL3N1YnNjcmlwdGlvbnMvOGVhZTk0Y2MtMmVlYS00ZWMzLWE5OGUtNmZkYWU0MzljMTYyL3Jlc291cmNlR3JvdXBzL3Byb2QtcmcvcHJvdmlkZXJzL01pY3Jvc29mdC5LZXlWYXVsdC92YXVsdHMvcHJvZC1rdi1zcnVqYW4iCiMgLS0tLS0tLS0tLS0tLS0tLS0tLS0tLS0tLS0tLS0KIyBJbnN0YWxsIGRlcGVuZGVuY2llcwojIC0tLS0tLS0tLS0tLS0tLS0tLS0tLS0tLS0tLS0tCmFwdC1nZXQgdXBkYXRlIC15CkRFQklBTl9GUk9OVEVORD1ub25pbnRlcmFjdGl2ZSBhcHQtZ2V0IGluc3RhbGwgLXkgXAogIGFwdC10cmFuc3BvcnQtaHR0cHMgY2EtY2VydGlmaWNhdGVzIGN1cmwgc29mdHdhcmUtcHJvcGVydGllcy1jb21tb24gZG5zdXRpbHMgZ251cGcgbmV0Y2F0LW9wZW5ic2QKCiMgLS0tLS0tLS0tLS0tLS0tLS0tLS0tLS0tLS0tLS0KIyBJbnN0YWxsIERvY2tlcgojIC0tLS0tLS0tLS0tLS0tLS0tLS0tLS0tLS0tLS0tCmVjaG8gIlNldHRpbmcgdXAgRG9ja2VyLi4uIgppbnN0YWxsIC1tIDA3NTUgLWQgL2V0Yy9hcHQva2V5cmluZ3MKCmlmIFsgISAtZiAvZXRjL2FwdC9rZXlyaW5ncy9kb2NrZXIuZ3BnIF07IHRoZW4KICBjdXJsIC1mc1NMIGh0dHBzOi8vZG93bmxvYWQuZG9ja2VyLmNvbS9saW51eC91YnVudHUvZ3BnIHwgXAogICAgZ3BnIC0tZGVhcm1vciAtbyAvZXRjL2FwdC9rZXlyaW5ncy9kb2NrZXIuZ3BnCmZpCgpjaG1vZCBhK3IgL2V0Yy9hcHQva2V5cmluZ3MvZG9ja2VyLmdwZwoKZWNobyBcCiAgImRlYiBbYXJjaD0kKGRwa2cgLS1wcmludC1hcmNoaXRlY3R1cmUpIHNpZ25lZC1ieT0vZXRjL2FwdC9rZXlyaW5ncy9kb2NrZXIuZ3BnXSBodHRwczovL2Rvd25sb2FkLmRvY2tlci5jb20vbGludXgvdWJ1bnR1IFwKICAkKC4gL2V0Yy9vcy1yZWxlYXNlICYmIGVjaG8gIiRWRVJTSU9OX0NPREVOQU1FIikgc3RhYmxlIiBcCiAgfCB0ZWUgL2V0Yy9hcHQvc291cmNlcy5saXN0LmQvZG9ja2VyLmxpc3QgPiAvZGV2L251bGwKCmFwdC1nZXQgdXBkYXRlIC15CkRFQklBTl9GUk9OVEVORD1ub25pbnRlcmFjdGl2ZSBhcHQtZ2V0IGluc3RhbGwgLXkgZG9ja2VyLWNlIGRvY2tlci1jZS1jbGkgY29udGFpbmVyZC5pbyBkb2NrZXItYnVpbGR4LXBsdWdpbiBkb2NrZXItY29tcG9zZS1wbHVnaW4Kc3lzdGVtY3RsIGVuYWJsZSBkb2NrZXIKc3lzdGVtY3RsIHN0YXJ0IGRvY2tlcgoKIyBBZGQgdXNlciB0byBkb2NrZXIgZ3JvdXAKdXNlcm1vZCAtYUcgZG9ja2VyIGFkbWludXNlciB8fCB0cnVlCgojIC0tLS0tLS0tLS0tLS0tLS0tLS0tLS0tLS0tLS0tCiMgSW5zdGFsbCBBenVyZSBDTEkKIyAtLS0tLS0tLS0tLS0tLS0tLS0tLS0tLS0tLS0tLQppZiAhIGNvbW1hbmQgLXYgYXogPi9kZXYvbnVsbCAyPiYxOyB0aGVuCiAgZWNobyAiSW5zdGFsbGluZyBBenVyZSBDTEkuLi4iCiAgY3VybCAtc0wgaHR0cHM6Ly9ha2EubXMvSW5zdGFsbEF6dXJlQ0xJRGViIHwgYmFzaApmaQoKIyAtLS0tLS0tLS0tLS0tLS0tLS0tLS0tLS0tLS0tLQojIERvY2tlciBsb2dpbiAKIyAtLS0tLS0tLS0tLS0tLS0tLS0tLS0tLS0tLS0tLQoKc2xlZXAgMjAKaWYgWyAtbiAiJHtkb2NrZXJodWJfdXNlcm5hbWU6LX0iIF0gJiYgWyAtbiAiJHtkb2NrZXJodWJfcGFzc3dvcmQ6LX0iIF07IHRoZW4KICBlY2hvICJMb2dnaW5nIGludG8gRG9ja2VyIEh1Yi4uLiIKICBlY2hvICIkZG9ja2VyaHViX3Bhc3N3b3JkIiB8IGRvY2tlciBsb2dpbiAtdSAiJGRvY2tlcmh1Yl91c2VybmFtZSIgLS1wYXNzd29yZC1zdGRpbgplbHNlCiAgZWNobyAiU2tpcHBpbmcgRG9ja2VyIGxvZ2luIChwdWJsaWMgaW1hZ2UgYXNzdW1lZCkiCmZpCgojIC0tLS0tLS0tLS0tLS0tLS0tLS0tLS0tLS0tLS0tCiMgUHVsbCBpbWFnZQojIC0tLS0tLS0tLS0tLS0tLS0tLS0tLS0tLS0tLS0tCmVjaG8gIlB1bGxpbmcgaW1hZ2U6ICRmdWxsX2ltYWdlX25hbWUiCmRvY2tlciBwdWxsICIkZnVsbF9pbWFnZV9uYW1lIgoKIyAtLS0tLS0tLS0tLS0tLS0tLS0tLS0tLS0tLS0tLQojIEJhY2tlbmQgTEIgSVAKIyAtLS0tLS0tLS0tLS0tLS0tLS0tLS0tLS0tLS0tLQplY2hvICJJbml0aWFsIGJhY2tlbmQgSVAgZnJvbSBUZXJyYWZvcm06ICRiYWNrZW5kX2xiX2lwIgoKIyBEaXNjb3ZlciBiYWNrZW5kIGlmIG5vdCBwcm92aWRlZAppZiBbIC16ICIkYmFja2VuZF9sYl9pcCIgXTsgdGhlbgogIGVjaG8gIkRpc2NvdmVyaW5nIGJhY2tlbmQgbG9hZCBiYWxhbmNlci4uLiIKCiAgZm9yIHN1Ym5ldCBpbiAiMTAuMC4zIiAiMTAuMC40IjsgZG8KICAgIGZvciBpIGluICQoc2VxIDEgMTApOyBkbwogICAgICBpcD0iJHtzdWJuZXR9LiR7aX0iCiAgICAgIGlmIG5jIC16IC13IDEgIiRpcCIgODA4MCA+L2Rldi9udWxsIDI+JjE7IHRoZW4KICAgICAgICBiYWNrZW5kX2xiX2lwPSIkaXAiCiAgICAgICAgZWNobyAiRm91bmQgYmFja2VuZCBhdCAkYmFja2VuZF9sYl9pcCIKICAgICAgICBicmVhayAyCiAgICAgIGZpCiAgICBkb25lCiAgZG9uZQoKICAjIGZhbGxiYWNrCiAgYmFja2VuZF9sYl9pcD0ke2JhY2tlbmRfbGJfaXA6LTEwLjAuMy40fQpmaQoKZWNobyAiVXNpbmcgYmFja2VuZCBVUkw6IGh0dHA6Ly8xMC4wLjMuNDo4MDgwIgoKIyAtLS0tLS0tLS0tLS0tLS0tLS0tLS0tLS0tLS0tLQojIFJlbW92ZSBvbGQgY29udGFpbmVyIGlmIGV4aXN0cwojIC0tLS0tLS0tLS0tLS0tLS0tLS0tLS0tLS0tLS0tCmlmIGRvY2tlciBwcyAtYSAtLWZvcm1hdCAne3suTmFtZXN9fScgfCBncmVwIC1xICJeZnJvbnRlbmQtYXBwJCI7IHRoZW4KICBlY2hvICJSZW1vdmluZyBleGlzdGluZyBjb250YWluZXIuLi4iCiAgZG9ja2VyIHJtIC1mIGZyb250ZW5kLWFwcCB8fCB0cnVlCmZpCiMgLS0tLS0tLS0tLS0tLS0tLS0tLS0tLS0tLS0tLS0KIyBBenVyZSBMb2dpbiAoTWFuYWdlZCBJZGVudGl0eSkKIyAtLS0tLS0tLS0tLS0tLS0tLS0tLS0tLS0tLS0tLQplY2hvICJMb2dnaW5nIGludG8gQXp1cmUgdXNpbmcgTWFuYWdlZCBJZGVudGl0eS4uLiIKYXogbG9naW4gLS1pZGVudGl0eSAtLWFsbG93LW5vLXN1YnNjcmlwdGlvbnMKCiMgLS0tLS0tLS0tLS0tLS0tLS0tLS0tLS0tLS0tLS0KIyBLZXkgVmF1bHQgTmFtZQojIC0tLS0tLS0tLS0tLS0tLS0tLS0tLS0tLS0tLS0tCktFWV9WQVVMVF9OQU1FPSQoYmFzZW5hbWUgIiRrZXlfdmF1bHRfaWQiKQplY2hvICJVc2luZyBLZXkgVmF1bHQ6ICRLRVlfVkFVTFRfTkFNRSIKCnNsZWVwIDEwCmVjaG8gIkNoZWNraW5nIEtleSBWYXVsdCBhY2Nlc3MuLi4iCmVjaG8gIkNoZWNraW5nIEtleSBWYXVsdCBhY2Nlc3MuLi4iCmVjaG8gIkNoZWNraW5nIE1hbmFnZWQgSWRlbnRpdHkgbG9naW4uLi4iCmlmICEgYXogbG9naW4gLS1pZGVudGl0eSAtLWFsbG93LW5vLXN1YnNjcmlwdGlvbnMgPi9kZXYvbnVsbCAyPiYxOyB0aGVuCiAgZWNobyAiRVJST1I6IE1hbmFnZWQgSWRlbnRpdHkgbG9naW4gZmFpbGVkIgpmaQppZiAhIGF6IGtleXZhdWx0IHNlY3JldCBzaG93IFwKICAtLXZhdWx0LW5hbWUgIiRLRVlfVkFVTFRfTkFNRSIgXAogIC0tbmFtZSAiZGItdXNlcm5hbWUiID4vZGV2L251bGwgMj4mMTsgdGhlbgogIGVjaG8gIkVSUk9SOiBDYW5ub3QgYWNjZXNzIEtleSBWYXVsdCBzZWNyZXRzIChSQkFDIGlzc3VlKSIKICAKZmkKCgplY2hvICJTdGFydGluZyBhZ2VudCBjb250YWluZXIuLi4iCmVjaG8gIkZldGNoaW5nIERCIHNlY3JldHMuLi4iCgpkYl91c2VybmFtZT0kKGF6IGtleXZhdWx0IHNlY3JldCBzaG93IC0tdmF1bHQtbmFtZSAiJEtFWV9WQVVMVF9OQU1FIiAtLW5hbWUgImRiLXVzZXJuYW1lIiAtLXF1ZXJ5IHZhbHVlIC1vIHRzdikKZGJfcGFzc3dvcmQ9JChheiBrZXl2YXVsdCBzZWNyZXQgc2hvdyAtLXZhdWx0LW5hbWUgIiRLRVlfVkFVTFRfTkFNRSIgLS1uYW1lICJkYi1wYXNzd29yZCIgLS1xdWVyeSB2YWx1ZSAtbyB0c3YpCmRiX2hvc3Q9JChheiBrZXl2YXVsdCBzZWNyZXQgc2hvdyAtLXZhdWx0LW5hbWUgIiRLRVlfVkFVTFRfTkFNRSIgLS1uYW1lICJkYi1ob3N0IiAtLXF1ZXJ5IHZhbHVlIC1vIHRzdikKZGJfbmFtZT0kKGF6IGtleXZhdWx0IHNlY3JldCBzaG93IC0tdmF1bHQtbmFtZSAiJEtFWV9WQVVMVF9OQU1FIiAtLW5hbWUgImRiLW5hbWUiIC0tcXVlcnkgdmFsdWUgLW8gdHN2KQpkYl9wb3J0PSQoYXoga2V5dmF1bHQgc2VjcmV0IHNob3cgLS12YXVsdC1uYW1lICIkS0VZX1ZBVUxUX05BTUUiIC0tbmFtZSAiZGItcG9ydCIgLS1xdWVyeSB2YWx1ZSAtbyB0c3YpCgpzbGVlcCAxMAoKIyAtLS0tLS0tLS0tLS0tLS0tLS0tLS0tLS0tLS0tLQojIFJ1biBjb250YWluZXIKIyAtLS0tLS0tLS0tLS0tLS0tLS0tLS0tLS0tLS0tLQplY2hvICJTdGFydGluZyBmcm9udGVuZCBjb250YWluZXIuLi4iCgpkb2NrZXIgcnVuIC1kIFwKICAtLW5hbWUgZnJvbnRlbmQtYXBwIFwKICAtcCAiJGFwcGxpY2F0aW9uX3BvcnQ6ODUwMSIgXAogIC1lIERCX1VTRVJOQU1FPSIkZGJfdXNlcm5hbWUiIFwKICAtZSBEQl9VU0VSPSIkZGJfdXNlcm5hbWUiIFwKICAtZSBEQl9QQVNTV09SRD0iJGRiX3Bhc3N3b3JkIiBcCiAgLWUgREJfUEFTUz0iJGRiX3Bhc3N3b3JkIiBcCiAgLWUgREJfSE9TVD0iJGRiX2hvc3QiIFwKICAtZSBEQl9OQU1FPSIkZGJfbmFtZSIgXAogIC1lIERCX1BPUlQ9IiRkYl9wb3J0IiBcCiAgLWUgREJfU1NMTU9ERT0icmVxdWlyZSIgXAogIC1lIEJBQ0tFTkRfVVJMPSJodHRwOi8vMTAuMC4zLjQ6ODA4MCIgXAogIC0tcmVzdGFydCBhbHdheXMgXAogICIkZnVsbF9pbWFnZV9uYW1lIgoKCiMgLS0tLS0tLS0tLS0tLS0tLS0tLS0tLS0tLS0tLS0KIyBWZXJpZnkgY29udGFpbmVyCiMgLS0tLS0tLS0tLS0tLS0tLS0tLS0tLS0tLS0tLS0Kc2xlZXAgNQojIC0tLS0tLS0tLS0tLS0tLS0tLS0tLS0tLS0tLS0tCiMgUnVuIEFnZW50IENvbnRhaW5lcgojIC0tLS0tLS0tLS0tLS0tLS0tLS0tLS0tLS0tLS0tCmVjaG8gIlN0YXJ0aW5nIGFnZW50IGNvbnRhaW5lci4uLiIKZWNobyAiRmV0Y2hpbmcgREIgc2VjcmV0cy4uLiIKCgojIFJlbW92ZSBvbGQgYWdlbnQgaWYgZXhpc3RzCmlmIGRvY2tlciBwcyAtYSAtLWZvcm1hdCAne3suTmFtZXN9fScgfCBncmVwIC1xICJeYWdlbnQkIjsgdGhlbgogIGRvY2tlciBybSAtZiBhZ2VudCB8fCB0cnVlCmZpCgpkb2NrZXIgcHVsbCBzcnVqYW5kYWRkeS9zaWVtLWFnZW50OmxhdGVzdAoKc2xlZXAgMjAKCmRvY2tlciBydW4gLWQgXAogIC0tbmFtZSBhZ2VudCBcCiAgLS1uZXR3b3JrIGhvc3QgXAogIC1lIEJBQ0tFTkRfVVJMPSJodHRwOi8vbG9jYWxob3N0OjgwMDAvbG9ncyIgXAogIC0tcmVzdGFydCBhbHdheXMgXAogIHNydWphbmRhZGR5L3NpZW0tYWdlbnQ6bGF0ZXN0CgoKZWNobyAiUnVubmluZyBjb250YWluZXJzOiIKZG9ja2VyIHBzCgplY2hvICJUZXN0aW5nIGZyb250ZW5kIGxvY2FsbHkuLi4iCmN1cmwgLWYgImh0dHA6Ly9sb2NhbGhvc3Q6JGFwcGxpY2F0aW9uX3BvcnQvaGVhbHRoIiB8fCBlY2hvICJXQVJOSU5HOiBGcm9udGVuZCBub3QgcmVzcG9uZGluZyB5ZXQiCgplY2hvICI9PT09PSBGcm9udGVuZCBwcm92aXNpb25pbmcgY29tcGxldGVkIGF0ICQkKGRhdGUpID09PT09Ig==",
            "data_disk": [],
            "disable_password_authentication": true,
            "do_not_run_extensions_on_overprovisioned_machines": false,
            "edge_zone": "",
            "encryption_at_host_enabled": false,
            "eviction_policy": "",
            "extension": [],
            "extension_operations_enabled": true,
            "extensions_time_budget": "PT1H30M",
            "gallery_application": [],
            "health_probe_id": "",
            "host_group_id": null,
            "id": "/subscriptions/8eae94cc-2eea-4ec3-a98e-6fdae439c162/resourceGroups/prod-rg/providers/Microsoft.Compute/virtualMachineScaleSets/prod-frontend-vmss",
            "identity": [
              {
                "identity_ids": [
                  "/subscriptions/8eae94cc-2eea-4ec3-a98e-6fdae439c162/resourceGroups/prod-rg/providers/Microsoft.ManagedIdentity/userAssignedIdentities/prod-frontend-identity"
                ],
                "principal_id": "",
                "tenant_id": "",
                "type": "UserAssigned"
              }
            ],
            "instances": 1,
            "location": "centralus",
            "max_bid_price": -1,
            "name": "prod-frontend-vmss",
            "network_interface": [
              {
                "auxiliary_mode": "",
                "auxiliary_sku": "",
                "dns_servers": [],
                "enable_accelerated_networking": false,
                "enable_ip_forwarding": false,
                "ip_configuration": [
                  {
                    "application_gateway_backend_address_pool_ids": [
                      "/subscriptions/8eae94cc-2eea-4ec3-a98e-6fdae439c162/resourceGroups/prod-rg/providers/Microsoft.Network/applicationGateways/prod-appgw/backendAddressPools/backend-pool"
                    ],
                    "application_security_group_ids": [],
                    "load_balancer_backend_address_pool_ids": [],
                    "load_balancer_inbound_nat_rules_ids": [],
                    "name": "frontend-ipconfig",
                    "primary": true,
                    "public_ip_address": [],
                    "subnet_id": "/subscriptions/8eae94cc-2eea-4ec3-a98e-6fdae439c162/resourceGroups/prod-rg/providers/Microsoft.Network/virtualNetworks/prod-vnet/subnets/prod-public-subnet-1",
                    "version": "IPv4"
                  }
                ],
                "name": "frontend-nic",
                "network_security_group_id": "",
                "primary": true
              }
            ],
            "os_disk": [
              {
                "caching": "ReadWrite",
                "diff_disk_settings": [],
                "disk_encryption_set_id": "",
                "disk_size_gb": 30,
                "secure_vm_disk_encryption_set_id": "",
                "security_encryption_type": "",
                "storage_account_type": "Standard_LRS",
                "write_accelerator_enabled": false
              }
            ],
            "overprovision": true,
            "plan": [],
            "platform_fault_domain_count": 5,
            "priority": "Regular",
            "provision_vm_agent": true,
            "proximity_placement_group_id": "",
            "resilient_vm_creation_enabled": false,
            "resilient_vm_deletion_enabled": false,
            "resource_group_name": "prod-rg",
            "rolling_upgrade_policy": [
              {
                "cross_zone_upgrades_enabled": false,
                "max_batch_instance_percent": 20,
                "max_unhealthy_instance_percent": 20,
                "max_unhealthy_upgraded_instance_percent": 20,
                "maximum_surge_instances_enabled": false,
                "pause_time_between_batches": "PT1M",
                "prioritize_unhealthy_instances_enabled": true
              }
            ],
            "scale_in": [
              {
                "force_deletion_enabled": false,
                "rule": "OldestVM"
              }
            ],
            "secret": [],
            "secure_boot_enabled": false,
            "single_placement_group": true,
            "sku": "Standard_DC1s_v3",
            "source_image_id": "",
            "source_image_reference": [
              {
                "offer": "0001-com-ubuntu-server-jammy",
                "publisher": "Canonical",
                "sku": "22_04-lts-gen2",
                "version": "latest"
              }
            ],
            "spot_restore": [],
            "tags": {},
            "termination_notification": [
              {
                "enabled": true,
                "timeout": "PT5M"
              }
            ],
            "timeouts": null,
            "unique_id": "c7bba3a2-7d41-4517-b430-6f1656b6b2b6",
            "upgrade_mode": "Automatic",
            "user_data": "",
            "vtpm_enabled": false,
            "zone_balance": false,
            "zones": []
          },
          "sensitive_attributes": [
            [
              {
                "type": "get_attr",
                "value": "admin_password"
              }
            ],
            [
              {
                "type": "get_attr",
                "value": "custom_data"
              }
            ]
          ],
          "identity_schema_version": 0,
          "private": "eyJlMmJmYjczMC1lY2FhLTExZTYtOGY4OC0zNDM2M2JjN2M0YzAiOnsiY3JlYXRlIjozNjAwMDAwMDAwMDAwLCJkZWxldGUiOjM2MDAwMDAwMDAwMDAsInJlYWQiOjMwMDAwMDAwMDAwMCwidXBkYXRlIjozNjAwMDAwMDAwMDAwfX0=",
          "dependencies": [
            "azurerm_resource_group.name",
            "data.azurerm_client_config.current",
            "module.backend.azurerm_application_gateway.frontend",
            "module.backend.azurerm_lb.backend",
            "module.backend.azurerm_lb_backend_address_pool.backend",
            "module.backend.azurerm_lb_probe.backend",
            "module.backend.azurerm_lb_rule.backend",
            "module.backend.azurerm_linux_virtual_machine_scale_set.vmss",
            "module.backend.azurerm_monitor_autoscale_setting.vmss_autoscale",
            "module.backend.azurerm_public_ip.lb",
            "module.backend.azurerm_user_assigned_identity.vmss_identity",
            "module.backend.tls_private_key.ssh",
            "module.database.azurerm_postgresql_flexible_server.primary",
            "module.database.azurerm_postgresql_flexible_server.replica",
            "module.database.azurerm_postgresql_flexible_server_configuration.primary_log_checkpoints",
            "module.database.azurerm_postgresql_flexible_server_configuration.primary_log_connections",
            "module.database.azurerm_postgresql_flexible_server_configuration.primary_ssl",
            "module.database.azurerm_postgresql_flexible_server_database.db",
            "module.database.random_password.postgres_password",
            "module.dns.azurerm_private_dns_zone.postgres",
            "module.dns.azurerm_private_dns_zone_virtual_network_link.postgres",
            "module.frontend.azurerm_application_gateway.frontend",
            "module.frontend.azurerm_lb.backend",
            "module.frontend.azurerm_lb_backend_address_pool.backend",
            "module.frontend.azurerm_lb_probe.backend",
            "module.frontend.azurerm_public_ip.lb",
            "module.frontend.azurerm_user_assigned_identity.vmss_identity",
            "module.frontend.tls_private_key.ssh",
            "module.keyvault.azurerm_key_vault.kv",
            "module.keyvault.azurerm_role_assignment.backend_secret_user",
            "module.keyvault.azurerm_role_assignment.frontend_secret_user",
            "module.keyvault.azurerm_role_assignment.kv_admin",
            "module.network.azurerm_subnet.appgw",
            "module.network.azurerm_subnet.database",
            "module.network.azurerm_subnet.private",
            "module.network.azurerm_subnet.public",
            "module.network.azurerm_virtual_network.name"
          ]
        }
      ]
    },
    {
      "module": "module.frontend[0]",
      "mode": "managed",
      "type": "azurerm_monitor_autoscale_setting",
      "name": "vmss_autoscale",
      "provider": "provider[\"registry.terraform.io/hashicorp/azurerm\"]",
      "instances": [
        {
          "schema_version": 2,
          "attributes": {
            "enabled": true,
            "id": "/subscriptions/8eae94cc-2eea-4ec3-a98e-6fdae439c162/resourceGroups/prod-rg/providers/Microsoft.Insights/autoScaleSettings/prod-frontend-autoscale",
            "location": "centralus",
            "name": "prod-frontend-autoscale",
            "notification": [],
            "predictive": [],
            "profile": [
              {
                "capacity": [
                  {
                    "default": 1,
                    "maximum": 10,
                    "minimum": 1
                  }
                ],
                "fixed_date": [],
                "name": "AutoScale",
                "recurrence": [],
                "rule": [
                  {
                    "metric_trigger": [
                      {
                        "dimensions": [],
                        "divide_by_instance_count": false,
                        "metric_name": "Percentage CPU",
                        "metric_namespace": "",
                        "metric_resource_id": "/subscriptions/8eae94cc-2eea-4ec3-a98e-6fdae439c162/resourceGroups/prod-rg/providers/Microsoft.Compute/virtualMachineScaleSets/prod-frontend-vmss",
                        "operator": "GreaterThan",
                        "statistic": "Average",
                        "threshold": 75,
                        "time_aggregation": "Average",
                        "time_grain": "PT1M",
                        "time_window": "PT1M"
                      }
                    ],
                    "scale_action": [
                      {
                        "cooldown": "PT1M",
                        "direction": "Increase",
                        "type": "ChangeCount",
                        "value": 1
                      }
                    ]
                  },
                  {
                    "metric_trigger": [
                      {
                        "dimensions": [],
                        "divide_by_instance_count": false,
                        "metric_name": "Percentage CPU",
                        "metric_namespace": "",
                        "metric_resource_id": "/subscriptions/8eae94cc-2eea-4ec3-a98e-6fdae439c162/resourceGroups/prod-rg/providers/Microsoft.Compute/virtualMachineScaleSets/prod-frontend-vmss",
                        "operator": "LessThan",
                        "statistic": "Average",
                        "threshold": 25,
                        "time_aggregation": "Average",
                        "time_grain": "PT1M",
                        "time_window": "PT1M"
                      }
                    ],
                    "scale_action": [
                      {
                        "cooldown": "PT1M",
                        "direction": "Decrease",
                        "type": "ChangeCount",
                        "value": 1
                      }
                    ]
                  }
                ]
              }
            ],
            "resource_group_name": "prod-rg",
            "tags": {},
            "target_resource_id": "/subscriptions/8eae94cc-2eea-4ec3-a98e-6fdae439c162/resourceGroups/prod-rg/providers/Microsoft.Compute/virtualMachineScaleSets/prod-frontend-vmss",
            "timeouts": null
          },
          "sensitive_attributes": [],
          "identity_schema_version": 0,
          "private": "eyJlMmJmYjczMC1lY2FhLTExZTYtOGY4OC0zNDM2M2JjN2M0YzAiOnsiY3JlYXRlIjoxODAwMDAwMDAwMDAwLCJkZWxldGUiOjE4MDAwMDAwMDAwMDAsInJlYWQiOjMwMDAwMDAwMDAwMCwidXBkYXRlIjoxODAwMDAwMDAwMDAwfSwic2NoZW1hX3ZlcnNpb24iOiIyIn0=",
          "dependencies": [
            "azurerm_resource_group.name",
            "data.azurerm_client_config.current",
            "module.backend.azurerm_application_gateway.frontend",
            "module.backend.azurerm_lb.backend",
            "module.backend.azurerm_lb_backend_address_pool.backend",
            "module.backend.azurerm_lb_probe.backend",
            "module.backend.azurerm_lb_rule.backend",
            "module.backend.azurerm_linux_virtual_machine_scale_set.vmss",
            "module.backend.azurerm_monitor_autoscale_setting.vmss_autoscale",
            "module.backend.azurerm_public_ip.lb",
            "module.backend.azurerm_user_assigned_identity.vmss_identity",
            "module.backend.tls_private_key.ssh",
            "module.database.azurerm_postgresql_flexible_server.primary",
            "module.database.azurerm_postgresql_flexible_server.replica",
            "module.database.azurerm_postgresql_flexible_server_configuration.primary_log_checkpoints",
            "module.database.azurerm_postgresql_flexible_server_configuration.primary_log_connections",
            "module.database.azurerm_postgresql_flexible_server_configuration.primary_ssl",
            "module.database.azurerm_postgresql_flexible_server_database.db",
            "module.database.random_password.postgres_password",
            "module.dns.azurerm_private_dns_zone.postgres",
            "module.dns.azurerm_private_dns_zone_virtual_network_link.postgres",
            "module.frontend.azurerm_application_gateway.frontend",
            "module.frontend.azurerm_lb.backend",
            "module.frontend.azurerm_lb_backend_address_pool.backend",
            "module.frontend.azurerm_lb_probe.backend",
            "module.frontend.azurerm_linux_virtual_machine_scale_set.vmss",
            "module.frontend.azurerm_public_ip.lb",
            "module.frontend.azurerm_user_assigned_identity.vmss_identity",
            "module.frontend.tls_private_key.ssh",
            "module.keyvault.azurerm_key_vault.kv",
            "module.keyvault.azurerm_role_assignment.backend_secret_user",
            "module.keyvault.azurerm_role_assignment.frontend_secret_user",
            "module.keyvault.azurerm_role_assignment.kv_admin",
            "module.network.azurerm_subnet.appgw",
            "module.network.azurerm_subnet.database",
            "module.network.azurerm_subnet.private",
            "module.network.azurerm_subnet.public",
            "module.network.azurerm_virtual_network.name"
          ]
        }
      ]
    },
    {
      "module": "module.frontend[0]",
      "mode": "managed",
      "type": "azurerm_public_ip",
      "name": "lb",
      "provider": "provider[\"registry.terraform.io/hashicorp/azurerm\"]",
      "instances": [
        {
          "index_key": 0,
          "schema_version": 0,
          "attributes": {
            "allocation_method": "Static",
            "ddos_protection_mode": "VirtualNetworkInherited",
            "ddos_protection_plan_id": null,
            "domain_name_label": null,
            "domain_name_label_scope": null,
            "edge_zone": "",
            "fqdn": null,
            "id": "/subscriptions/8eae94cc-2eea-4ec3-a98e-6fdae439c162/resourceGroups/prod-rg/providers/Microsoft.Network/publicIPAddresses/prod-frontend-pip",
            "idle_timeout_in_minutes": 4,
            "ip_address": "74.249.254.63",
            "ip_tags": {},
            "ip_version": "IPv4",
            "location": "centralus",
            "name": "prod-frontend-pip",
            "public_ip_prefix_id": null,
            "resource_group_name": "prod-rg",
            "reverse_fqdn": null,
            "sku": "Standard",
            "sku_tier": "Regional",
            "tags": {},
            "timeouts": null,
            "zones": []
          },
          "sensitive_attributes": [],
          "identity_schema_version": 0,
          "identity": {
            "name": "prod-frontend-pip",
            "resource_group_name": "prod-rg",
            "subscription_id": "8eae94cc-2eea-4ec3-a98e-6fdae439c162"
          },
          "private": "eyJlMmJmYjczMC1lY2FhLTExZTYtOGY4OC0zNDM2M2JjN2M0YzAiOnsiY3JlYXRlIjoxODAwMDAwMDAwMDAwLCJkZWxldGUiOjE4MDAwMDAwMDAwMDAsInJlYWQiOjMwMDAwMDAwMDAwMCwidXBkYXRlIjoxODAwMDAwMDAwMDAwfX0=",
          "dependencies": [
            "azurerm_resource_group.name",
            "data.azurerm_client_config.current",
            "module.backend.azurerm_application_gateway.frontend",
            "module.backend.azurerm_lb.backend",
            "module.backend.azurerm_lb_backend_address_pool.backend",
            "module.backend.azurerm_lb_probe.backend",
            "module.backend.azurerm_lb_rule.backend",
            "module.backend.azurerm_linux_virtual_machine_scale_set.vmss",
            "module.backend.azurerm_monitor_autoscale_setting.vmss_autoscale",
            "module.backend.azurerm_public_ip.lb",
            "module.backend.azurerm_user_assigned_identity.vmss_identity",
            "module.backend.tls_private_key.ssh",
            "module.database.azurerm_postgresql_flexible_server.primary",
            "module.database.azurerm_postgresql_flexible_server.replica",
            "module.database.azurerm_postgresql_flexible_server_configuration.primary_log_checkpoints",
            "module.database.azurerm_postgresql_flexible_server_configuration.primary_log_connections",
            "module.database.azurerm_postgresql_flexible_server_configuration.primary_ssl",
            "module.database.azurerm_postgresql_flexible_server_database.db",
            "module.database.random_password.postgres_password",
            "module.dns.azurerm_private_dns_zone.postgres",
            "module.dns.azurerm_private_dns_zone_virtual_network_link.postgres",
            "module.keyvault.azurerm_key_vault.kv",
            "module.keyvault.azurerm_role_assignment.backend_secret_user",
            "module.keyvault.azurerm_role_assignment.frontend_secret_user",
            "module.keyvault.azurerm_role_assignment.kv_admin",
            "module.network.azurerm_subnet.database",
            "module.network.azurerm_subnet.private",
            "module.network.azurerm_virtual_network.name"
          ]
        }
      ]
    },
    {
      "module": "module.frontend[0]",
      "mode": "managed",
      "type": "azurerm_user_assigned_identity",
      "name": "vmss_identity",
      "provider": "provider[\"registry.terraform.io/hashicorp/azurerm\"]",
      "instances": [
        {
          "schema_version": 1,
          "attributes": {
            "client_id": "591d3ccb-d850-4ee1-be50-9013d59b25e1",
            "id": "/subscriptions/8eae94cc-2eea-4ec3-a98e-6fdae439c162/resourceGroups/prod-rg/providers/Microsoft.ManagedIdentity/userAssignedIdentities/prod-frontend-identity",
            "isolation_scope": "",
            "location": "centralus",
            "name": "prod-frontend-identity",
            "principal_id": "c3cd3d5b-5f1a-4f7b-b709-168c01d8838d",
            "resource_group_name": "prod-rg",
            "tags": {},
            "tenant_id": "e2243290-9154-4f74-b1d6-5ed311007cf6",
            "timeouts": null
          },
          "sensitive_attributes": [],
          "identity_schema_version": 0,
          "private": "eyJlMmJmYjczMC1lY2FhLTExZTYtOGY4OC0zNDM2M2JjN2M0YzAiOnsiY3JlYXRlIjoxODAwMDAwMDAwMDAwLCJkZWxldGUiOjE4MDAwMDAwMDAwMDAsInJlYWQiOjMwMDAwMDAwMDAwMCwidXBkYXRlIjoxODAwMDAwMDAwMDAwfSwic2NoZW1hX3ZlcnNpb24iOiIxIn0=",
          "dependencies": [
            "azurerm_resource_group.name",
            "data.azurerm_client_config.current",
            "module.backend.azurerm_application_gateway.frontend",
            "module.backend.azurerm_lb.backend",
            "module.backend.azurerm_lb_backend_address_pool.backend",
            "module.backend.azurerm_lb_probe.backend",
            "module.backend.azurerm_lb_rule.backend",
            "module.backend.azurerm_linux_virtual_machine_scale_set.vmss",
            "module.backend.azurerm_monitor_autoscale_setting.vmss_autoscale",
            "module.backend.azurerm_public_ip.lb",
            "module.backend.azurerm_user_assigned_identity.vmss_identity",
            "module.backend.tls_private_key.ssh",
            "module.database.azurerm_postgresql_flexible_server.primary",
            "module.database.azurerm_postgresql_flexible_server.replica",
            "module.database.azurerm_postgresql_flexible_server_configuration.primary_log_checkpoints",
            "module.database.azurerm_postgresql_flexible_server_configuration.primary_log_connections",
            "module.database.azurerm_postgresql_flexible_server_configuration.primary_ssl",
            "module.database.azurerm_postgresql_flexible_server_database.db",
            "module.database.random_password.postgres_password",
            "module.dns.azurerm_private_dns_zone.postgres",
            "module.dns.azurerm_private_dns_zone_virtual_network_link.postgres",
            "module.keyvault.azurerm_key_vault.kv",
            "module.keyvault.azurerm_role_assignment.backend_secret_user",
            "module.keyvault.azurerm_role_assignment.frontend_secret_user",
            "module.keyvault.azurerm_role_assignment.kv_admin",
            "module.network.azurerm_subnet.database",
            "module.network.azurerm_subnet.private",
            "module.network.azurerm_virtual_network.name"
          ]
        }
      ]
    },
    {
      "module": "module.frontend[0]",
      "mode": "managed",
      "type": "tls_private_key",
      "name": "ssh",
      "provider": "provider[\"registry.terraform.io/hashicorp/tls\"]",
      "instances": [
        {
          "schema_version": 1,
          "attributes": {
            "algorithm": "RSA",
            "ecdsa_curve": "P224",
            "id": "6631434bd8ddf9481eb0a555856672c5713aef87",
            "private_key_openssh": "-----BEGIN OPENSSH PRIVATE KEY-----\nb3BlbnNzaC1rZXktdjEAAAAABG5vbmUAAAAEbm9uZQAAAAAAAAABAAACFwAAAAdz\nc2gtcnNhAAAAAwEAAQAAAgEAz/aRh3NpoEOU7LcJ+vuqllr3FHcqgIJjXEQYwfC3\nJMyxGUtOo/+FPlAJKXKssmoivhRT/95PE5c8FtOTKiPMwJJmyqqM9m0B5ggB9Seg\n80Q8HNq871FKUgLzNMGNXgELvIMjiMKUBN3mm7H7jPn0hRGn3U7xFB9GkQhiWn9S\nqd9fjSE09/GwEZvwdPXakZSLvlkygP2VgLLRov0ZKMCdyOvOXzcbG5z5Pi9CyyF0\nwISgCz+J1JVlvnVC7j/yOdDMv5TZc+BJGCT5ZyW7qg+jpxdvXKaVQTVNoz3k/gYe\nJLyWr7c03rNi+PUqGV4YOk29oR1aLxgTxX4eHPZZvP0qixrgkoMw91HtWtM3lC/T\n2IkmOJia6KBAEys9pY87CfQhPM/lX3P9G0ga3Az1OoLsy9UIYlSDE938hq+1xQLw\ntZDeVwIU7twU83BLRGzKGCMOu+Qb+H8qbqDBzorYmFX6ws2olHnV6y5sThWLTVZt\nVT73FSPpNTFz5kjEDA6fU+aS/vlByCqjmmIWESksLSRMn0cqjhkw3z3V45gtYPv6\nzV9jZM6p4Hv6GaJ8DVTreDjI+Q5YCRsHE/gPdj2kIFuV6SXDgFXoUwnck+DlYZXA\nkXSS78TGGHBKZbJDJHk3BdaDQwDRwu9ttH66wR6yp3k/7ihI5YM+D2BjkOE9bYVt\nk1UAAAc41I2eudSNnrkAAAAHc3NoLXJzYQAAAgEAz/aRh3NpoEOU7LcJ+vuqllr3\nFHcqgIJjXEQYwfC3JMyxGUtOo/+FPlAJKXKssmoivhRT/95PE5c8FtOTKiPMwJJm\nyqqM9m0B5ggB9Seg80Q8HNq871FKUgLzNMGNXgELvIMjiMKUBN3mm7H7jPn0hRGn\n3U7xFB9GkQhiWn9Sqd9fjSE09/GwEZvwdPXakZSLvlkygP2VgLLRov0ZKMCdyOvO\nXzcbG5z5Pi9CyyF0wISgCz+J1JVlvnVC7j/yOdDMv5TZc+BJGCT5ZyW7qg+jpxdv\nXKaVQTVNoz3k/gYeJLyWr7c03rNi+PUqGV4YOk29oR1aLxgTxX4eHPZZvP0qixrg\nkoMw91HtWtM3lC/T2IkmOJia6KBAEys9pY87CfQhPM/lX3P9G0ga3Az1OoLsy9UI\nYlSDE938hq+1xQLwtZDeVwIU7twU83BLRGzKGCMOu+Qb+H8qbqDBzorYmFX6ws2o\nlHnV6y5sThWLTVZtVT73FSPpNTFz5kjEDA6fU+aS/vlByCqjmmIWESksLSRMn0cq\njhkw3z3V45gtYPv6zV9jZM6p4Hv6GaJ8DVTreDjI+Q5YCRsHE/gPdj2kIFuV6SXD\ngFXoUwnck+DlYZXAkXSS78TGGHBKZbJDJHk3BdaDQwDRwu9ttH66wR6yp3k/7ihI\n5YM+D2BjkOE9bYVtk1UAAAADAQABAAACABV2SVuUvhxjjR2G4FlOGrNMrP4oNDMy\nAaYWgwWU3ZnHJCnLm1CSgMJHCUMFSixZhr9eIrMf0sJfU7y5VhE9w5ZGJaSZyFVw\nN4dxYR5XWiVw79E8g84g8g4XrtjNdtTyP69TS1oEVrlP20pLKn5Il4MaKNxOltOw\nTJyQJHJZfIL6ggZzHF/QSg7vLHgtnUJz9Z4N34fvY7v1+GudOjj58+6140TxT3Ng\nllpkDz0edUmfBlNS2dseFfN7b45d/BYaZd8Jsg1i4rhCrJiIDN+GoKmQYhZKPNIP\nebU0oIrUv8yjx9tXiXXIRpkR2CfpDZAK0NytRk7g6b1ygBIWHHnEGN01jqOIpOgn\nY2f5NoS2J0n99hoI0Qd9Q8vi6SjV6vT2dYvcqNG4OGcayKg2AurMCPiwuqlr23MC\n2LaA+rFYlScSOPZBKF428vaOYetnbsWQ4gTdqx3eH5HSnPL0wAQdurHuka8/u0XK\nbVpeqUzeNfn8kqrw1GaD/xLqmrft1KpTZIHhrp1OMPxSFPbh6UnafFi356BT6l7m\n1kOgChRceQXrqYSDXw8spuKDWhQ/L+6Se7jhziEUlLfZ09BDHTBFw2f3+eNR3oja\n32HyJ6X2O4ZpHU4RtUkKwZBZ6wCNtAn93NeW8EOm5WU2oEJ29nI5lcuRgUNdCTS3\nrZWhN9MHRAgxAAABAG6L3hLVMcnQoPBUAk9rkf0EBF3JrQoYydVmUqbs8SwzqAuo\nP8E5PMAgkzyNKP+bNHvYYPcD9qiB/J3+aZdLm/80LE+iT2c+BWqQwyIPSdIQize6\n5vgwRdwpcPc+2Yc54i5mwvLKN8zvbk5VC8JY8n97OIsdTLn7y4/1VqxKYHaMmfxr\nFsegI32SAqaQnxm9w1lHxFvfOtNqv9BOxySc1xS15KJ7+E1uYSSlLjDCzbY5lI0o\ngNVK48tAnici0OCIJeTk3cARoHUYtP5sw4kCZlOEsTX8zhCZH9hiya5kgE9RZB6q\njBOpOi14RH0VCCAQLoaxBpLSzeirTMVDSMJcIIEAAAEBANh+J2DBJeGFiCSSoMFG\nmkqvKlmgv6rWZaQ1eTt2i41AAQOnJ2+pPFOX/DeiqYufoWfjZLjIaz6i+pUKnQ6e\n1mAlXvlajkOf5shQeJd3xjdZ/V/u8WG3MIrSdcSPJQyaYAN7A/OAca5dPScpeLHi\n931c0tLAhMCF8lFYWLoVj6kNa6mMzZxjErqx0ngolYW93Wp21EBb92njO86FIAuT\nap9Qw2o+KpfHBStBkpinWTK3IL4FeimOolLl9Qx65l6jqiJ+UxM7qj14k9ddWEyt\nWpLY8QrFvBKgOJPaQ05lndkQ2FQ99lrxQ5N0wJXscplooP4amOaI1KN3CCphtM7l\nlp0AAAEBAPXp8BKeHdj268W7uH4W15Wv9q/1K84h46BjzJnfwBzwZj0zPzAids2c\nNxwKcy4A9vYccyHumBvK+J0OH0Hf/l1dmWxE/VvyaMBptJlNqhscN6FDst7Kny77\nRFjJimKI/jsK/skeqqj9Ccbl3rq6Ax88+gXwCIXDPghag+brmn1Ek4MqG1KIRkiy\nzeviMsanAvR6VhJ9LPjwsErjm0kcOB+4/pVvHYRvrAJTFA59K6s8qJ8WoHqXLk7R\nzWMk5Z8qY19T0Eph6mV3hNB8zyvCs5fMATlkUFPzwMXwuZ/62EbE5OabddvtNjGP\n9T8aJrebAA1wowNMX+4jAf5vTyUz9hkAAAAAAQID\n-----END OPENSSH PRIVATE KEY-----\n",
            "private_key_pem": "-----BEGIN RSA PRIVATE KEY-----\nMIIJJwIBAAKCAgEAz/aRh3NpoEOU7LcJ+vuqllr3FHcqgIJjXEQYwfC3JMyxGUtO\no/+FPlAJKXKssmoivhRT/95PE5c8FtOTKiPMwJJmyqqM9m0B5ggB9Seg80Q8HNq8\n71FKUgLzNMGNXgELvIMjiMKUBN3mm7H7jPn0hRGn3U7xFB9GkQhiWn9Sqd9fjSE0\n9/GwEZvwdPXakZSLvlkygP2VgLLRov0ZKMCdyOvOXzcbG5z5Pi9CyyF0wISgCz+J\n1JVlvnVC7j/yOdDMv5TZc+BJGCT5ZyW7qg+jpxdvXKaVQTVNoz3k/gYeJLyWr7c0\n3rNi+PUqGV4YOk29oR1aLxgTxX4eHPZZvP0qixrgkoMw91HtWtM3lC/T2IkmOJia\n6KBAEys9pY87CfQhPM/lX3P9G0ga3Az1OoLsy9UIYlSDE938hq+1xQLwtZDeVwIU\n7twU83BLRGzKGCMOu+Qb+H8qbqDBzorYmFX6ws2olHnV6y5sThWLTVZtVT73FSPp\nNTFz5kjEDA6fU+aS/vlByCqjmmIWESksLSRMn0cqjhkw3z3V45gtYPv6zV9jZM6p\n4Hv6GaJ8DVTreDjI+Q5YCRsHE/gPdj2kIFuV6SXDgFXoUwnck+DlYZXAkXSS78TG\nGHBKZbJDJHk3BdaDQwDRwu9ttH66wR6yp3k/7ihI5YM+D2BjkOE9bYVtk1UCAwEA\nAQKCAgAVdklblL4cY40dhuBZThqzTKz+KDQzMgGmFoMFlN2ZxyQpy5tQkoDCRwlD\nBUosWYa/XiKzH9LCX1O8uVYRPcOWRiWkmchVcDeHcWEeV1olcO/RPIPOIPIOF67Y\nzXbU8j+vU0taBFa5T9tKSyp+SJeDGijcTpbTsEyckCRyWXyC+oIGcxxf0EoO7yx4\nLZ1Cc/WeDd+H72O79fhrnTo4+fPuteNE8U9zYJZaZA89HnVJnwZTUtnbHhXze2+O\nXfwWGmXfCbINYuK4QqyYiAzfhqCpkGIWSjzSD3m1NKCK1L/Mo8fbV4l1yEaZEdgn\n6Q2QCtDcrUZO4Om9coASFhx5xBjdNY6jiKToJ2Nn+TaEtidJ/fYaCNEHfUPL4uko\n1er09nWL3KjRuDhnGsioNgLqzAj4sLqpa9tzAti2gPqxWJUnEjj2QSheNvL2jmHr\nZ27FkOIE3asd3h+R0pzy9MAEHbqx7pGvP7tFym1aXqlM3jX5/JKq8NRmg/8S6pq3\n7dSqU2SB4a6dTjD8UhT24elJ2nxYt+egU+pe5tZDoAoUXHkF66mEg18PLKbig1oU\nPy/uknu44c4hFJS32dPQQx0wRcNn9/njUd6I2t9h8iel9juGaR1OEbVJCsGQWesA\njbQJ/dzXlvBDpuVlNqBCdvZyOZXLkYFDXQk0t62VoTfTB0QIMQKCAQEA2H4nYMEl\n4YWIJJKgwUaaSq8qWaC/qtZlpDV5O3aLjUABA6cnb6k8U5f8N6Kpi5+hZ+NkuMhr\nPqL6lQqdDp7WYCVe+VqOQ5/myFB4l3fGN1n9X+7xYbcwitJ1xI8lDJpgA3sD84Bx\nrl09Jyl4seL3fVzS0sCEwIXyUVhYuhWPqQ1rqYzNnGMSurHSeCiVhb3danbUQFv3\naeM7zoUgC5Nqn1DDaj4ql8cFK0GSmKdZMrcgvgV6KY6iUuX1DHrmXqOqIn5TEzuq\nPXiT111YTK1aktjxCsW8EqA4k9pDTmWd2RDYVD32WvFDk3TAlexymWig/hqY5ojU\no3cIKmG0zuWWnQKCAQEA9enwEp4d2Pbrxbu4fhbXla/2r/UrziHjoGPMmd/AHPBm\nPTM/MCJ2zZw3HApzLgD29hxzIe6YG8r4nQ4fQd/+XV2ZbET9W/JowGm0mU2qGxw3\noUOy3sqfLvtEWMmKYoj+Owr+yR6qqP0JxuXeuroDHzz6BfAIhcM+CFqD5uuafUST\ngyobUohGSLLN6+IyxqcC9HpWEn0s+PCwSuObSRw4H7j+lW8dhG+sAlMUDn0rqzyo\nnxagepcuTtHNYyTlnypjX1PQSmHqZXeE0HzPK8Kzl8wBOWRQU/PAxfC5n/rYRsTk\n5pt12+02MY/1Pxomt5sADXCjA0xf7iMB/m9PJTP2GQKCAQBWrHsbc3i1B37wFXwi\npR+UkviDlaXmwZtD2NzGf7lzPZKqYbuaKskqNokVxRvX+HroWtOyXxsAosNr9CnY\n9qKhL5UMg8K9NEFzJTSCf8Nt2atlQwaEtpDKo2Pe4+hTWWLjQdbdICljQ5T+Hs5h\neZrYJ9eH5OfBJF9VTeeH6KXxapwV73dKCyguco7u6GCkgNUqkJR9h9RQIleJYSbp\nO4XObsktueHXjih1nvUQBL/jXAnRyeOUy7QVOFeZPYMJlMDCuoyMALExlxqpeIen\neyft7sjiJTQcyOSd3R5hPrGpe+MAJyaAVmNVn8KSw21GGeuKkB9y/IkVQMyWGzQG\nOUjJAoIBAE5nctqMvRlyyIM3sb/Jypx4CN/a/EdxeKCnkREyTI8tentivm+7XUN6\n3fs7vbNaLWMUeQTFjIu38AIrAX5AS1o7QHJLoLfTFuDaEvGZ2HViTr5E1l/AHHaf\nOBBS2aNG6D+s5sT62RCd9KMMoTHJorsv9ssz15PGRx3ktg9G6O+tkJaOMz3iIv6E\nu7DMYsIBd6i45H5qmI8aNir6XIU30REUK187mR6jeCUZldh0whqLcXuffDT5xJLu\nw1wr5GYV3q8DCvLcOx50t8y9LlRWdGoeafmBaTcLDVhOwvAlyxTtK8n2oOIoxFGT\nA29GCDgb3C1szxx7Gk7TrIwRsxs6cOkCggEAboveEtUxydCg8FQCT2uR/QQEXcmt\nChjJ1WZSpuzxLDOoC6g/wTk8wCCTPI0o/5s0e9hg9wP2qIH8nf5pl0ub/zQsT6JP\nZz4FapDDIg9J0hCLN7rm+DBF3Clw9z7ZhzniLmbC8so3zO9uTlULwljyf3s4ix1M\nufvLj/VWrEpgdoyZ/GsWx6AjfZICppCfGb3DWUfEW98602q/0E7HJJzXFLXkonv4\nTW5hJKUuMMLNtjmUjSiA1Urjy0CeJyLQ4Igl5OTdwBGgdRi0/mzDiQJmU4SxNfzO\nEJkf2GLJrmSAT1FkHqqME6k6LXhEfRUIIBAuhrEGktLN6KtMxUNIwlwggQ==\n-----END RSA PRIVATE KEY-----\n",
            "private_key_pem_pkcs8": "-----BEGIN PRIVATE KEY-----\nMIIJQQIBADANBgkqhkiG9w0BAQEFAASCCSswggknAgEAAoICAQDP9pGHc2mgQ5Ts\ntwn6+6qWWvcUdyqAgmNcRBjB8LckzLEZS06j/4U+UAkpcqyyaiK+FFP/3k8TlzwW\n05MqI8zAkmbKqoz2bQHmCAH1J6DzRDwc2rzvUUpSAvM0wY1eAQu8gyOIwpQE3eab\nsfuM+fSFEafdTvEUH0aRCGJaf1Kp31+NITT38bARm/B09dqRlIu+WTKA/ZWAstGi\n/RkowJ3I685fNxsbnPk+L0LLIXTAhKALP4nUlWW+dULuP/I50My/lNlz4EkYJPln\nJbuqD6OnF29cppVBNU2jPeT+Bh4kvJavtzTes2L49SoZXhg6Tb2hHVovGBPFfh4c\n9lm8/SqLGuCSgzD3Ue1a0zeUL9PYiSY4mJrooEATKz2ljzsJ9CE8z+Vfc/0bSBrc\nDPU6guzL1QhiVIMT3fyGr7XFAvC1kN5XAhTu3BTzcEtEbMoYIw675Bv4fypuoMHO\nitiYVfrCzaiUedXrLmxOFYtNVm1VPvcVI+k1MXPmSMQMDp9T5pL++UHIKqOaYhYR\nKSwtJEyfRyqOGTDfPdXjmC1g+/rNX2Nkzqnge/oZonwNVOt4OMj5DlgJGwcT+A92\nPaQgW5XpJcOAVehTCdyT4OVhlcCRdJLvxMYYcEplskMkeTcF1oNDANHC7220frrB\nHrKneT/uKEjlgz4PYGOQ4T1thW2TVQIDAQABAoICABV2SVuUvhxjjR2G4FlOGrNM\nrP4oNDMyAaYWgwWU3ZnHJCnLm1CSgMJHCUMFSixZhr9eIrMf0sJfU7y5VhE9w5ZG\nJaSZyFVwN4dxYR5XWiVw79E8g84g8g4XrtjNdtTyP69TS1oEVrlP20pLKn5Il4Ma\nKNxOltOwTJyQJHJZfIL6ggZzHF/QSg7vLHgtnUJz9Z4N34fvY7v1+GudOjj58+61\n40TxT3NgllpkDz0edUmfBlNS2dseFfN7b45d/BYaZd8Jsg1i4rhCrJiIDN+GoKmQ\nYhZKPNIPebU0oIrUv8yjx9tXiXXIRpkR2CfpDZAK0NytRk7g6b1ygBIWHHnEGN01\njqOIpOgnY2f5NoS2J0n99hoI0Qd9Q8vi6SjV6vT2dYvcqNG4OGcayKg2AurMCPiw\nuqlr23MC2LaA+rFYlScSOPZBKF428vaOYetnbsWQ4gTdqx3eH5HSnPL0wAQdurHu\nka8/u0XKbVpeqUzeNfn8kqrw1GaD/xLqmrft1KpTZIHhrp1OMPxSFPbh6UnafFi3\n56BT6l7m1kOgChRceQXrqYSDXw8spuKDWhQ/L+6Se7jhziEUlLfZ09BDHTBFw2f3\n+eNR3oja32HyJ6X2O4ZpHU4RtUkKwZBZ6wCNtAn93NeW8EOm5WU2oEJ29nI5lcuR\ngUNdCTS3rZWhN9MHRAgxAoIBAQDYfidgwSXhhYgkkqDBRppKrypZoL+q1mWkNXk7\ndouNQAEDpydvqTxTl/w3oqmLn6Fn42S4yGs+ovqVCp0OntZgJV75Wo5Dn+bIUHiX\nd8Y3Wf1f7vFhtzCK0nXEjyUMmmADewPzgHGuXT0nKXix4vd9XNLSwITAhfJRWFi6\nFY+pDWupjM2cYxK6sdJ4KJWFvd1qdtRAW/dp4zvOhSALk2qfUMNqPiqXxwUrQZKY\np1kytyC+BXopjqJS5fUMeuZeo6oiflMTO6o9eJPXXVhMrVqS2PEKxbwSoDiT2kNO\nZZ3ZENhUPfZa8UOTdMCV7HKZaKD+GpjmiNSjdwgqYbTO5ZadAoIBAQD16fASnh3Y\n9uvFu7h+FteVr/av9SvOIeOgY8yZ38Ac8GY9Mz8wInbNnDccCnMuAPb2HHMh7pgb\nyvidDh9B3/5dXZlsRP1b8mjAabSZTaobHDehQ7Leyp8u+0RYyYpiiP47Cv7JHqqo\n/QnG5d66ugMfPPoF8AiFwz4IWoPm65p9RJODKhtSiEZIss3r4jLGpwL0elYSfSz4\n8LBK45tJHDgfuP6Vbx2Eb6wCUxQOfSurPKifFqB6ly5O0c1jJOWfKmNfU9BKYepl\nd4TQfM8rwrOXzAE5ZFBT88DF8Lmf+thGxOTmm3Xb7TYxj/U/Gia3mwANcKMDTF/u\nIwH+b08lM/YZAoIBAFasextzeLUHfvAVfCKlH5SS+IOVpebBm0PY3MZ/uXM9kqph\nu5oqySo2iRXFG9f4euha07JfGwCiw2v0Kdj2oqEvlQyDwr00QXMlNIJ/w23Zq2VD\nBoS2kMqjY97j6FNZYuNB1t0gKWNDlP4ezmF5mtgn14fk58EkX1VN54fopfFqnBXv\nd0oLKC5yju7oYKSA1SqQlH2H1FAiV4lhJuk7hc5uyS254deOKHWe9RAEv+NcCdHJ\n45TLtBU4V5k9gwmUwMK6jIwAsTGXGql4h6d7J+3uyOIlNBzI5J3dHmE+sal74wAn\nJoBWY1WfwpLDbUYZ64qQH3L8iRVAzJYbNAY5SMkCggEATmdy2oy9GXLIgzexv8nK\nnHgI39r8R3F4oKeRETJMjy16e2K+b7tdQ3rd+zu9s1otYxR5BMWMi7fwAisBfkBL\nWjtAckugt9MW4NoS8ZnYdWJOvkTWX8Acdp84EFLZo0boP6zmxPrZEJ30owyhMcmi\nuy/2yzPXk8ZHHeS2D0bo762Qlo4zPeIi/oS7sMxiwgF3qLjkfmqYjxo2KvpchTfR\nERQrXzuZHqN4JRmV2HTCGotxe598NPnEku7DXCvkZhXerwMK8tw7HnS3zL0uVFZ0\nah5p+YFpNwsNWE7C8CXLFO0ryfag4ijEUZMDb0YIOBvcLWzPHHsaTtOsjBGzGzpw\n6QKCAQBui94S1THJ0KDwVAJPa5H9BARdya0KGMnVZlKm7PEsM6gLqD/BOTzAIJM8\njSj/mzR72GD3A/aogfyd/mmXS5v/NCxPok9nPgVqkMMiD0nSEIs3uub4MEXcKXD3\nPtmHOeIuZsLyyjfM725OVQvCWPJ/eziLHUy5+8uP9VasSmB2jJn8axbHoCN9kgKm\nkJ8ZvcNZR8Rb3zrTar/QTscknNcUteSie/hNbmEkpS4wws22OZSNKIDVSuPLQJ4n\nItDgiCXk5N3AEaB1GLT+bMOJAmZThLE1/M4QmR/YYsmuZIBPUWQeqowTqToteER9\nFQggEC6GsQaS0s3oq0zFQ0jCXCCB\n-----END PRIVATE KEY-----\n",
            "public_key_fingerprint_md5": "07:aa:91:9a:b7:13:99:85:e9:d6:94:a4:32:e1:fc:6c",
            "public_key_fingerprint_sha256": "SHA256:7uHEs7Aco+Tb2I4V3Qq+18dlDbeZj1JAFvCCs/evvFc",
            "public_key_openssh": "ssh-rsa AAAAB3NzaC1yc2EAAAADAQABAAACAQDP9pGHc2mgQ5Tstwn6+6qWWvcUdyqAgmNcRBjB8LckzLEZS06j/4U+UAkpcqyyaiK+FFP/3k8TlzwW05MqI8zAkmbKqoz2bQHmCAH1J6DzRDwc2rzvUUpSAvM0wY1eAQu8gyOIwpQE3eabsfuM+fSFEafdTvEUH0aRCGJaf1Kp31+NITT38bARm/B09dqRlIu+WTKA/ZWAstGi/RkowJ3I685fNxsbnPk+L0LLIXTAhKALP4nUlWW+dULuP/I50My/lNlz4EkYJPlnJbuqD6OnF29cppVBNU2jPeT+Bh4kvJavtzTes2L49SoZXhg6Tb2hHVovGBPFfh4c9lm8/SqLGuCSgzD3Ue1a0zeUL9PYiSY4mJrooEATKz2ljzsJ9CE8z+Vfc/0bSBrcDPU6guzL1QhiVIMT3fyGr7XFAvC1kN5XAhTu3BTzcEtEbMoYIw675Bv4fypuoMHOitiYVfrCzaiUedXrLmxOFYtNVm1VPvcVI+k1MXPmSMQMDp9T5pL++UHIKqOaYhYRKSwtJEyfRyqOGTDfPdXjmC1g+/rNX2Nkzqnge/oZonwNVOt4OMj5DlgJGwcT+A92PaQgW5XpJcOAVehTCdyT4OVhlcCRdJLvxMYYcEplskMkeTcF1oNDANHC7220frrBHrKneT/uKEjlgz4PYGOQ4T1thW2TVQ==\n",
            "public_key_pem": "-----BEGIN PUBLIC KEY-----\nMIICIjANBgkqhkiG9w0BAQEFAAOCAg8AMIICCgKCAgEAz/aRh3NpoEOU7LcJ+vuq\nllr3FHcqgIJjXEQYwfC3JMyxGUtOo/+FPlAJKXKssmoivhRT/95PE5c8FtOTKiPM\nwJJmyqqM9m0B5ggB9Seg80Q8HNq871FKUgLzNMGNXgELvIMjiMKUBN3mm7H7jPn0\nhRGn3U7xFB9GkQhiWn9Sqd9fjSE09/GwEZvwdPXakZSLvlkygP2VgLLRov0ZKMCd\nyOvOXzcbG5z5Pi9CyyF0wISgCz+J1JVlvnVC7j/yOdDMv5TZc+BJGCT5ZyW7qg+j\npxdvXKaVQTVNoz3k/gYeJLyWr7c03rNi+PUqGV4YOk29oR1aLxgTxX4eHPZZvP0q\nixrgkoMw91HtWtM3lC/T2IkmOJia6KBAEys9pY87CfQhPM/lX3P9G0ga3Az1OoLs\ny9UIYlSDE938hq+1xQLwtZDeVwIU7twU83BLRGzKGCMOu+Qb+H8qbqDBzorYmFX6\nws2olHnV6y5sThWLTVZtVT73FSPpNTFz5kjEDA6fU+aS/vlByCqjmmIWESksLSRM\nn0cqjhkw3z3V45gtYPv6zV9jZM6p4Hv6GaJ8DVTreDjI+Q5YCRsHE/gPdj2kIFuV\n6SXDgFXoUwnck+DlYZXAkXSS78TGGHBKZbJDJHk3BdaDQwDRwu9ttH66wR6yp3k/\n7ihI5YM+D2BjkOE9bYVtk1UCAwEAAQ==\n-----END PUBLIC KEY-----\n",
            "rsa_bits": 4096
          },
          "sensitive_attributes": [
            [
              {
                "type": "get_attr",
                "value": "private_key_openssh"
              }
            ],
            [
              {
                "type": "get_attr",
                "value": "private_key_pem"
              }
            ],
            [
              {
                "type": "get_attr",
                "value": "private_key_pem_pkcs8"
              }
            ]
          ],
          "identity_schema_version": 0,
          "dependencies": [
            "azurerm_resource_group.name",
            "data.azurerm_client_config.current",
            "module.backend.azurerm_application_gateway.frontend",
            "module.backend.azurerm_lb.backend",
            "module.backend.azurerm_lb_backend_address_pool.backend",
            "module.backend.azurerm_lb_probe.backend",
            "module.backend.azurerm_lb_rule.backend",
            "module.backend.azurerm_linux_virtual_machine_scale_set.vmss",
            "module.backend.azurerm_monitor_autoscale_setting.vmss_autoscale",
            "module.backend.azurerm_public_ip.lb",
            "module.backend.azurerm_user_assigned_identity.vmss_identity",
            "module.backend.tls_private_key.ssh",
            "module.database.azurerm_postgresql_flexible_server.primary",
            "module.database.azurerm_postgresql_flexible_server.replica",
            "module.database.azurerm_postgresql_flexible_server_configuration.primary_log_checkpoints",
            "module.database.azurerm_postgresql_flexible_server_configuration.primary_log_connections",
            "module.database.azurerm_postgresql_flexible_server_configuration.primary_ssl",
            "module.database.azurerm_postgresql_flexible_server_database.db",
            "module.database.random_password.postgres_password",
            "module.dns.azurerm_private_dns_zone.postgres",
            "module.dns.azurerm_private_dns_zone_virtual_network_link.postgres",
            "module.keyvault.azurerm_key_vault.kv",
            "module.keyvault.azurerm_role_assignment.backend_secret_user",
            "module.keyvault.azurerm_role_assignment.frontend_secret_user",
            "module.keyvault.azurerm_role_assignment.kv_admin",
            "module.network.azurerm_subnet.database",
            "module.network.azurerm_subnet.private",
            "module.network.azurerm_virtual_network.name"
          ]
        }
      ]
    },
    {
      "module": "module.keyvault",
      "mode": "managed",
      "type": "azurerm_key_vault",
      "name": "kv",
      "provider": "provider[\"registry.terraform.io/hashicorp/azurerm\"]",
      "instances": [
        {
          "schema_version": 2,
          "attributes": {
            "access_policy": [],
            "contact": [],
            "enable_rbac_authorization": true,
            "enabled_for_deployment": false,
            "enabled_for_disk_encryption": true,
            "enabled_for_template_deployment": false,
            "id": "/subscriptions/8eae94cc-2eea-4ec3-a98e-6fdae439c162/resourceGroups/prod-rg/providers/Microsoft.KeyVault/vaults/prod-kv-srujan",
            "location": "centralus",
            "name": "prod-kv-srujan",
            "network_acls": [
              {
                "bypass": "AzureServices",
                "default_action": "Allow",
                "ip_rules": [],
                "virtual_network_subnet_ids": []
              }
            ],
            "public_network_access_enabled": true,
            "purge_protection_enabled": false,
            "rbac_authorization_enabled": true,
            "resource_group_name": "prod-rg",
            "sku_name": "standard",
            "soft_delete_retention_days": 7,
            "tags": {},
            "tenant_id": "e2243290-9154-4f74-b1d6-5ed311007cf6",
            "timeouts": null,
            "vault_uri": "https://prod-kv-srujan.vault.azure.net/"
          },
          "sensitive_attributes": [],
          "identity_schema_version": 0,
          "private": "eyJlMmJmYjczMC1lY2FhLTExZTYtOGY4OC0zNDM2M2JjN2M0YzAiOnsiY3JlYXRlIjoxODAwMDAwMDAwMDAwLCJkZWxldGUiOjE4MDAwMDAwMDAwMDAsInJlYWQiOjMwMDAwMDAwMDAwMCwidXBkYXRlIjoxODAwMDAwMDAwMDAwfSwic2NoZW1hX3ZlcnNpb24iOiIyIn0=",
          "dependencies": [
            "azurerm_resource_group.name",
            "data.azurerm_client_config.current"
          ]
        }
      ]
    },
    {
      "module": "module.keyvault",
      "mode": "managed",
      "type": "azurerm_role_assignment",
      "name": "kv_admin",
      "provider": "provider[\"registry.terraform.io/hashicorp/azurerm\"]",
      "instances": [
        {
          "schema_version": 0,
          "attributes": {
            "condition": "",
            "condition_version": "",
            "delegated_managed_identity_resource_id": "",
            "description": "",
            "id": "/subscriptions/8eae94cc-2eea-4ec3-a98e-6fdae439c162/resourceGroups/prod-rg/providers/Microsoft.KeyVault/vaults/prod-kv-srujan/providers/Microsoft.Authorization/roleAssignments/426d97b3-e0f9-5f8a-6ffb-b7c8b0e35e56",
            "name": "426d97b3-e0f9-5f8a-6ffb-b7c8b0e35e56",
            "principal_id": "3acef10e-ef14-4fdf-bfeb-980e1de0556c",
            "principal_type": "User",
            "role_definition_id": "/subscriptions/8eae94cc-2eea-4ec3-a98e-6fdae439c162/providers/Microsoft.Authorization/roleDefinitions/00482a5a-887f-4fb3-b363-3b7fe8e74483",
            "role_definition_name": "Key Vault Administrator",
            "scope": "/subscriptions/8eae94cc-2eea-4ec3-a98e-6fdae439c162/resourceGroups/prod-rg/providers/Microsoft.KeyVault/vaults/prod-kv-srujan",
            "skip_service_principal_aad_check": null,
            "timeouts": null
          },
          "sensitive_attributes": [],
          "identity_schema_version": 0,
          "private": "eyJlMmJmYjczMC1lY2FhLTExZTYtOGY4OC0zNDM2M2JjN2M0YzAiOnsiY3JlYXRlIjoxODAwMDAwMDAwMDAwLCJkZWxldGUiOjE4MDAwMDAwMDAwMDAsInJlYWQiOjMwMDAwMDAwMDAwMH19",
          "dependencies": [
            "azurerm_resource_group.name",
            "data.azurerm_client_config.current",
            "module.keyvault.azurerm_key_vault.kv"
          ]
        }
      ]
    },
    {
      "module": "module.network",
      "mode": "managed",
      "type": "azurerm_bastion_host",
      "name": "name",
      "provider": "provider[\"registry.terraform.io/hashicorp/azurerm\"]",
      "instances": [
        {
          "schema_version": 0,
          "attributes": {
            "copy_paste_enabled": true,
            "dns_name": "bst-31f4e950-2a19-4fda-b323-cea5301b7499.bastion.azure.com",
            "file_copy_enabled": false,
            "id": "/subscriptions/8eae94cc-2eea-4ec3-a98e-6fdae439c162/resourceGroups/prod-rg/providers/Microsoft.Network/bastionHosts/prod-bastion",
            "ip_configuration": [
              {
                "name": "configuration",
                "public_ip_address_id": "/subscriptions/8eae94cc-2eea-4ec3-a98e-6fdae439c162/resourceGroups/prod-rg/providers/Microsoft.Network/publicIPAddresses/prod-bastion-pip",
                "subnet_id": "/subscriptions/8eae94cc-2eea-4ec3-a98e-6fdae439c162/resourceGroups/prod-rg/providers/Microsoft.Network/virtualNetworks/prod-vnet/subnets/AzureBastionSubnet"
              }
            ],
            "ip_connect_enabled": false,
            "kerberos_enabled": false,
            "location": "centralus",
            "name": "prod-bastion",
            "resource_group_name": "prod-rg",
            "scale_units": 2,
            "session_recording_enabled": false,
            "shareable_link_enabled": false,
            "sku": "Basic",
            "tags": {},
            "timeouts": null,
            "tunneling_enabled": false,
            "virtual_network_id": "",
            "zones": []
          },
          "sensitive_attributes": [],
          "identity_schema_version": 0,
          "identity": {
            "name": "prod-bastion",
            "resource_group_name": "prod-rg",
            "subscription_id": "8eae94cc-2eea-4ec3-a98e-6fdae439c162"
          },
          "private": "eyJlMmJmYjczMC1lY2FhLTExZTYtOGY4OC0zNDM2M2JjN2M0YzAiOnsiY3JlYXRlIjoxODAwMDAwMDAwMDAwLCJkZWxldGUiOjE4MDAwMDAwMDAwMDAsInJlYWQiOjMwMDAwMDAwMDAwMCwidXBkYXRlIjoxODAwMDAwMDAwMDAwfX0=",
          "dependencies": [
            "azurerm_resource_group.name",
            "module.network.azurerm_public_ip.bastion",
            "module.network.azurerm_subnet.bastion",
            "module.network.azurerm_virtual_network.name"
          ]
        }
      ]
    },
    {
      "module": "module.network",
      "mode": "managed",
      "type": "azurerm_nat_gateway",
      "name": "natgw",
      "provider": "provider[\"registry.terraform.io/hashicorp/azurerm\"]",
      "instances": [
        {
          "schema_version": 0,
          "attributes": {
            "id": "/subscriptions/8eae94cc-2eea-4ec3-a98e-6fdae439c162/resourceGroups/prod-rg/providers/Microsoft.Network/natGateways/prod-natgw",
            "idle_timeout_in_minutes": 10,
            "location": "centralus",
            "name": "prod-natgw",
            "resource_group_name": "prod-rg",
            "resource_guid": "87219255-5efa-4ba0-89f7-387f111656ec",
            "sku_name": "Standard",
            "tags": {},
            "timeouts": null,
            "zones": []
          },
          "sensitive_attributes": [],
          "identity_schema_version": 0,
          "identity": {
            "name": "prod-natgw",
            "resource_group_name": "prod-rg",
            "subscription_id": "8eae94cc-2eea-4ec3-a98e-6fdae439c162"
          },
          "private": "eyJlMmJmYjczMC1lY2FhLTExZTYtOGY4OC0zNDM2M2JjN2M0YzAiOnsiY3JlYXRlIjozNjAwMDAwMDAwMDAwLCJkZWxldGUiOjM2MDAwMDAwMDAwMDAsInJlYWQiOjMwMDAwMDAwMDAwMCwidXBkYXRlIjozNjAwMDAwMDAwMDAwfX0=",
          "dependencies": [
            "azurerm_resource_group.name"
          ]
        }
      ]
    },
    {
      "module": "module.network",
      "mode": "managed",
      "type": "azurerm_nat_gateway_public_ip_association",
      "name": "name",
      "provider": "provider[\"registry.terraform.io/hashicorp/azurerm\"]",
      "instances": [
        {
          "schema_version": 0,
          "attributes": {
            "id": "/subscriptions/8eae94cc-2eea-4ec3-a98e-6fdae439c162/resourceGroups/prod-rg/providers/Microsoft.Network/natGateways/prod-natgw|/subscriptions/8eae94cc-2eea-4ec3-a98e-6fdae439c162/resourceGroups/prod-rg/providers/Microsoft.Network/publicIPAddresses/prod-natgw-pip",
            "nat_gateway_id": "/subscriptions/8eae94cc-2eea-4ec3-a98e-6fdae439c162/resourceGroups/prod-rg/providers/Microsoft.Network/natGateways/prod-natgw",
            "public_ip_address_id": "/subscriptions/8eae94cc-2eea-4ec3-a98e-6fdae439c162/resourceGroups/prod-rg/providers/Microsoft.Network/publicIPAddresses/prod-natgw-pip",
            "timeouts": null
          },
          "sensitive_attributes": [],
          "identity_schema_version": 0,
          "private": "eyJlMmJmYjczMC1lY2FhLTExZTYtOGY4OC0zNDM2M2JjN2M0YzAiOnsiY3JlYXRlIjoxODAwMDAwMDAwMDAwLCJkZWxldGUiOjE4MDAwMDAwMDAwMDAsInJlYWQiOjMwMDAwMDAwMDAwMH19",
          "dependencies": [
            "azurerm_resource_group.name",
            "module.network.azurerm_nat_gateway.natgw",
            "module.network.azurerm_public_ip.natgw-ip"
          ]
        }
      ]
    },
    {
      "module": "module.network",
      "mode": "managed",
      "type": "azurerm_network_security_group",
      "name": "nsg",
      "provider": "provider[\"registry.terraform.io/hashicorp/azurerm\"]",
      "instances": [
        {
          "index_key": "bastion",
          "schema_version": 0,
          "attributes": {
            "id": "/subscriptions/8eae94cc-2eea-4ec3-a98e-6fdae439c162/resourceGroups/prod-rg/providers/Microsoft.Network/networkSecurityGroups/prod-bastion-nsg",
            "location": "centralus",
            "name": "prod-bastion-nsg",
            "resource_group_name": "prod-rg",
            "security_rule": [
              {
                "access": "Allow",
                "description": "",
                "destination_address_prefix": "VirtualNetwork",
                "destination_address_prefixes": [],
                "destination_application_security_group_ids": [],
                "destination_port_range": "",
                "destination_port_ranges": [
                  "5701",
                  "8080"
                ],
                "direction": "Inbound",
                "name": "AllowBastionHostComm",
                "priority": 130,
                "protocol": "Tcp",
                "source_address_prefix": "VirtualNetwork",
                "source_address_prefixes": [],
                "source_application_security_group_ids": [],
                "source_port_range": "*",
                "source_port_ranges": []
              },
              {
                "access": "Allow",
                "description": "",
                "destination_address_prefix": "VirtualNetwork",
                "destination_address_prefixes": [],
                "destination_application_security_group_ids": [],
                "destination_port_range": "443",
                "destination_port_ranges": [],
                "direction": "Inbound",
                "name": "AllowAzureLoadBalancerInbound",
                "priority": 120,
                "protocol": "Tcp",
                "source_address_prefix": "AzureLoadBalancer",
                "source_address_prefixes": [],
                "source_application_security_group_ids": [],
                "source_port_range": "*",
                "source_port_ranges": []
              },
              {
                "access": "Allow",
                "description": "",
                "destination_address_prefix": "VirtualNetwork",
                "destination_address_prefixes": [],
                "destination_application_security_group_ids": [],
                "destination_port_range": "443",
                "destination_port_ranges": [],
                "direction": "Inbound",
                "name": "AllowGatewayManagerInbound",
                "priority": 110,
                "protocol": "Tcp",
                "source_address_prefix": "GatewayManager",
                "source_address_prefixes": [],
                "source_application_security_group_ids": [],
                "source_port_range": "*",
                "source_port_ranges": []
              },
              {
                "access": "Allow",
                "description": "",
                "destination_address_prefix": "VirtualNetwork",
                "destination_address_prefixes": [],
                "destination_application_security_group_ids": [],
                "destination_port_range": "443",
                "destination_port_ranges": [],
                "direction": "Inbound",
                "name": "AllowHttpsInbound",
                "priority": 100,
                "protocol": "Tcp",
                "source_address_prefix": "Internet",
                "source_address_prefixes": [],
                "source_application_security_group_ids": [],
                "source_port_range": "*",
                "source_port_ranges": []
              }
            ],
            "tags": {},
            "timeouts": null
          },
          "sensitive_attributes": [],
          "identity_schema_version": 0,
          "identity": {
            "name": "prod-bastion-nsg",
            "resource_group_name": "prod-rg",
            "subscription_id": "8eae94cc-2eea-4ec3-a98e-6fdae439c162"
          },
          "private": "eyJlMmJmYjczMC1lY2FhLTExZTYtOGY4OC0zNDM2M2JjN2M0YzAiOnsiY3JlYXRlIjoxODAwMDAwMDAwMDAwLCJkZWxldGUiOjE4MDAwMDAwMDAwMDAsInJlYWQiOjMwMDAwMDAwMDAwMCwidXBkYXRlIjoxODAwMDAwMDAwMDAwfX0=",
          "dependencies": [
            "azurerm_resource_group.name"
          ]
        },
        {
          "index_key": "database",
          "schema_version": 0,
          "attributes": {
            "id": "/subscriptions/8eae94cc-2eea-4ec3-a98e-6fdae439c162/resourceGroups/prod-rg/providers/Microsoft.Network/networkSecurityGroups/prod-database-nsg",
            "location": "centralus",
            "name": "prod-database-nsg",
            "resource_group_name": "prod-rg",
            "security_rule": [
              {
                "access": "Allow",
                "description": "",
                "destination_address_prefix": "VirtualNetwork",
                "destination_address_prefixes": [],
                "destination_application_security_group_ids": [],
                "destination_port_range": "5432",
                "destination_port_ranges": [],
                "direction": "Inbound",
                "name": "AllowPostgreSQLInbound",
                "priority": 100,
                "protocol": "Tcp",
                "source_address_prefix": "10.0.0.0/16",
                "source_address_prefixes": [],
                "source_application_security_group_ids": [],
                "source_port_range": "*",
                "source_port_ranges": []
              }
            ],
            "tags": {},
            "timeouts": null
          },
          "sensitive_attributes": [],
          "identity_schema_version": 0,
          "identity": {
            "name": "prod-database-nsg",
            "resource_group_name": "prod-rg",
            "subscription_id": "8eae94cc-2eea-4ec3-a98e-6fdae439c162"
          },
          "private": "eyJlMmJmYjczMC1lY2FhLTExZTYtOGY4OC0zNDM2M2JjN2M0YzAiOnsiY3JlYXRlIjoxODAwMDAwMDAwMDAwLCJkZWxldGUiOjE4MDAwMDAwMDAwMDAsInJlYWQiOjMwMDAwMDAwMDAwMCwidXBkYXRlIjoxODAwMDAwMDAwMDAwfX0=",
          "dependencies": [
            "azurerm_resource_group.name"
          ]
        },
        {
          "index_key": "private",
          "schema_version": 0,
          "attributes": {
            "id": "/subscriptions/8eae94cc-2eea-4ec3-a98e-6fdae439c162/resourceGroups/prod-rg/providers/Microsoft.Network/networkSecurityGroups/prod-private-nsg",
            "location": "centralus",
            "name": "prod-private-nsg",
            "resource_group_name": "prod-rg",
            "security_rule": [
              {
                "access": "Allow",
                "description": "",
                "destination_address_prefix": "VirtualNetwork",
                "destination_address_prefixes": [],
                "destination_application_security_group_ids": [],
                "destination_port_range": "8080",
                "destination_port_ranges": [],
                "direction": "Inbound",
                "name": "AllowBackendAppPort",
                "priority": 110,
                "protocol": "Tcp",
                "source_address_prefix": "10.0.0.0/16",
                "source_address_prefixes": [],
                "source_application_security_group_ids": [],
                "source_port_range": "*",
                "source_port_ranges": []
              }
            ],
            "tags": {},
            "timeouts": null
          },
          "sensitive_attributes": [],
          "identity_schema_version": 0,
          "identity": {
            "name": "prod-private-nsg",
            "resource_group_name": "prod-rg",
            "subscription_id": "8eae94cc-2eea-4ec3-a98e-6fdae439c162"
          },
          "private": "eyJlMmJmYjczMC1lY2FhLTExZTYtOGY4OC0zNDM2M2JjN2M0YzAiOnsiY3JlYXRlIjoxODAwMDAwMDAwMDAwLCJkZWxldGUiOjE4MDAwMDAwMDAwMDAsInJlYWQiOjMwMDAwMDAwMDAwMCwidXBkYXRlIjoxODAwMDAwMDAwMDAwfX0=",
          "dependencies": [
            "azurerm_resource_group.name"
          ]
        },
        {
          "index_key": "public",
          "schema_version": 0,
          "attributes": {
            "id": "/subscriptions/8eae94cc-2eea-4ec3-a98e-6fdae439c162/resourceGroups/prod-rg/providers/Microsoft.Network/networkSecurityGroups/prod-public-nsg",
            "location": "centralus",
            "name": "prod-public-nsg",
            "resource_group_name": "prod-rg",
            "security_rule": [
              {
                "access": "Allow",
                "description": "",
                "destination_address_prefix": "VirtualNetwork",
                "destination_address_prefixes": [],
                "destination_application_security_group_ids": [],
                "destination_port_range": "22",
                "destination_port_ranges": [],
                "direction": "Inbound",
                "name": "AllowSSHFromBastion",
                "priority": 115,
                "protocol": "Tcp",
                "source_address_prefix": "10.0.7.0/24",
                "source_address_prefixes": [],
                "source_application_security_group_ids": [],
                "source_port_range": "*",
                "source_port_ranges": []
              },
              {
                "access": "Allow",
                "description": "",
                "destination_address_prefix": "VirtualNetwork",
                "destination_address_prefixes": [],
                "destination_application_security_group_ids": [],
                "destination_port_range": "443",
                "destination_port_ranges": [],
                "direction": "Inbound",
                "name": "AllowHTTPSInbound",
                "priority": 110,
                "protocol": "Tcp",
                "source_address_prefix": "Internet",
                "source_address_prefixes": [],
                "source_application_security_group_ids": [],
                "source_port_range": "*",
                "source_port_ranges": []
              },
              {
                "access": "Allow",
                "description": "",
                "destination_address_prefix": "VirtualNetwork",
                "destination_address_prefixes": [],
                "destination_application_security_group_ids": [],
                "destination_port_range": "80",
                "destination_port_ranges": [],
                "direction": "Inbound",
                "name": "AllowHTTPInbound",
                "priority": 100,
                "protocol": "Tcp",
                "source_address_prefix": "Internet",
                "source_address_prefixes": [],
                "source_application_security_group_ids": [],
                "source_port_range": "*",
                "source_port_ranges": []
              }
            ],
            "tags": {},
            "timeouts": null
          },
          "sensitive_attributes": [],
          "identity_schema_version": 0,
          "identity": {
            "name": "prod-public-nsg",
            "resource_group_name": "prod-rg",
            "subscription_id": "8eae94cc-2eea-4ec3-a98e-6fdae439c162"
          },
          "private": "eyJlMmJmYjczMC1lY2FhLTExZTYtOGY4OC0zNDM2M2JjN2M0YzAiOnsiY3JlYXRlIjoxODAwMDAwMDAwMDAwLCJkZWxldGUiOjE4MDAwMDAwMDAwMDAsInJlYWQiOjMwMDAwMDAwMDAwMCwidXBkYXRlIjoxODAwMDAwMDAwMDAwfX0=",
          "dependencies": [
            "azurerm_resource_group.name"
          ]
        }
      ]
    },
    {
      "module": "module.network",
      "mode": "managed",
      "type": "azurerm_public_ip",
      "name": "bastion",
      "provider": "provider[\"registry.terraform.io/hashicorp/azurerm\"]",
      "instances": [
        {
          "schema_version": 0,
          "attributes": {
            "allocation_method": "Static",
            "ddos_protection_mode": "VirtualNetworkInherited",
            "ddos_protection_plan_id": null,
            "domain_name_label": null,
            "domain_name_label_scope": null,
            "edge_zone": "",
            "fqdn": null,
            "id": "/subscriptions/8eae94cc-2eea-4ec3-a98e-6fdae439c162/resourceGroups/prod-rg/providers/Microsoft.Network/publicIPAddresses/prod-bastion-pip",
            "idle_timeout_in_minutes": 4,
            "ip_address": "20.29.90.101",
            "ip_tags": {},
            "ip_version": "IPv4",
            "location": "centralus",
            "name": "prod-bastion-pip",
            "public_ip_prefix_id": null,
            "resource_group_name": "prod-rg",
            "reverse_fqdn": null,
            "sku": "Standard",
            "sku_tier": "Regional",
            "tags": {},
            "timeouts": null,
            "zones": []
          },
          "sensitive_attributes": [],
          "identity_schema_version": 0,
          "identity": {
            "name": "prod-bastion-pip",
            "resource_group_name": "prod-rg",
            "subscription_id": "8eae94cc-2eea-4ec3-a98e-6fdae439c162"
          },
          "private": "eyJlMmJmYjczMC1lY2FhLTExZTYtOGY4OC0zNDM2M2JjN2M0YzAiOnsiY3JlYXRlIjoxODAwMDAwMDAwMDAwLCJkZWxldGUiOjE4MDAwMDAwMDAwMDAsInJlYWQiOjMwMDAwMDAwMDAwMCwidXBkYXRlIjoxODAwMDAwMDAwMDAwfX0=",
          "dependencies": [
            "azurerm_resource_group.name"
          ]
        }
      ]
    },
    {
      "module": "module.network",
      "mode": "managed",
      "type": "azurerm_public_ip",
      "name": "natgw-ip",
      "provider": "provider[\"registry.terraform.io/hashicorp/azurerm\"]",
      "instances": [
        {
          "schema_version": 0,
          "attributes": {
            "allocation_method": "Static",
            "ddos_protection_mode": "VirtualNetworkInherited",
            "ddos_protection_plan_id": null,
            "domain_name_label": null,
            "domain_name_label_scope": null,
            "edge_zone": "",
            "fqdn": null,
            "id": "/subscriptions/8eae94cc-2eea-4ec3-a98e-6fdae439c162/resourceGroups/prod-rg/providers/Microsoft.Network/publicIPAddresses/prod-natgw-pip",
            "idle_timeout_in_minutes": 4,
            "ip_address": "130.131.242.19",
            "ip_tags": {},
            "ip_version": "IPv4",
            "location": "centralus",
            "name": "prod-natgw-pip",
            "public_ip_prefix_id": null,
            "resource_group_name": "prod-rg",
            "reverse_fqdn": null,
            "sku": "Standard",
            "sku_tier": "Regional",
            "tags": {},
            "timeouts": null,
            "zones": []
          },
          "sensitive_attributes": [],
          "identity_schema_version": 0,
          "identity": {
            "name": "prod-natgw-pip",
            "resource_group_name": "prod-rg",
            "subscription_id": "8eae94cc-2eea-4ec3-a98e-6fdae439c162"
          },
          "private": "eyJlMmJmYjczMC1lY2FhLTExZTYtOGY4OC0zNDM2M2JjN2M0YzAiOnsiY3JlYXRlIjoxODAwMDAwMDAwMDAwLCJkZWxldGUiOjE4MDAwMDAwMDAwMDAsInJlYWQiOjMwMDAwMDAwMDAwMCwidXBkYXRlIjoxODAwMDAwMDAwMDAwfX0=",
          "dependencies": [
            "azurerm_resource_group.name"
          ]
        }
      ]
    },
    {
      "module": "module.network",
      "mode": "managed",
      "type": "azurerm_subnet",
      "name": "appgw",
      "provider": "provider[\"registry.terraform.io/hashicorp/azurerm\"]",
      "instances": [
        {
          "schema_version": 0,
          "attributes": {
            "address_prefixes": [
              "10.0.8.0/24"
            ],
            "default_outbound_access_enabled": true,
            "delegation": [],
            "id": "/subscriptions/8eae94cc-2eea-4ec3-a98e-6fdae439c162/resourceGroups/prod-rg/providers/Microsoft.Network/virtualNetworks/prod-vnet/subnets/prod-appgw-subnet",
            "ip_address_pool": [],
            "name": "prod-appgw-subnet",
            "private_endpoint_network_policies": "Disabled",
            "private_link_service_network_policies_enabled": true,
            "resource_group_name": "prod-rg",
            "service_endpoint_policy_ids": [],
            "service_endpoints": [],
            "sharing_scope": "",
            "timeouts": null,
            "virtual_network_name": "prod-vnet"
          },
          "sensitive_attributes": [],
          "identity_schema_version": 0,
          "identity": {
            "name": "prod-appgw-subnet",
            "resource_group_name": "prod-rg",
            "subscription_id": "8eae94cc-2eea-4ec3-a98e-6fdae439c162",
            "virtual_network_name": "prod-vnet"
          },
          "private": "eyJlMmJmYjczMC1lY2FhLTExZTYtOGY4OC0zNDM2M2JjN2M0YzAiOnsiY3JlYXRlIjoxODAwMDAwMDAwMDAwLCJkZWxldGUiOjE4MDAwMDAwMDAwMDAsInJlYWQiOjMwMDAwMDAwMDAwMCwidXBkYXRlIjoxODAwMDAwMDAwMDAwfX0=",
          "dependencies": [
            "azurerm_resource_group.name",
            "module.network.azurerm_virtual_network.name"
          ]
        }
      ]
    },
    {
      "module": "module.network",
      "mode": "managed",
      "type": "azurerm_subnet",
      "name": "bastion",
      "provider": "provider[\"registry.terraform.io/hashicorp/azurerm\"]",
      "instances": [
        {
          "schema_version": 0,
          "attributes": {
            "address_prefixes": [
              "10.0.7.0/24"
            ],
            "default_outbound_access_enabled": true,
            "delegation": [],
            "id": "/subscriptions/8eae94cc-2eea-4ec3-a98e-6fdae439c162/resourceGroups/prod-rg/providers/Microsoft.Network/virtualNetworks/prod-vnet/subnets/AzureBastionSubnet",
            "ip_address_pool": [],
            "name": "AzureBastionSubnet",
            "private_endpoint_network_policies": "Disabled",
            "private_link_service_network_policies_enabled": true,
            "resource_group_name": "prod-rg",
            "service_endpoint_policy_ids": [],
            "service_endpoints": [],
            "sharing_scope": "",
            "timeouts": null,
            "virtual_network_name": "prod-vnet"
          },
          "sensitive_attributes": [],
          "identity_schema_version": 0,
          "identity": {
            "name": "AzureBastionSubnet",
            "resource_group_name": "prod-rg",
            "subscription_id": "8eae94cc-2eea-4ec3-a98e-6fdae439c162",
            "virtual_network_name": "prod-vnet"
          },
          "private": "eyJlMmJmYjczMC1lY2FhLTExZTYtOGY4OC0zNDM2M2JjN2M0YzAiOnsiY3JlYXRlIjoxODAwMDAwMDAwMDAwLCJkZWxldGUiOjE4MDAwMDAwMDAwMDAsInJlYWQiOjMwMDAwMDAwMDAwMCwidXBkYXRlIjoxODAwMDAwMDAwMDAwfX0=",
          "dependencies": [
            "azurerm_resource_group.name",
            "module.network.azurerm_virtual_network.name"
          ]
        }
      ]
    },
    {
      "module": "module.network",
      "mode": "managed",
      "type": "azurerm_subnet",
      "name": "database",
      "provider": "provider[\"registry.terraform.io/hashicorp/azurerm\"]",
      "instances": [
        {
          "index_key": 0,
          "schema_version": 0,
          "attributes": {
            "address_prefixes": [
              "10.0.5.0/24"
            ],
            "default_outbound_access_enabled": true,
            "delegation": [
              {
                "name": "flexi-servers",
                "service_delegation": [
                  {
                    "actions": [
                      "Microsoft.Network/virtualNetworks/subnets/join/action"
                    ],
                    "name": "Microsoft.DBforPostgreSQL/flexibleServers"
                  }
                ]
              }
            ],
            "id": "/subscriptions/8eae94cc-2eea-4ec3-a98e-6fdae439c162/resourceGroups/prod-rg/providers/Microsoft.Network/virtualNetworks/prod-vnet/subnets/prod-db-subnet-1",
            "ip_address_pool": [],
            "name": "prod-db-subnet-1",
            "private_endpoint_network_policies": "Disabled",
            "private_link_service_network_policies_enabled": true,
            "resource_group_name": "prod-rg",
            "service_endpoint_policy_ids": [],
            "service_endpoints": [
              "Microsoft.SQL",
              "Microsoft.Storage"
            ],
            "sharing_scope": "",
            "timeouts": null,
            "virtual_network_name": "prod-vnet"
          },
          "sensitive_attributes": [],
          "identity_schema_version": 0,
          "identity": {
            "name": "prod-db-subnet-1",
            "resource_group_name": "prod-rg",
            "subscription_id": "8eae94cc-2eea-4ec3-a98e-6fdae439c162",
            "virtual_network_name": "prod-vnet"
          },
          "private": "eyJlMmJmYjczMC1lY2FhLTExZTYtOGY4OC0zNDM2M2JjN2M0YzAiOnsiY3JlYXRlIjoxODAwMDAwMDAwMDAwLCJkZWxldGUiOjE4MDAwMDAwMDAwMDAsInJlYWQiOjMwMDAwMDAwMDAwMCwidXBkYXRlIjoxODAwMDAwMDAwMDAwfX0=",
          "dependencies": [
            "azurerm_resource_group.name",
            "module.network.azurerm_virtual_network.name"
          ]
        },
        {
          "index_key": 1,
          "schema_version": 0,
          "attributes": {
            "address_prefixes": [
              "10.0.6.0/24"
            ],
            "default_outbound_access_enabled": true,
            "delegation": [
              {
                "name": "flexi-servers",
                "service_delegation": [
                  {
                    "actions": [
                      "Microsoft.Network/virtualNetworks/subnets/join/action"
                    ],
                    "name": "Microsoft.DBforPostgreSQL/flexibleServers"
                  }
                ]
              }
            ],
            "id": "/subscriptions/8eae94cc-2eea-4ec3-a98e-6fdae439c162/resourceGroups/prod-rg/providers/Microsoft.Network/virtualNetworks/prod-vnet/subnets/prod-db-subnet-2",
            "ip_address_pool": [],
            "name": "prod-db-subnet-2",
            "private_endpoint_network_policies": "Disabled",
            "private_link_service_network_policies_enabled": true,
            "resource_group_name": "prod-rg",
            "service_endpoint_policy_ids": [],
            "service_endpoints": [
              "Microsoft.SQL",
              "Microsoft.Storage"
            ],
            "sharing_scope": "",
            "timeouts": null,
            "virtual_network_name": "prod-vnet"
          },
          "sensitive_attributes": [],
          "identity_schema_version": 0,
          "identity": {
            "name": "prod-db-subnet-2",
            "resource_group_name": "prod-rg",
            "subscription_id": "8eae94cc-2eea-4ec3-a98e-6fdae439c162",
            "virtual_network_name": "prod-vnet"
          },
          "private": "eyJlMmJmYjczMC1lY2FhLTExZTYtOGY4OC0zNDM2M2JjN2M0YzAiOnsiY3JlYXRlIjoxODAwMDAwMDAwMDAwLCJkZWxldGUiOjE4MDAwMDAwMDAwMDAsInJlYWQiOjMwMDAwMDAwMDAwMCwidXBkYXRlIjoxODAwMDAwMDAwMDAwfX0=",
          "dependencies": [
            "azurerm_resource_group.name",
            "module.network.azurerm_virtual_network.name"
          ]
        }
      ]
    },
    {
      "module": "module.network",
      "mode": "managed",
      "type": "azurerm_subnet",
      "name": "private",
      "provider": "provider[\"registry.terraform.io/hashicorp/azurerm\"]",
      "instances": [
        {
          "index_key": 0,
          "schema_version": 0,
          "attributes": {
            "address_prefixes": [
              "10.0.3.0/24"
            ],
            "default_outbound_access_enabled": true,
            "delegation": [],
            "id": "/subscriptions/8eae94cc-2eea-4ec3-a98e-6fdae439c162/resourceGroups/prod-rg/providers/Microsoft.Network/virtualNetworks/prod-vnet/subnets/prod-private-subnet-1",
            "ip_address_pool": [],
            "name": "prod-private-subnet-1",
            "private_endpoint_network_policies": "Disabled",
            "private_link_service_network_policies_enabled": true,
            "resource_group_name": "prod-rg",
            "service_endpoint_policy_ids": [],
            "service_endpoints": [
              "Microsoft.ContainerRegistry",
              "Microsoft.KeyVault",
              "Microsoft.Storage"
            ],
            "sharing_scope": "",
            "timeouts": null,
            "virtual_network_name": "prod-vnet"
          },
          "sensitive_attributes": [],
          "identity_schema_version": 0,
          "identity": {
            "name": "prod-private-subnet-1",
            "resource_group_name": "prod-rg",
            "subscription_id": "8eae94cc-2eea-4ec3-a98e-6fdae439c162",
            "virtual_network_name": "prod-vnet"
          },
          "private": "eyJlMmJmYjczMC1lY2FhLTExZTYtOGY4OC0zNDM2M2JjN2M0YzAiOnsiY3JlYXRlIjoxODAwMDAwMDAwMDAwLCJkZWxldGUiOjE4MDAwMDAwMDAwMDAsInJlYWQiOjMwMDAwMDAwMDAwMCwidXBkYXRlIjoxODAwMDAwMDAwMDAwfX0=",
          "dependencies": [
            "azurerm_resource_group.name",
            "module.network.azurerm_virtual_network.name"
          ]
        },
        {
          "index_key": 1,
          "schema_version": 0,
          "attributes": {
            "address_prefixes": [
              "10.0.4.0/24"
            ],
            "default_outbound_access_enabled": true,
            "delegation": [],
            "id": "/subscriptions/8eae94cc-2eea-4ec3-a98e-6fdae439c162/resourceGroups/prod-rg/providers/Microsoft.Network/virtualNetworks/prod-vnet/subnets/prod-private-subnet-2",
            "ip_address_pool": [],
            "name": "prod-private-subnet-2",
            "private_endpoint_network_policies": "Disabled",
            "private_link_service_network_policies_enabled": true,
            "resource_group_name": "prod-rg",
            "service_endpoint_policy_ids": [],
            "service_endpoints": [
              "Microsoft.ContainerRegistry",
              "Microsoft.KeyVault",
              "Microsoft.Storage"
            ],
            "sharing_scope": "",
            "timeouts": null,
            "virtual_network_name": "prod-vnet"
          },
          "sensitive_attributes": [],
          "identity_schema_version": 0,
          "identity": {
            "name": "prod-private-subnet-2",
            "resource_group_name": "prod-rg",
            "subscription_id": "8eae94cc-2eea-4ec3-a98e-6fdae439c162",
            "virtual_network_name": "prod-vnet"
          },
          "private": "eyJlMmJmYjczMC1lY2FhLTExZTYtOGY4OC0zNDM2M2JjN2M0YzAiOnsiY3JlYXRlIjoxODAwMDAwMDAwMDAwLCJkZWxldGUiOjE4MDAwMDAwMDAwMDAsInJlYWQiOjMwMDAwMDAwMDAwMCwidXBkYXRlIjoxODAwMDAwMDAwMDAwfX0=",
          "dependencies": [
            "azurerm_resource_group.name",
            "module.network.azurerm_virtual_network.name"
          ]
        }
      ]
    },
    {
      "module": "module.network",
      "mode": "managed",
      "type": "azurerm_subnet",
      "name": "public",
      "provider": "provider[\"registry.terraform.io/hashicorp/azurerm\"]",
      "instances": [
        {
          "index_key": 0,
          "schema_version": 0,
          "attributes": {
            "address_prefixes": [
              "10.0.1.0/24"
            ],
            "default_outbound_access_enabled": true,
            "delegation": [],
            "id": "/subscriptions/8eae94cc-2eea-4ec3-a98e-6fdae439c162/resourceGroups/prod-rg/providers/Microsoft.Network/virtualNetworks/prod-vnet/subnets/prod-public-subnet-1",
            "ip_address_pool": [],
            "name": "prod-public-subnet-1",
            "private_endpoint_network_policies": "Disabled",
            "private_link_service_network_policies_enabled": true,
            "resource_group_name": "prod-rg",
            "service_endpoint_policy_ids": [],
            "service_endpoints": [
              "Microsoft.ContainerRegistry",
              "Microsoft.KeyVault",
              "Microsoft.Storage"
            ],
            "sharing_scope": "",
            "timeouts": null,
            "virtual_network_name": "prod-vnet"
          },
          "sensitive_attributes": [],
          "identity_schema_version": 0,
          "identity": {
            "name": "prod-public-subnet-1",
            "resource_group_name": "prod-rg",
            "subscription_id": "8eae94cc-2eea-4ec3-a98e-6fdae439c162",
            "virtual_network_name": "prod-vnet"
          },
          "private": "eyJlMmJmYjczMC1lY2FhLTExZTYtOGY4OC0zNDM2M2JjN2M0YzAiOnsiY3JlYXRlIjoxODAwMDAwMDAwMDAwLCJkZWxldGUiOjE4MDAwMDAwMDAwMDAsInJlYWQiOjMwMDAwMDAwMDAwMCwidXBkYXRlIjoxODAwMDAwMDAwMDAwfX0=",
          "dependencies": [
            "azurerm_resource_group.name",
            "module.network.azurerm_virtual_network.name"
          ]
        },
        {
          "index_key": 1,
          "schema_version": 0,
          "attributes": {
            "address_prefixes": [
              "10.0.2.0/24"
            ],
            "default_outbound_access_enabled": true,
            "delegation": [],
            "id": "/subscriptions/8eae94cc-2eea-4ec3-a98e-6fdae439c162/resourceGroups/prod-rg/providers/Microsoft.Network/virtualNetworks/prod-vnet/subnets/prod-public-subnet-2",
            "ip_address_pool": [],
            "name": "prod-public-subnet-2",
            "private_endpoint_network_policies": "Disabled",
            "private_link_service_network_policies_enabled": true,
            "resource_group_name": "prod-rg",
            "service_endpoint_policy_ids": [],
            "service_endpoints": [
              "Microsoft.ContainerRegistry",
              "Microsoft.KeyVault",
              "Microsoft.Storage"
            ],
            "sharing_scope": "",
            "timeouts": null,
            "virtual_network_name": "prod-vnet"
          },
          "sensitive_attributes": [],
          "identity_schema_version": 0,
          "identity": {
            "name": "prod-public-subnet-2",
            "resource_group_name": "prod-rg",
            "subscription_id": "8eae94cc-2eea-4ec3-a98e-6fdae439c162",
            "virtual_network_name": "prod-vnet"
          },
          "private": "eyJlMmJmYjczMC1lY2FhLTExZTYtOGY4OC0zNDM2M2JjN2M0YzAiOnsiY3JlYXRlIjoxODAwMDAwMDAwMDAwLCJkZWxldGUiOjE4MDAwMDAwMDAwMDAsInJlYWQiOjMwMDAwMDAwMDAwMCwidXBkYXRlIjoxODAwMDAwMDAwMDAwfX0=",
          "dependencies": [
            "azurerm_resource_group.name",
            "module.network.azurerm_virtual_network.name"
          ]
        }
      ]
    },
    {
      "module": "module.network",
      "mode": "managed",
      "type": "azurerm_subnet_nat_gateway_association",
      "name": "private",
      "provider": "provider[\"registry.terraform.io/hashicorp/azurerm\"]",
      "instances": [
        {
          "index_key": 0,
          "schema_version": 0,
          "attributes": {
            "id": "/subscriptions/8eae94cc-2eea-4ec3-a98e-6fdae439c162/resourceGroups/prod-rg/providers/Microsoft.Network/virtualNetworks/prod-vnet/subnets/prod-private-subnet-1",
            "nat_gateway_id": "/subscriptions/8eae94cc-2eea-4ec3-a98e-6fdae439c162/resourceGroups/prod-rg/providers/Microsoft.Network/natGateways/prod-natgw",
            "subnet_id": "/subscriptions/8eae94cc-2eea-4ec3-a98e-6fdae439c162/resourceGroups/prod-rg/providers/Microsoft.Network/virtualNetworks/prod-vnet/subnets/prod-private-subnet-1",
            "timeouts": null
          },
          "sensitive_attributes": [],
          "identity_schema_version": 0,
          "private": "eyJlMmJmYjczMC1lY2FhLTExZTYtOGY4OC0zNDM2M2JjN2M0YzAiOnsiY3JlYXRlIjoxODAwMDAwMDAwMDAwLCJkZWxldGUiOjE4MDAwMDAwMDAwMDAsInJlYWQiOjMwMDAwMDAwMDAwMH19",
          "dependencies": [
            "azurerm_resource_group.name",
            "module.network.azurerm_nat_gateway.natgw",
            "module.network.azurerm_subnet.private",
            "module.network.azurerm_virtual_network.name"
          ]
        },
        {
          "index_key": 1,
          "schema_version": 0,
          "attributes": {
            "id": "/subscriptions/8eae94cc-2eea-4ec3-a98e-6fdae439c162/resourceGroups/prod-rg/providers/Microsoft.Network/virtualNetworks/prod-vnet/subnets/prod-private-subnet-2",
            "nat_gateway_id": "/subscriptions/8eae94cc-2eea-4ec3-a98e-6fdae439c162/resourceGroups/prod-rg/providers/Microsoft.Network/natGateways/prod-natgw",
            "subnet_id": "/subscriptions/8eae94cc-2eea-4ec3-a98e-6fdae439c162/resourceGroups/prod-rg/providers/Microsoft.Network/virtualNetworks/prod-vnet/subnets/prod-private-subnet-2",
            "timeouts": null
          },
          "sensitive_attributes": [],
          "identity_schema_version": 0,
          "private": "eyJlMmJmYjczMC1lY2FhLTExZTYtOGY4OC0zNDM2M2JjN2M0YzAiOnsiY3JlYXRlIjoxODAwMDAwMDAwMDAwLCJkZWxldGUiOjE4MDAwMDAwMDAwMDAsInJlYWQiOjMwMDAwMDAwMDAwMH19",
          "dependencies": [
            "azurerm_resource_group.name",
            "module.network.azurerm_nat_gateway.natgw",
            "module.network.azurerm_subnet.private",
            "module.network.azurerm_virtual_network.name"
          ]
        }
      ]
    },
    {
      "module": "module.network",
      "mode": "managed",
      "type": "azurerm_subnet_network_security_group_association",
      "name": "database",
      "provider": "provider[\"registry.terraform.io/hashicorp/azurerm\"]",
      "instances": [
        {
          "index_key": 0,
          "schema_version": 0,
          "attributes": {
            "id": "/subscriptions/8eae94cc-2eea-4ec3-a98e-6fdae439c162/resourceGroups/prod-rg/providers/Microsoft.Network/virtualNetworks/prod-vnet/subnets/prod-db-subnet-1",
            "network_security_group_id": "/subscriptions/8eae94cc-2eea-4ec3-a98e-6fdae439c162/resourceGroups/prod-rg/providers/Microsoft.Network/networkSecurityGroups/prod-database-nsg",
            "subnet_id": "/subscriptions/8eae94cc-2eea-4ec3-a98e-6fdae439c162/resourceGroups/prod-rg/providers/Microsoft.Network/virtualNetworks/prod-vnet/subnets/prod-db-subnet-1",
            "timeouts": null
          },
          "sensitive_attributes": [],
          "identity_schema_version": 0,
          "private": "eyJlMmJmYjczMC1lY2FhLTExZTYtOGY4OC0zNDM2M2JjN2M0YzAiOnsiY3JlYXRlIjoxODAwMDAwMDAwMDAwLCJkZWxldGUiOjE4MDAwMDAwMDAwMDAsInJlYWQiOjMwMDAwMDAwMDAwMH19",
          "dependencies": [
            "azurerm_resource_group.name",
            "module.network.azurerm_network_security_group.nsg",
            "module.network.azurerm_subnet.database",
            "module.network.azurerm_virtual_network.name"
          ]
        },
        {
          "index_key": 1,
          "schema_version": 0,
          "attributes": {
            "id": "/subscriptions/8eae94cc-2eea-4ec3-a98e-6fdae439c162/resourceGroups/prod-rg/providers/Microsoft.Network/virtualNetworks/prod-vnet/subnets/prod-db-subnet-2",
            "network_security_group_id": "/subscriptions/8eae94cc-2eea-4ec3-a98e-6fdae439c162/resourceGroups/prod-rg/providers/Microsoft.Network/networkSecurityGroups/prod-database-nsg",
            "subnet_id": "/subscriptions/8eae94cc-2eea-4ec3-a98e-6fdae439c162/resourceGroups/prod-rg/providers/Microsoft.Network/virtualNetworks/prod-vnet/subnets/prod-db-subnet-2",
            "timeouts": null
          },
          "sensitive_attributes": [],
          "identity_schema_version": 0,
          "private": "eyJlMmJmYjczMC1lY2FhLTExZTYtOGY4OC0zNDM2M2JjN2M0YzAiOnsiY3JlYXRlIjoxODAwMDAwMDAwMDAwLCJkZWxldGUiOjE4MDAwMDAwMDAwMDAsInJlYWQiOjMwMDAwMDAwMDAwMH19",
          "dependencies": [
            "azurerm_resource_group.name",
            "module.network.azurerm_network_security_group.nsg",
            "module.network.azurerm_subnet.database",
            "module.network.azurerm_virtual_network.name"
          ]
        }
      ]
    },
    {
      "module": "module.network",
      "mode": "managed",
      "type": "azurerm_subnet_network_security_group_association",
      "name": "private",
      "provider": "provider[\"registry.terraform.io/hashicorp/azurerm\"]",
      "instances": [
        {
          "index_key": 0,
          "schema_version": 0,
          "attributes": {
            "id": "/subscriptions/8eae94cc-2eea-4ec3-a98e-6fdae439c162/resourceGroups/prod-rg/providers/Microsoft.Network/virtualNetworks/prod-vnet/subnets/prod-private-subnet-1",
            "network_security_group_id": "/subscriptions/8eae94cc-2eea-4ec3-a98e-6fdae439c162/resourceGroups/prod-rg/providers/Microsoft.Network/networkSecurityGroups/prod-private-nsg",
            "subnet_id": "/subscriptions/8eae94cc-2eea-4ec3-a98e-6fdae439c162/resourceGroups/prod-rg/providers/Microsoft.Network/virtualNetworks/prod-vnet/subnets/prod-private-subnet-1",
            "timeouts": null
          },
          "sensitive_attributes": [],
          "identity_schema_version": 0,
          "private": "eyJlMmJmYjczMC1lY2FhLTExZTYtOGY4OC0zNDM2M2JjN2M0YzAiOnsiY3JlYXRlIjoxODAwMDAwMDAwMDAwLCJkZWxldGUiOjE4MDAwMDAwMDAwMDAsInJlYWQiOjMwMDAwMDAwMDAwMH19",
          "dependencies": [
            "azurerm_resource_group.name",
            "module.network.azurerm_network_security_group.nsg",
            "module.network.azurerm_subnet.private",
            "module.network.azurerm_virtual_network.name"
          ]
        },
        {
          "index_key": 1,
          "schema_version": 0,
          "attributes": {
            "id": "/subscriptions/8eae94cc-2eea-4ec3-a98e-6fdae439c162/resourceGroups/prod-rg/providers/Microsoft.Network/virtualNetworks/prod-vnet/subnets/prod-private-subnet-2",
            "network_security_group_id": "/subscriptions/8eae94cc-2eea-4ec3-a98e-6fdae439c162/resourceGroups/prod-rg/providers/Microsoft.Network/networkSecurityGroups/prod-private-nsg",
            "subnet_id": "/subscriptions/8eae94cc-2eea-4ec3-a98e-6fdae439c162/resourceGroups/prod-rg/providers/Microsoft.Network/virtualNetworks/prod-vnet/subnets/prod-private-subnet-2",
            "timeouts": null
          },
          "sensitive_attributes": [],
          "identity_schema_version": 0,
          "private": "eyJlMmJmYjczMC1lY2FhLTExZTYtOGY4OC0zNDM2M2JjN2M0YzAiOnsiY3JlYXRlIjoxODAwMDAwMDAwMDAwLCJkZWxldGUiOjE4MDAwMDAwMDAwMDAsInJlYWQiOjMwMDAwMDAwMDAwMH19",
          "dependencies": [
            "azurerm_resource_group.name",
            "module.network.azurerm_network_security_group.nsg",
            "module.network.azurerm_subnet.private",
            "module.network.azurerm_virtual_network.name"
          ]
        }
      ]
    },
    {
      "module": "module.network",
      "mode": "managed",
      "type": "azurerm_subnet_network_security_group_association",
      "name": "public",
      "provider": "provider[\"registry.terraform.io/hashicorp/azurerm\"]",
      "instances": [
        {
          "index_key": 0,
          "schema_version": 0,
          "attributes": {
            "id": "/subscriptions/8eae94cc-2eea-4ec3-a98e-6fdae439c162/resourceGroups/prod-rg/providers/Microsoft.Network/virtualNetworks/prod-vnet/subnets/prod-public-subnet-1",
            "network_security_group_id": "/subscriptions/8eae94cc-2eea-4ec3-a98e-6fdae439c162/resourceGroups/prod-rg/providers/Microsoft.Network/networkSecurityGroups/prod-public-nsg",
            "subnet_id": "/subscriptions/8eae94cc-2eea-4ec3-a98e-6fdae439c162/resourceGroups/prod-rg/providers/Microsoft.Network/virtualNetworks/prod-vnet/subnets/prod-public-subnet-1",
            "timeouts": null
          },
          "sensitive_attributes": [],
          "identity_schema_version": 0,
          "private": "eyJlMmJmYjczMC1lY2FhLTExZTYtOGY4OC0zNDM2M2JjN2M0YzAiOnsiY3JlYXRlIjoxODAwMDAwMDAwMDAwLCJkZWxldGUiOjE4MDAwMDAwMDAwMDAsInJlYWQiOjMwMDAwMDAwMDAwMH19",
          "dependencies": [
            "azurerm_resource_group.name",
            "module.network.azurerm_network_security_group.nsg",
            "module.network.azurerm_subnet.public",
            "module.network.azurerm_virtual_network.name"
          ]
        },
        {
          "index_key": 1,
          "schema_version": 0,
          "attributes": {
            "id": "/subscriptions/8eae94cc-2eea-4ec3-a98e-6fdae439c162/resourceGroups/prod-rg/providers/Microsoft.Network/virtualNetworks/prod-vnet/subnets/prod-public-subnet-2",
            "network_security_group_id": "/subscriptions/8eae94cc-2eea-4ec3-a98e-6fdae439c162/resourceGroups/prod-rg/providers/Microsoft.Network/networkSecurityGroups/prod-public-nsg",
            "subnet_id": "/subscriptions/8eae94cc-2eea-4ec3-a98e-6fdae439c162/resourceGroups/prod-rg/providers/Microsoft.Network/virtualNetworks/prod-vnet/subnets/prod-public-subnet-2",
            "timeouts": null
          },
          "sensitive_attributes": [],
          "identity_schema_version": 0,
          "private": "eyJlMmJmYjczMC1lY2FhLTExZTYtOGY4OC0zNDM2M2JjN2M0YzAiOnsiY3JlYXRlIjoxODAwMDAwMDAwMDAwLCJkZWxldGUiOjE4MDAwMDAwMDAwMDAsInJlYWQiOjMwMDAwMDAwMDAwMH19",
          "dependencies": [
            "azurerm_resource_group.name",
            "module.network.azurerm_network_security_group.nsg",
            "module.network.azurerm_subnet.public",
            "module.network.azurerm_virtual_network.name"
          ]
        }
      ]
    },
    {
      "module": "module.network",
      "mode": "managed",
      "type": "azurerm_virtual_network",
      "name": "name",
      "provider": "provider[\"registry.terraform.io/hashicorp/azurerm\"]",
      "instances": [
        {
          "schema_version": 0,
          "attributes": {
            "address_space": [
              "10.0.0.0/16"
            ],
            "bgp_community": "",
            "ddos_protection_plan": [],
            "dns_servers": [],
            "edge_zone": "",
            "encryption": [],
            "flow_timeout_in_minutes": 0,
            "guid": "401eac4f-6805-44ab-b06e-98d3bb71074e",
            "id": "/subscriptions/8eae94cc-2eea-4ec3-a98e-6fdae439c162/resourceGroups/prod-rg/providers/Microsoft.Network/virtualNetworks/prod-vnet",
            "ip_address_pool": [],
            "location": "centralus",
            "name": "prod-vnet",
            "private_endpoint_vnet_policies": "Disabled",
            "resource_group_name": "prod-rg",
            "subnet": [
              {
                "address_prefixes": [
                  "10.0.1.0/24"
                ],
                "default_outbound_access_enabled": true,
                "delegation": [],
                "id": "/subscriptions/8eae94cc-2eea-4ec3-a98e-6fdae439c162/resourceGroups/prod-rg/providers/Microsoft.Network/virtualNetworks/prod-vnet/subnets/prod-public-subnet-1",
                "name": "prod-public-subnet-1",
                "private_endpoint_network_policies": "Disabled",
                "private_link_service_network_policies_enabled": true,
                "route_table_id": "",
                "security_group": "/subscriptions/8eae94cc-2eea-4ec3-a98e-6fdae439c162/resourceGroups/prod-rg/providers/Microsoft.Network/networkSecurityGroups/prod-public-nsg",
                "service_endpoint_policy_ids": [],
                "service_endpoints": [
                  "Microsoft.ContainerRegistry",
                  "Microsoft.KeyVault",
                  "Microsoft.Storage"
                ]
              },
              {
                "address_prefixes": [
                  "10.0.2.0/24"
                ],
                "default_outbound_access_enabled": true,
                "delegation": [],
                "id": "/subscriptions/8eae94cc-2eea-4ec3-a98e-6fdae439c162/resourceGroups/prod-rg/providers/Microsoft.Network/virtualNetworks/prod-vnet/subnets/prod-public-subnet-2",
                "name": "prod-public-subnet-2",
                "private_endpoint_network_policies": "Disabled",
                "private_link_service_network_policies_enabled": true,
                "route_table_id": "",
                "security_group": "/subscriptions/8eae94cc-2eea-4ec3-a98e-6fdae439c162/resourceGroups/prod-rg/providers/Microsoft.Network/networkSecurityGroups/prod-public-nsg",
                "service_endpoint_policy_ids": [],
                "service_endpoints": [
                  "Microsoft.ContainerRegistry",
                  "Microsoft.KeyVault",
                  "Microsoft.Storage"
                ]
              },
              {
                "address_prefixes": [
                  "10.0.3.0/24"
                ],
                "default_outbound_access_enabled": true,
                "delegation": [],
                "id": "/subscriptions/8eae94cc-2eea-4ec3-a98e-6fdae439c162/resourceGroups/prod-rg/providers/Microsoft.Network/virtualNetworks/prod-vnet/subnets/prod-private-subnet-1",
                "name": "prod-private-subnet-1",
                "private_endpoint_network_policies": "Disabled",
                "private_link_service_network_policies_enabled": true,
                "route_table_id": "",
                "security_group": "/subscriptions/8eae94cc-2eea-4ec3-a98e-6fdae439c162/resourceGroups/prod-rg/providers/Microsoft.Network/networkSecurityGroups/prod-private-nsg",
                "service_endpoint_policy_ids": [],
                "service_endpoints": [
                  "Microsoft.ContainerRegistry",
                  "Microsoft.KeyVault",
                  "Microsoft.Storage"
                ]
              },
              {
                "address_prefixes": [
                  "10.0.4.0/24"
                ],
                "default_outbound_access_enabled": true,
                "delegation": [],
                "id": "/subscriptions/8eae94cc-2eea-4ec3-a98e-6fdae439c162/resourceGroups/prod-rg/providers/Microsoft.Network/virtualNetworks/prod-vnet/subnets/prod-private-subnet-2",
                "name": "prod-private-subnet-2",
                "private_endpoint_network_policies": "Disabled",
                "private_link_service_network_policies_enabled": true,
                "route_table_id": "",
                "security_group": "/subscriptions/8eae94cc-2eea-4ec3-a98e-6fdae439c162/resourceGroups/prod-rg/providers/Microsoft.Network/networkSecurityGroups/prod-private-nsg",
                "service_endpoint_policy_ids": [],
                "service_endpoints": [
                  "Microsoft.ContainerRegistry",
                  "Microsoft.KeyVault",
                  "Microsoft.Storage"
                ]
              },
              {
                "address_prefixes": [
                  "10.0.5.0/24"
                ],
                "default_outbound_access_enabled": true,
                "delegation": [
                  {
                    "name": "flexi-servers",
                    "service_delegation": [
                      {
                        "actions": [
                          "Microsoft.Network/virtualNetworks/subnets/join/action"
                        ],
                        "name": "Microsoft.DBforPostgreSQL/flexibleServers"
                      }
                    ]
                  }
                ],
                "id": "/subscriptions/8eae94cc-2eea-4ec3-a98e-6fdae439c162/resourceGroups/prod-rg/providers/Microsoft.Network/virtualNetworks/prod-vnet/subnets/prod-db-subnet-1",
                "name": "prod-db-subnet-1",
                "private_endpoint_network_policies": "Disabled",
                "private_link_service_network_policies_enabled": true,
                "route_table_id": "",
                "security_group": "/subscriptions/8eae94cc-2eea-4ec3-a98e-6fdae439c162/resourceGroups/prod-rg/providers/Microsoft.Network/networkSecurityGroups/prod-database-nsg",
                "service_endpoint_policy_ids": [],
                "service_endpoints": [
                  "Microsoft.Sql",
                  "Microsoft.Storage"
                ]
              },
              {
                "address_prefixes": [
                  "10.0.6.0/24"
                ],
                "default_outbound_access_enabled": true,
                "delegation": [
                  {
                    "name": "flexi-servers",
                    "service_delegation": [
                      {
                        "actions": [
                          "Microsoft.Network/virtualNetworks/subnets/join/action"
                        ],
                        "name": "Microsoft.DBforPostgreSQL/flexibleServers"
                      }
                    ]
                  }
                ],
                "id": "/subscriptions/8eae94cc-2eea-4ec3-a98e-6fdae439c162/resourceGroups/prod-rg/providers/Microsoft.Network/virtualNetworks/prod-vnet/subnets/prod-db-subnet-2",
                "name": "prod-db-subnet-2",
                "private_endpoint_network_policies": "Disabled",
                "private_link_service_network_policies_enabled": true,
                "route_table_id": "",
                "security_group": "/subscriptions/8eae94cc-2eea-4ec3-a98e-6fdae439c162/resourceGroups/prod-rg/providers/Microsoft.Network/networkSecurityGroups/prod-database-nsg",
                "service_endpoint_policy_ids": [],
                "service_endpoints": [
                  "Microsoft.Sql",
                  "Microsoft.Storage"
                ]
              },
              {
                "address_prefixes": [
                  "10.0.7.0/24"
                ],
                "default_outbound_access_enabled": true,
                "delegation": [],
                "id": "/subscriptions/8eae94cc-2eea-4ec3-a98e-6fdae439c162/resourceGroups/prod-rg/providers/Microsoft.Network/virtualNetworks/prod-vnet/subnets/AzureBastionSubnet",
                "name": "AzureBastionSubnet",
                "private_endpoint_network_policies": "Disabled",
                "private_link_service_network_policies_enabled": true,
                "route_table_id": "",
                "security_group": "",
                "service_endpoint_policy_ids": [],
                "service_endpoints": []
              },
              {
                "address_prefixes": [
                  "10.0.8.0/24"
                ],
                "default_outbound_access_enabled": true,
                "delegation": [],
                "id": "/subscriptions/8eae94cc-2eea-4ec3-a98e-6fdae439c162/resourceGroups/prod-rg/providers/Microsoft.Network/virtualNetworks/prod-vnet/subnets/prod-appgw-subnet",
                "name": "prod-appgw-subnet",
                "private_endpoint_network_policies": "Disabled",
                "private_link_service_network_policies_enabled": true,
                "route_table_id": "",
                "security_group": "",
                "service_endpoint_policy_ids": [],
                "service_endpoints": []
              }
            ],
            "tags": {},
            "timeouts": null
          },
          "sensitive_attributes": [],
          "identity_schema_version": 0,
          "identity": {
            "name": "prod-vnet",
            "resource_group_name": "prod-rg",
            "subscription_id": "8eae94cc-2eea-4ec3-a98e-6fdae439c162"
          },
          "private": "eyJlMmJmYjczMC1lY2FhLTExZTYtOGY4OC0zNDM2M2JjN2M0YzAiOnsiY3JlYXRlIjoxODAwMDAwMDAwMDAwLCJkZWxldGUiOjE4MDAwMDAwMDAwMDAsInJlYWQiOjMwMDAwMDAwMDAwMCwidXBkYXRlIjoxODAwMDAwMDAwMDAwfX0=",
          "dependencies": [
            "azurerm_resource_group.name"
          ]
        }
      ]
    }
  ],
  "check_results": [
    {
      "object_kind": "var",
      "config_addr": "var.postgres_db_sslmode",
      "status": "pass",
      "objects": [
        {
          "object_addr": "var.postgres_db_sslmode",
          "status": "pass"
        }
      ]
    }
  ]
}
